
Microsoft Visual Studio Solution File, Format Version 12.00
# Visual Studio Express 2012 for Windows Phone
Project("{FAE04EC0-301F-11D3-BF4B-00C04F79EFBC}") = "sdkFastResumeBackstackWP8CS", "sdkFastResumeBackstackWP8CS\sdkFastResumeBackstackWP8CS.csproj", "{E846D520-1FA3-45BF-BA9A-A1C5B5217836}"
EndProject
Global
	GlobalSection(SolutionConfigurationPlatforms) = preSolution
		Debug|Any CPU = Debug|Any CPU
		Debug|ARM = Debug|ARM
		Debug|x86 = Debug|x86
		Release|Any CPU = Release|Any CPU
		Release|ARM = Release|ARM
		Release|x86 = Release|x86
	EndGlobalSection
	GlobalSection(ProjectConfigurationPlatforms) = postSolution
		{E846D520-1FA3-45BF-BA9A-A1C5B5217836}.Debug|Any CPU.ActiveCfg = Debug|Any CPU
		{E846D520-1FA3-45BF-BA9A-A1C5B5217836}.Debug|Any CPU.Build.0 = Debug|Any CPU
		{E846D520-1FA3-45BF-BA9A-A1C5B5217836}.Debug|Any CPU.Deploy.0 = Debug|Any CPU
		{E846D520-1FA3-45BF-BA9A-A1C5B5217836}.Debug|ARM.ActiveCfg = Debug|ARM
		{E846D520-1FA3-45BF-BA9A-A1C5B5217836}.Debug|ARM.Build.0 = Debug|ARM
		{E846D520-1FA3-45BF-BA9A-A1C5B5217836}.Debug|ARM.Deploy.0 = Debug|ARM
		{E846D520-1FA3-45BF-BA9A-A1C5B5217836}.Debug|x86.ActiveCfg = Debug|x86
		{E846D520-1FA3-45BF-BA9A-A1C5B5217836}.Debug|x86.Build.0 = Debug|x86
		{E846D520-1FA3-45BF-BA9A-A1C5B5217836}.Debug|x86.Deploy.0 = Debug|x86
		{E846D520-1FA3-45BF-BA9A-A1C5B5217836}.Release|Any CPU.ActiveCfg = Release|Any CPU
		{E846D520-1FA3-45BF-BA9A-A1C5B5217836}.Release|Any CPU.Build.0 = Release|Any CPU
		{E846D520-1FA3-45BF-BA9A-A1C5B5217836}.Release|Any CPU.Deploy.0 = Release|Any CPU
		{E846D520-1FA3-45BF-BA9A-A1C5B5217836}.Release|ARM.ActiveCfg = Release|ARM
		{E846D520-1FA3-45BF-BA9A-A1C5B5217836}.Release|ARM.Build.0 = Release|ARM
		{E846D520-1FA3-45BF-BA9A-A1C5B5217836}.Release|ARM.Deploy.0 = Release|ARM
		{E846D520-1FA3-45BF-BA9A-A1C5B5217836}.Release|x86.ActiveCfg = Release|x86
		{E846D520-1FA3-45BF-BA9A-A1C5B5217836}.Release|x86.Build.0 = Release|x86
		{E846D520-1FA3-45BF-BA9A-A1C5B5217836}.Release|x86.Deploy.0 = Release|x86
	EndGlobalSection
	GlobalSection(SolutionProperties) = preSolution
		HideSolutionNode = FALSE
	EndGlobalSection
EndGlobal
