
Microsoft Visual Studio Solution File, Format Version 12.00
# Visual Studio 2012
Project("{FAE04EC0-301F-11D3-BF4B-00C04F79EFBC}") = "sdkPeriodicAgentCS", "sdkPeriodicAgentCS\sdkPeriodicAgentCS.csproj", "{98617B47-FDBA-48B8-9C41-654CFFF4AB58}"
EndProject
Project("{FAE04EC0-301F-11D3-BF4B-00C04F79EFBC}") = "ScheduledTaskAgent1", "ScheduledTaskAgent1\ScheduledTaskAgent1.csproj", "{93E3EBD9-0A0D-4B76-9139-0BA2381F422F}"
EndProject
Global
	GlobalSection(SolutionConfigurationPlatforms) = preSolution
		Debug|Any CPU = Debug|Any CPU
		Debug|ARM = Debug|ARM
		Debug|x86 = Debug|x86
		Release|Any CPU = Release|Any CPU
		Release|ARM = Release|ARM
		Release|x86 = Release|x86
	EndGlobalSection
	GlobalSection(ProjectConfigurationPlatforms) = postSolution
		{98617B47-FDBA-48B8-9C41-654CFFF4AB58}.Debug|Any CPU.ActiveCfg = Debug|Any CPU
		{98617B47-FDBA-48B8-9C41-654CFFF4AB58}.Debug|Any CPU.Build.0 = Debug|Any CPU
		{98617B47-FDBA-48B8-9C41-654CFFF4AB58}.Debug|Any CPU.Deploy.0 = Debug|Any CPU
		{98617B47-FDBA-48B8-9C41-654CFFF4AB58}.Debug|ARM.ActiveCfg = Debug|ARM
		{98617B47-FDBA-48B8-9C41-654CFFF4AB58}.Debug|ARM.Build.0 = Debug|ARM
		{98617B47-FDBA-48B8-9C41-654CFFF4AB58}.Debug|ARM.Deploy.0 = Debug|ARM
		{98617B47-FDBA-48B8-9C41-654CFFF4AB58}.Debug|x86.ActiveCfg = Debug|x86
		{98617B47-FDBA-48B8-9C41-654CFFF4AB58}.Debug|x86.Build.0 = Debug|x86
		{98617B47-FDBA-48B8-9C41-654CFFF4AB58}.Debug|x86.Deploy.0 = Debug|x86
		{98617B47-FDBA-48B8-9C41-654CFFF4AB58}.Release|Any CPU.ActiveCfg = Release|Any CPU
		{98617B47-FDBA-48B8-9C41-654CFFF4AB58}.Release|Any CPU.Build.0 = Release|Any CPU
		{98617B47-FDBA-48B8-9C41-654CFFF4AB58}.Release|Any CPU.Deploy.0 = Release|Any CPU
		{98617B47-FDBA-48B8-9C41-654CFFF4AB58}.Release|ARM.ActiveCfg = Release|ARM
		{98617B47-FDBA-48B8-9C41-654CFFF4AB58}.Release|ARM.Build.0 = Release|ARM
		{98617B47-FDBA-48B8-9C41-654CFFF4AB58}.Release|ARM.Deploy.0 = Release|ARM
		{98617B47-FDBA-48B8-9C41-654CFFF4AB58}.Release|x86.ActiveCfg = Release|x86
		{98617B47-FDBA-48B8-9C41-654CFFF4AB58}.Release|x86.Build.0 = Release|x86
		{98617B47-FDBA-48B8-9C41-654CFFF4AB58}.Release|x86.Deploy.0 = Release|x86
		{93E3EBD9-0A0D-4B76-9139-0BA2381F422F}.Debug|Any CPU.ActiveCfg = Debug|Any CPU
		{93E3EBD9-0A0D-4B76-9139-0BA2381F422F}.Debug|Any CPU.Build.0 = Debug|Any CPU
		{93E3EBD9-0A0D-4B76-9139-0BA2381F422F}.Debug|ARM.ActiveCfg = Debug|Any CPU
		{93E3EBD9-0A0D-4B76-9139-0BA2381F422F}.Debug|x86.ActiveCfg = Debug|Any CPU
		{93E3EBD9-0A0D-4B76-9139-0BA2381F422F}.Release|Any CPU.ActiveCfg = Release|Any CPU
		{93E3EBD9-0A0D-4B76-9139-0BA2381F422F}.Release|Any CPU.Build.0 = Release|Any CPU
		{93E3EBD9-0A0D-4B76-9139-0BA2381F422F}.Release|ARM.ActiveCfg = Release|Any CPU
		{93E3EBD9-0A0D-4B76-9139-0BA2381F422F}.Release|x86.ActiveCfg = Release|Any CPU
	EndGlobalSection
	GlobalSection(SolutionProperties) = preSolution
		HideSolutionNode = FALSE
	EndGlobalSection
EndGlobal
