
Microsoft Visual Studio Solution File, Format Version 12.00
# Visual Studio 2012
Project("{FAE04EC0-301F-11D3-BF4B-00C04F79EFBC}") = "CSWP8CustomStyleButton", "CSWP8CustomStyleButton\CSWP8CustomStyleButton.csproj", "{EE6F7EDC-F3CF-4762-83C0-120F46C98152}"
EndProject
Global
	
	GlobalSection(SolutionConfigurationPlatforms) = preSolution
		Debug|Any CPU = Debug|Any CPU
		Debug|ARM = Debug|ARM
		Debug|x86 = Debug|x86
		Release|Any CPU = Release|Any CPU
		Release|ARM = Release|ARM
		Release|x86 = Release|x86
	EndGlobalSection
	GlobalSection(ProjectConfigurationPlatforms) = postSolution
		{EE6F7EDC-F3CF-4762-83C0-120F46C98152}.Debug|Any CPU.ActiveCfg = Debug|Any CPU
		{EE6F7EDC-F3CF-4762-83C0-120F46C98152}.Debug|Any CPU.Build.0 = Debug|Any CPU
		{EE6F7EDC-F3CF-4762-83C0-120F46C98152}.Debug|Any CPU.Deploy.0 = Debug|Any CPU
		{EE6F7EDC-F3CF-4762-83C0-120F46C98152}.Debug|ARM.ActiveCfg = Debug|ARM
		{EE6F7EDC-F3CF-4762-83C0-120F46C98152}.Debug|ARM.Build.0 = Debug|ARM
		{EE6F7EDC-F3CF-4762-83C0-120F46C98152}.Debug|ARM.Deploy.0 = Debug|ARM
		{EE6F7EDC-F3CF-4762-83C0-120F46C98152}.Debug|x86.ActiveCfg = Debug|x86
		{EE6F7EDC-F3CF-4762-83C0-120F46C98152}.Debug|x86.Build.0 = Debug|x86
		{EE6F7EDC-F3CF-4762-83C0-120F46C98152}.Debug|x86.Deploy.0 = Debug|x86
		{EE6F7EDC-F3CF-4762-83C0-120F46C98152}.Release|Any CPU.ActiveCfg = Release|Any CPU
		{EE6F7EDC-F3CF-4762-83C0-120F46C98152}.Release|Any CPU.Build.0 = Release|Any CPU
		{EE6F7EDC-F3CF-4762-83C0-120F46C98152}.Release|Any CPU.Deploy.0 = Release|Any CPU
		{EE6F7EDC-F3CF-4762-83C0-120F46C98152}.Release|ARM.ActiveCfg = Release|ARM
		{EE6F7EDC-F3CF-4762-83C0-120F46C98152}.Release|ARM.Build.0 = Release|ARM
		{EE6F7EDC-F3CF-4762-83C0-120F46C98152}.Release|ARM.Deploy.0 = Release|ARM
		{EE6F7EDC-F3CF-4762-83C0-120F46C98152}.Release|x86.ActiveCfg = Release|x86
		{EE6F7EDC-F3CF-4762-83C0-120F46C98152}.Release|x86.Build.0 = Release|x86
		{EE6F7EDC-F3CF-4762-83C0-120F46C98152}.Release|x86.Deploy.0 = Release|x86
	EndGlobalSection
	GlobalSection(SolutionProperties) = preSolution
		HideSolutionNode = FALSE
	EndGlobalSection
EndGlobal
