
Microsoft Visual Studio Solution File, Format Version 12.00
# Visual Studio 2012
Project("{FAE04EC0-301F-11D3-BF4B-00C04F79EFBC}") = "ControlsCatalog", "ControlsCatalog\ControlsCatalog.csproj", "{E62A4B49-5C9D-417D-AD2E-806A507AA96D}"
EndProject
Global
	GlobalSection(SolutionConfigurationPlatforms) = preSolution
		Debug|Any CPU = Debug|Any CPU
		Debug|ARM = Debug|ARM
		Debug|x86 = Debug|x86
		Release|Any CPU = Release|Any CPU
		Release|ARM = Release|ARM
		Release|x86 = Release|x86
	EndGlobalSection
	GlobalSection(ProjectConfigurationPlatforms) = postSolution
		{E62A4B49-5C9D-417D-AD2E-806A507AA96D}.Debug|Any CPU.ActiveCfg = Debug|Any CPU
		{E62A4B49-5C9D-417D-AD2E-806A507AA96D}.Debug|Any CPU.Build.0 = Debug|Any CPU
		{E62A4B49-5C9D-417D-AD2E-806A507AA96D}.Debug|Any CPU.Deploy.0 = Debug|Any CPU
		{E62A4B49-5C9D-417D-AD2E-806A507AA96D}.Debug|ARM.ActiveCfg = Debug|ARM
		{E62A4B49-5C9D-417D-AD2E-806A507AA96D}.Debug|ARM.Build.0 = Debug|ARM
		{E62A4B49-5C9D-417D-AD2E-806A507AA96D}.Debug|ARM.Deploy.0 = Debug|ARM
		{E62A4B49-5C9D-417D-AD2E-806A507AA96D}.Debug|x86.ActiveCfg = Debug|x86
		{E62A4B49-5C9D-417D-AD2E-806A507AA96D}.Debug|x86.Build.0 = Debug|x86
		{E62A4B49-5C9D-417D-AD2E-806A507AA96D}.Debug|x86.Deploy.0 = Debug|x86
		{E62A4B49-5C9D-417D-AD2E-806A507AA96D}.Release|Any CPU.ActiveCfg = Release|Any CPU
		{E62A4B49-5C9D-417D-AD2E-806A507AA96D}.Release|Any CPU.Build.0 = Release|Any CPU
		{E62A4B49-5C9D-417D-AD2E-806A507AA96D}.Release|Any CPU.Deploy.0 = Release|Any CPU
		{E62A4B49-5C9D-417D-AD2E-806A507AA96D}.Release|ARM.ActiveCfg = Release|ARM
		{E62A4B49-5C9D-417D-AD2E-806A507AA96D}.Release|ARM.Build.0 = Release|ARM
		{E62A4B49-5C9D-417D-AD2E-806A507AA96D}.Release|ARM.Deploy.0 = Release|ARM
		{E62A4B49-5C9D-417D-AD2E-806A507AA96D}.Release|x86.ActiveCfg = Release|x86
		{E62A4B49-5C9D-417D-AD2E-806A507AA96D}.Release|x86.Build.0 = Release|x86
		{E62A4B49-5C9D-417D-AD2E-806A507AA96D}.Release|x86.Deploy.0 = Release|x86
	EndGlobalSection
	GlobalSection(SolutionProperties) = preSolution
		HideSolutionNode = FALSE
	EndGlobalSection
EndGlobal
