<?xml version="1.0" encoding="utf-8"?>
<Project ToolsVersion="4.0" xmlns="http://schemas.microsoft.com/developer/msbuild/2003">
  <ItemGroup>
    <FxCompile Include="..\..\Shared\Assets\GlowEffect.hlsl">
      <Filter>Shared\Assets</Filter>
    </FxCompile>
    <FxCompile Include="..\..\Shared\Animation\SkinningVertexShader.hlsl">
      <Filter>Shared\Animation</Filter>
    </FxCompile>
  </ItemGroup>
  <ItemGroup>
    <ClCompile Include="Direct3DContentProvider.cpp" />
    <ClCompile Include="pch.cpp" />
    <ClCompile Include="Direct3DBackground.cpp" />
    <ClCompile Include="..\..\Shared\GameBase.cpp">
      <Filter>Shared</Filter>
    </ClCompile>
    <ClCompile Include="..\..\Shared\Game.cpp">
      <Filter>Shared</Filter>
    </ClCompile>
    <ClCompile Include="..\..\Shared\Direct3DBase.cpp">
      <Filter>Shared</Filter>
    </ClCompile>
    <ClCompile Include="..\..\Shared\DDSTextureLoader.cpp">
      <Filter>Shared</Filter>
    </ClCompile>
  </ItemGroup>
  <ItemGroup>
    <ClInclude Include="Direct3DContentProvider.h" />
    <ClInclude Include="pch.h" />
    <ClInclude Include="Direct3DBackground.h" />
    <ClInclude Include="..\..\Shared\VSD3DStarter.h">
      <Filter>Shared</Filter>
    </ClInclude>
    <ClInclude Include="..\..\Shared\GameBase.h">
      <Filter>Shared</Filter>
    </ClInclude>
    <ClInclude Include="..\..\Shared\Game.h">
      <Filter>Shared</Filter>
    </ClInclude>
    <ClInclude Include="..\..\Shared\DirectXHelper.h">
      <Filter>Shared</Filter>
    </ClInclude>
    <ClInclude Include="..\..\Shared\Direct3DBase.h">
      <Filter>Shared</Filter>
    </ClInclude>
    <ClInclude Include="..\..\Shared\BasicTimer.h">
      <Filter>Shared</Filter>
    </ClInclude>
    <ClInclude Include="..\..\Shared\Animation\Animation.h">
      <Filter>Shared\Animation</Filter>
    </ClInclude>
    <ClInclude Include="..\..\Shared\DDSTextureLoader.h">
      <Filter>Shared</Filter>
    </ClInclude>
  </ItemGroup>
  <ItemGroup>
    <Filter Include="Shared">
      <UniqueIdentifier>{949f9556-6970-4304-9d33-ff5017f55d8a}</UniqueIdentifier>
    </Filter>
    <Filter Include="Shared\Animation">
      <UniqueIdentifier>{8606c5d2-64ec-42f9-9aa8-8321fb1c8fab}</UniqueIdentifier>
    </Filter>
    <Filter Include="Shared\Assets">
      <UniqueIdentifier>{274708d1-82f9-46af-b0ff-3ba3075da8d2}</UniqueIdentifier>
    </Filter>
  </ItemGroup>
  <ItemGroup>
    <MeshContentTask Include="..\..\Shared\Assets\gamelevel.fbx">
      <Filter>Shared\Assets</Filter>
    </MeshContentTask>
    <MeshContentTask Include="..\..\Shared\Assets\teapot.fbx">
      <Filter>Shared\Assets</Filter>
    </MeshContentTask>
  </ItemGroup>
  <ItemGroup>
    <None Include="..\..\Shared\Assets\CubeUVImage.png">
      <Filter>Shared\Assets</Filter>
    </None>
    <None Include="..\..\Shared\Assets\GlowEffect.dgsl">
      <Filter>Shared\Assets</Filter>
    </None>
  </ItemGroup>
</Project>