
Microsoft Visual Studio Solution File, Format Version 12.00
# Visual Studio Express 2012 for Windows Phone
Project("{FAE04EC0-301F-11D3-BF4B-00C04F79EFBC}") = "sdkURIAssociationWP8CS", "sdkURIAssociationWP8CS\sdkURIAssociationWP8CS.csproj", "{3B23D40E-D196-4F4F-A284-69A35A91EF12}"
EndProject
Project("{FAE04EC0-301F-11D3-BF4B-00C04F79EFBC}") = "ContosoHandlerApp", "ContosoHandlerApp\ContosoHandlerApp.csproj", "{ADDC409D-579F-4039-93FC-FC78B79B5965}"
EndProject
Project("{FAE04EC0-301F-11D3-BF4B-00C04F79EFBC}") = "ContosoLitwareHandlerApp", "ContosoLitwareHandlerApp\ContosoLitwareHandlerApp.csproj", "{8A1FD367-830D-4532-A934-CA9172AC183D}"
EndProject
Global
	GlobalSection(SolutionConfigurationPlatforms) = preSolution
		Debug|Any CPU = Debug|Any CPU
		Debug|ARM = Debug|ARM
		Debug|x86 = Debug|x86
		Release|Any CPU = Release|Any CPU
		Release|ARM = Release|ARM
		Release|x86 = Release|x86
	EndGlobalSection
	GlobalSection(ProjectConfigurationPlatforms) = postSolution
		{3B23D40E-D196-4F4F-A284-69A35A91EF12}.Debug|Any CPU.ActiveCfg = Debug|Any CPU
		{3B23D40E-D196-4F4F-A284-69A35A91EF12}.Debug|Any CPU.Build.0 = Debug|Any CPU
		{3B23D40E-D196-4F4F-A284-69A35A91EF12}.Debug|Any CPU.Deploy.0 = Debug|Any CPU
		{3B23D40E-D196-4F4F-A284-69A35A91EF12}.Debug|ARM.ActiveCfg = Debug|ARM
		{3B23D40E-D196-4F4F-A284-69A35A91EF12}.Debug|ARM.Build.0 = Debug|ARM
		{3B23D40E-D196-4F4F-A284-69A35A91EF12}.Debug|ARM.Deploy.0 = Debug|ARM
		{3B23D40E-D196-4F4F-A284-69A35A91EF12}.Debug|x86.ActiveCfg = Debug|x86
		{3B23D40E-D196-4F4F-A284-69A35A91EF12}.Debug|x86.Build.0 = Debug|x86
		{3B23D40E-D196-4F4F-A284-69A35A91EF12}.Debug|x86.Deploy.0 = Debug|x86
		{3B23D40E-D196-4F4F-A284-69A35A91EF12}.Release|Any CPU.ActiveCfg = Release|Any CPU
		{3B23D40E-D196-4F4F-A284-69A35A91EF12}.Release|Any CPU.Build.0 = Release|Any CPU
		{3B23D40E-D196-4F4F-A284-69A35A91EF12}.Release|Any CPU.Deploy.0 = Release|Any CPU
		{3B23D40E-D196-4F4F-A284-69A35A91EF12}.Release|ARM.ActiveCfg = Release|ARM
		{3B23D40E-D196-4F4F-A284-69A35A91EF12}.Release|ARM.Build.0 = Release|ARM
		{3B23D40E-D196-4F4F-A284-69A35A91EF12}.Release|ARM.Deploy.0 = Release|ARM
		{3B23D40E-D196-4F4F-A284-69A35A91EF12}.Release|x86.ActiveCfg = Release|x86
		{3B23D40E-D196-4F4F-A284-69A35A91EF12}.Release|x86.Build.0 = Release|x86
		{3B23D40E-D196-4F4F-A284-69A35A91EF12}.Release|x86.Deploy.0 = Release|x86
		{ADDC409D-579F-4039-93FC-FC78B79B5965}.Debug|Any CPU.ActiveCfg = Debug|Any CPU
		{ADDC409D-579F-4039-93FC-FC78B79B5965}.Debug|Any CPU.Build.0 = Debug|Any CPU
		{ADDC409D-579F-4039-93FC-FC78B79B5965}.Debug|Any CPU.Deploy.0 = Debug|Any CPU
		{ADDC409D-579F-4039-93FC-FC78B79B5965}.Debug|ARM.ActiveCfg = Debug|ARM
		{ADDC409D-579F-4039-93FC-FC78B79B5965}.Debug|ARM.Build.0 = Debug|ARM
		{ADDC409D-579F-4039-93FC-FC78B79B5965}.Debug|ARM.Deploy.0 = Debug|ARM
		{ADDC409D-579F-4039-93FC-FC78B79B5965}.Debug|x86.ActiveCfg = Debug|x86
		{ADDC409D-579F-4039-93FC-FC78B79B5965}.Debug|x86.Build.0 = Debug|x86
		{ADDC409D-579F-4039-93FC-FC78B79B5965}.Debug|x86.Deploy.0 = Debug|x86
		{ADDC409D-579F-4039-93FC-FC78B79B5965}.Release|Any CPU.ActiveCfg = Release|Any CPU
		{ADDC409D-579F-4039-93FC-FC78B79B5965}.Release|Any CPU.Build.0 = Release|Any CPU
		{ADDC409D-579F-4039-93FC-FC78B79B5965}.Release|Any CPU.Deploy.0 = Release|Any CPU
		{ADDC409D-579F-4039-93FC-FC78B79B5965}.Release|ARM.ActiveCfg = Release|ARM
		{ADDC409D-579F-4039-93FC-FC78B79B5965}.Release|ARM.Build.0 = Release|ARM
		{ADDC409D-579F-4039-93FC-FC78B79B5965}.Release|ARM.Deploy.0 = Release|ARM
		{ADDC409D-579F-4039-93FC-FC78B79B5965}.Release|x86.ActiveCfg = Release|x86
		{ADDC409D-579F-4039-93FC-FC78B79B5965}.Release|x86.Build.0 = Release|x86
		{ADDC409D-579F-4039-93FC-FC78B79B5965}.Release|x86.Deploy.0 = Release|x86
		{8A1FD367-830D-4532-A934-CA9172AC183D}.Debug|Any CPU.ActiveCfg = Debug|Any CPU
		{8A1FD367-830D-4532-A934-CA9172AC183D}.Debug|Any CPU.Build.0 = Debug|Any CPU
		{8A1FD367-830D-4532-A934-CA9172AC183D}.Debug|Any CPU.Deploy.0 = Debug|Any CPU
		{8A1FD367-830D-4532-A934-CA9172AC183D}.Debug|ARM.ActiveCfg = Debug|ARM
		{8A1FD367-830D-4532-A934-CA9172AC183D}.Debug|ARM.Build.0 = Debug|ARM
		{8A1FD367-830D-4532-A934-CA9172AC183D}.Debug|ARM.Deploy.0 = Debug|ARM
		{8A1FD367-830D-4532-A934-CA9172AC183D}.Debug|x86.ActiveCfg = Debug|x86
		{8A1FD367-830D-4532-A934-CA9172AC183D}.Debug|x86.Build.0 = Debug|x86
		{8A1FD367-830D-4532-A934-CA9172AC183D}.Debug|x86.Deploy.0 = Debug|x86
		{8A1FD367-830D-4532-A934-CA9172AC183D}.Release|Any CPU.ActiveCfg = Release|Any CPU
		{8A1FD367-830D-4532-A934-CA9172AC183D}.Release|Any CPU.Build.0 = Release|Any CPU
		{8A1FD367-830D-4532-A934-CA9172AC183D}.Release|Any CPU.Deploy.0 = Release|Any CPU
		{8A1FD367-830D-4532-A934-CA9172AC183D}.Release|ARM.ActiveCfg = Release|ARM
		{8A1FD367-830D-4532-A934-CA9172AC183D}.Release|ARM.Build.0 = Release|ARM
		{8A1FD367-830D-4532-A934-CA9172AC183D}.Release|ARM.Deploy.0 = Release|ARM
		{8A1FD367-830D-4532-A934-CA9172AC183D}.Release|x86.ActiveCfg = Release|x86
		{8A1FD367-830D-4532-A934-CA9172AC183D}.Release|x86.Build.0 = Release|x86
		{8A1FD367-830D-4532-A934-CA9172AC183D}.Release|x86.Deploy.0 = Release|x86
	EndGlobalSection
	GlobalSection(SolutionProperties) = preSolution
		HideSolutionNode = FALSE
	EndGlobalSection
EndGlobal
