
Microsoft Visual Studio Solution File, Format Version 11.00
# Visual Studio 2010
Project("{FAE04EC0-301F-11D3-BF4B-00C04F79EFBC}") = "SilverlightAppWithAd", "SilverlightAppWithAd\SilverlightAppWithAd.csproj", "{18694283-77E5-4B09-BC94-43A959FF293B}"
EndProject
Project("{2150E333-8FDC-42A3-9474-1A3956D46DE8}") = "Solution Items", "Solution Items", "{56981515-A356-4773-800F-6E4C01D0D854}"
	ProjectSection(SolutionItems) = preProject
		Microsoft Public License.rtf = Microsoft Public License.rtf
		readme.txt = readme.txt
	EndProjectSection
EndProject
Global
	GlobalSection(SolutionConfigurationPlatforms) = preSolution
		Debug|Any CPU = Debug|Any CPU
		Release|Any CPU = Release|Any CPU
	EndGlobalSection
	GlobalSection(ProjectConfigurationPlatforms) = postSolution
		{18694283-77E5-4B09-BC94-43A959FF293B}.Debug|Any CPU.ActiveCfg = Debug|Any CPU
		{18694283-77E5-4B09-BC94-43A959FF293B}.Debug|Any CPU.Build.0 = Debug|Any CPU
		{18694283-77E5-4B09-BC94-43A959FF293B}.Debug|Any CPU.Deploy.0 = Debug|Any CPU
		{18694283-77E5-4B09-BC94-43A959FF293B}.Release|Any CPU.ActiveCfg = Release|Any CPU
		{18694283-77E5-4B09-BC94-43A959FF293B}.Release|Any CPU.Build.0 = Release|Any CPU
		{18694283-77E5-4B09-BC94-43A959FF293B}.Release|Any CPU.Deploy.0 = Release|Any CPU
	EndGlobalSection
	GlobalSection(SolutionProperties) = preSolution
		HideSolutionNode = FALSE
	EndGlobalSection
EndGlobal
