
Microsoft Visual Studio Solution File, Format Version 12.00
# Visual Studio 2012
Project("{2150E333-8FDC-42A3-9474-1A3956D46DE8}") = "Lib", "Lib", "{1F244F85-ED5B-4A60-8372-7FB29642ED67}"
EndProject
Project("{2150E333-8FDC-42A3-9474-1A3956D46DE8}") = "WP7", "WP7", "{B4E8F727-41D4-4ADD-8865-F03241D4D64D}"
EndProject
Project("{2150E333-8FDC-42A3-9474-1A3956D46DE8}") = "Samples", "Samples", "{D5A7EC5A-A34E-4776-AD0B-062D9883DC85}"
EndProject
Project("{2150E333-8FDC-42A3-9474-1A3956D46DE8}") = "WP7", "WP7", "{7C19B009-356E-436F-B8B8-695F702B1F39}"
EndProject
Project("{FAE04EC0-301F-11D3-BF4B-00C04F79EFBC}") = "SimpleAR", "Samples\WP7\SimpleAR\SimpleAR.csproj", "{E9653E74-C737-4FF9-959F-430E8D2B63D1}"
EndProject
Project("{FAE04EC0-301F-11D3-BF4B-00C04F79EFBC}") = "BingAR", "Samples\WP7\BingAR\BingAR.csproj", "{65A2A3A5-83DB-485A-87F4-DD9C068719A9}"
EndProject
Project("{2150E333-8FDC-42A3-9474-1A3956D46DE8}") = "License", "License", "{13AED105-07F3-4658-B8E9-F3552813AFBC}"
	ProjectSection(SolutionItems) = preProject
		License\GeoARToolkit.licenseheader = License\GeoARToolkit.licenseheader
		License\MS-LPL License.txt = License\MS-LPL License.txt
	EndProjectSection
EndProject
Project("{FAE04EC0-301F-11D3-BF4B-00C04F79EFBC}") = "GART.WP7", "Lib\WP7\GART\GART.WP7.csproj", "{CA5A6DE2-803F-4A37-A4BD-5952D63BEEF9}"
EndProject
Project("{2150E333-8FDC-42A3-9474-1A3956D46DE8}") = "Win8", "Win8", "{8BF673D7-C3BA-47DF-B330-047DEFC73418}"
EndProject
Project("{FAE04EC0-301F-11D3-BF4B-00C04F79EFBC}") = "GART.Win8", "Lib\Win8\GART.Win8\GART.Win8.csproj", "{AEB5E2AE-4ADE-45EA-BB17-3AA73EAFD38D}"
EndProject
Project("{2150E333-8FDC-42A3-9474-1A3956D46DE8}") = "Support", "Support", "{37A3774C-2717-4B7D-A1DA-8AD80C9DCECD}"
EndProject
Project("{2150E333-8FDC-42A3-9474-1A3956D46DE8}") = "Win8", "Win8", "{33ECDA2B-F55E-4186-BAA9-2DEED689044F}"
EndProject
Project("{FAE04EC0-301F-11D3-BF4B-00C04F79EFBC}") = "SimpleAR", "Samples\Win8\SimpleAR\SimpleAR.csproj", "{D2603EB8-807A-4679-88EB-8A37A90B0CFA}"
EndProject
Project("{2150E333-8FDC-42A3-9474-1A3956D46DE8}") = "WP8", "WP8", "{DBCBD69E-FE64-44E6-B2D8-A49A530E6FB7}"
EndProject
Project("{FAE04EC0-301F-11D3-BF4B-00C04F79EFBC}") = "GART.WP8", "Lib\WP8\GART\GART.WP8.csproj", "{AA180FA9-7AB0-40D3-B5C4-BEA4A76B0630}"
EndProject
Project("{2150E333-8FDC-42A3-9474-1A3956D46DE8}") = "WP8", "WP8", "{1B3B8483-4008-4DF0-B412-B368EF83A38D}"
EndProject
Project("{FAE04EC0-301F-11D3-BF4B-00C04F79EFBC}") = "SimpleAR", "Samples\WP8\SimpleAR\SimpleAR.csproj", "{C89C5FFF-D2C5-449B-AE0C-C75162BEFEFD}"
EndProject
Project("{FAE04EC0-301F-11D3-BF4B-00C04F79EFBC}") = "BingAR", "Samples\WP8\BingAR\BingAR.csproj", "{1291CCE6-7272-4204-B3B3-B46E4E2583A5}"
EndProject
Global
	GlobalSection(SolutionConfigurationPlatforms) = preSolution
		Debug|ARM = Debug|ARM
		Debug|x64 = Debug|x64
		Debug|x86 = Debug|x86
		Release|ARM = Release|ARM
		Release|x64 = Release|x64
		Release|x86 = Release|x86
	EndGlobalSection
	GlobalSection(ProjectConfigurationPlatforms) = postSolution
		{E9653E74-C737-4FF9-959F-430E8D2B63D1}.Debug|ARM.ActiveCfg = Debug|Any CPU
		{E9653E74-C737-4FF9-959F-430E8D2B63D1}.Debug|x64.ActiveCfg = Debug|Any CPU
		{E9653E74-C737-4FF9-959F-430E8D2B63D1}.Debug|x86.ActiveCfg = Debug|Any CPU
		{E9653E74-C737-4FF9-959F-430E8D2B63D1}.Release|ARM.ActiveCfg = Release|Any CPU
		{E9653E74-C737-4FF9-959F-430E8D2B63D1}.Release|x64.ActiveCfg = Release|Any CPU
		{E9653E74-C737-4FF9-959F-430E8D2B63D1}.Release|x86.ActiveCfg = Release|Any CPU
		{65A2A3A5-83DB-485A-87F4-DD9C068719A9}.Debug|ARM.ActiveCfg = Debug|Any CPU
		{65A2A3A5-83DB-485A-87F4-DD9C068719A9}.Debug|x64.ActiveCfg = Debug|Any CPU
		{65A2A3A5-83DB-485A-87F4-DD9C068719A9}.Debug|x86.ActiveCfg = Debug|Any CPU
		{65A2A3A5-83DB-485A-87F4-DD9C068719A9}.Release|ARM.ActiveCfg = Release|Any CPU
		{65A2A3A5-83DB-485A-87F4-DD9C068719A9}.Release|x64.ActiveCfg = Release|Any CPU
		{65A2A3A5-83DB-485A-87F4-DD9C068719A9}.Release|x86.ActiveCfg = Release|Any CPU
		{CA5A6DE2-803F-4A37-A4BD-5952D63BEEF9}.Debug|ARM.ActiveCfg = Debug|Any CPU
		{CA5A6DE2-803F-4A37-A4BD-5952D63BEEF9}.Debug|x64.ActiveCfg = Debug|Any CPU
		{CA5A6DE2-803F-4A37-A4BD-5952D63BEEF9}.Debug|x86.ActiveCfg = Debug|Any CPU
		{CA5A6DE2-803F-4A37-A4BD-5952D63BEEF9}.Release|ARM.ActiveCfg = Release|Any CPU
		{CA5A6DE2-803F-4A37-A4BD-5952D63BEEF9}.Release|x64.ActiveCfg = Release|Any CPU
		{CA5A6DE2-803F-4A37-A4BD-5952D63BEEF9}.Release|x86.ActiveCfg = Release|Any CPU
		{AEB5E2AE-4ADE-45EA-BB17-3AA73EAFD38D}.Debug|ARM.ActiveCfg = Debug|ARM
		{AEB5E2AE-4ADE-45EA-BB17-3AA73EAFD38D}.Debug|ARM.Build.0 = Debug|ARM
		{AEB5E2AE-4ADE-45EA-BB17-3AA73EAFD38D}.Debug|x64.ActiveCfg = Debug|x64
		{AEB5E2AE-4ADE-45EA-BB17-3AA73EAFD38D}.Debug|x64.Build.0 = Debug|x64
		{AEB5E2AE-4ADE-45EA-BB17-3AA73EAFD38D}.Debug|x86.ActiveCfg = Debug|x86
		{AEB5E2AE-4ADE-45EA-BB17-3AA73EAFD38D}.Debug|x86.Build.0 = Debug|x86
		{AEB5E2AE-4ADE-45EA-BB17-3AA73EAFD38D}.Release|ARM.ActiveCfg = Release|ARM
		{AEB5E2AE-4ADE-45EA-BB17-3AA73EAFD38D}.Release|ARM.Build.0 = Release|ARM
		{AEB5E2AE-4ADE-45EA-BB17-3AA73EAFD38D}.Release|x64.ActiveCfg = Release|x64
		{AEB5E2AE-4ADE-45EA-BB17-3AA73EAFD38D}.Release|x64.Build.0 = Release|x64
		{AEB5E2AE-4ADE-45EA-BB17-3AA73EAFD38D}.Release|x86.ActiveCfg = Release|x86
		{AEB5E2AE-4ADE-45EA-BB17-3AA73EAFD38D}.Release|x86.Build.0 = Release|x86
		{D2603EB8-807A-4679-88EB-8A37A90B0CFA}.Debug|ARM.ActiveCfg = Debug|ARM
		{D2603EB8-807A-4679-88EB-8A37A90B0CFA}.Debug|ARM.Build.0 = Debug|ARM
		{D2603EB8-807A-4679-88EB-8A37A90B0CFA}.Debug|x64.ActiveCfg = Debug|x64
		{D2603EB8-807A-4679-88EB-8A37A90B0CFA}.Debug|x64.Build.0 = Debug|x64
		{D2603EB8-807A-4679-88EB-8A37A90B0CFA}.Debug|x64.Deploy.0 = Debug|x64
		{D2603EB8-807A-4679-88EB-8A37A90B0CFA}.Debug|x86.ActiveCfg = Debug|x86
		{D2603EB8-807A-4679-88EB-8A37A90B0CFA}.Debug|x86.Build.0 = Debug|x86
		{D2603EB8-807A-4679-88EB-8A37A90B0CFA}.Debug|x86.Deploy.0 = Debug|x86
		{D2603EB8-807A-4679-88EB-8A37A90B0CFA}.Release|ARM.ActiveCfg = Release|ARM
		{D2603EB8-807A-4679-88EB-8A37A90B0CFA}.Release|ARM.Build.0 = Release|ARM
		{D2603EB8-807A-4679-88EB-8A37A90B0CFA}.Release|ARM.Deploy.0 = Release|ARM
		{D2603EB8-807A-4679-88EB-8A37A90B0CFA}.Release|x64.ActiveCfg = Release|x64
		{D2603EB8-807A-4679-88EB-8A37A90B0CFA}.Release|x64.Build.0 = Release|x64
		{D2603EB8-807A-4679-88EB-8A37A90B0CFA}.Release|x64.Deploy.0 = Release|x64
		{D2603EB8-807A-4679-88EB-8A37A90B0CFA}.Release|x86.ActiveCfg = Release|x86
		{D2603EB8-807A-4679-88EB-8A37A90B0CFA}.Release|x86.Build.0 = Release|x86
		{D2603EB8-807A-4679-88EB-8A37A90B0CFA}.Release|x86.Deploy.0 = Release|x86
		{AA180FA9-7AB0-40D3-B5C4-BEA4A76B0630}.Debug|ARM.ActiveCfg = Debug|ARM
		{AA180FA9-7AB0-40D3-B5C4-BEA4A76B0630}.Debug|ARM.Build.0 = Debug|ARM
		{AA180FA9-7AB0-40D3-B5C4-BEA4A76B0630}.Debug|x64.ActiveCfg = Debug|ARM
		{AA180FA9-7AB0-40D3-B5C4-BEA4A76B0630}.Debug|x86.ActiveCfg = Debug|x86
		{AA180FA9-7AB0-40D3-B5C4-BEA4A76B0630}.Debug|x86.Build.0 = Debug|x86
		{AA180FA9-7AB0-40D3-B5C4-BEA4A76B0630}.Release|ARM.ActiveCfg = Release|ARM
		{AA180FA9-7AB0-40D3-B5C4-BEA4A76B0630}.Release|ARM.Build.0 = Release|ARM
		{AA180FA9-7AB0-40D3-B5C4-BEA4A76B0630}.Release|x64.ActiveCfg = Release|x86
		{AA180FA9-7AB0-40D3-B5C4-BEA4A76B0630}.Release|x86.ActiveCfg = Release|x86
		{AA180FA9-7AB0-40D3-B5C4-BEA4A76B0630}.Release|x86.Build.0 = Release|x86
		{C89C5FFF-D2C5-449B-AE0C-C75162BEFEFD}.Debug|ARM.ActiveCfg = Debug|ARM
		{C89C5FFF-D2C5-449B-AE0C-C75162BEFEFD}.Debug|ARM.Build.0 = Debug|ARM
		{C89C5FFF-D2C5-449B-AE0C-C75162BEFEFD}.Debug|ARM.Deploy.0 = Debug|ARM
		{C89C5FFF-D2C5-449B-AE0C-C75162BEFEFD}.Debug|x64.ActiveCfg = Debug|ARM
		{C89C5FFF-D2C5-449B-AE0C-C75162BEFEFD}.Debug|x86.ActiveCfg = Debug|x86
		{C89C5FFF-D2C5-449B-AE0C-C75162BEFEFD}.Debug|x86.Build.0 = Debug|x86
		{C89C5FFF-D2C5-449B-AE0C-C75162BEFEFD}.Debug|x86.Deploy.0 = Debug|x86
		{C89C5FFF-D2C5-449B-AE0C-C75162BEFEFD}.Release|ARM.ActiveCfg = Release|ARM
		{C89C5FFF-D2C5-449B-AE0C-C75162BEFEFD}.Release|ARM.Build.0 = Release|ARM
		{C89C5FFF-D2C5-449B-AE0C-C75162BEFEFD}.Release|ARM.Deploy.0 = Release|ARM
		{C89C5FFF-D2C5-449B-AE0C-C75162BEFEFD}.Release|x64.ActiveCfg = Release|x86
		{C89C5FFF-D2C5-449B-AE0C-C75162BEFEFD}.Release|x86.ActiveCfg = Release|x86
		{C89C5FFF-D2C5-449B-AE0C-C75162BEFEFD}.Release|x86.Build.0 = Release|x86
		{C89C5FFF-D2C5-449B-AE0C-C75162BEFEFD}.Release|x86.Deploy.0 = Release|x86
		{1291CCE6-7272-4204-B3B3-B46E4E2583A5}.Debug|ARM.ActiveCfg = Debug|ARM
		{1291CCE6-7272-4204-B3B3-B46E4E2583A5}.Debug|ARM.Build.0 = Debug|ARM
		{1291CCE6-7272-4204-B3B3-B46E4E2583A5}.Debug|ARM.Deploy.0 = Debug|ARM
		{1291CCE6-7272-4204-B3B3-B46E4E2583A5}.Debug|x64.ActiveCfg = Debug|ARM
		{1291CCE6-7272-4204-B3B3-B46E4E2583A5}.Debug|x64.Build.0 = Debug|ARM
		{1291CCE6-7272-4204-B3B3-B46E4E2583A5}.Debug|x64.Deploy.0 = Debug|ARM
		{1291CCE6-7272-4204-B3B3-B46E4E2583A5}.Debug|x86.ActiveCfg = Debug|x86
		{1291CCE6-7272-4204-B3B3-B46E4E2583A5}.Debug|x86.Build.0 = Debug|x86
		{1291CCE6-7272-4204-B3B3-B46E4E2583A5}.Debug|x86.Deploy.0 = Debug|x86
		{1291CCE6-7272-4204-B3B3-B46E4E2583A5}.Release|ARM.ActiveCfg = Release|ARM
		{1291CCE6-7272-4204-B3B3-B46E4E2583A5}.Release|ARM.Build.0 = Release|ARM
		{1291CCE6-7272-4204-B3B3-B46E4E2583A5}.Release|ARM.Deploy.0 = Release|ARM
		{1291CCE6-7272-4204-B3B3-B46E4E2583A5}.Release|x64.ActiveCfg = Release|x64
		{1291CCE6-7272-4204-B3B3-B46E4E2583A5}.Release|x64.Build.0 = Release|x64
		{1291CCE6-7272-4204-B3B3-B46E4E2583A5}.Release|x64.Deploy.0 = Release|x64
		{1291CCE6-7272-4204-B3B3-B46E4E2583A5}.Release|x86.ActiveCfg = Release|x86
		{1291CCE6-7272-4204-B3B3-B46E4E2583A5}.Release|x86.Build.0 = Release|x86
		{1291CCE6-7272-4204-B3B3-B46E4E2583A5}.Release|x86.Deploy.0 = Release|x86
	EndGlobalSection
	GlobalSection(SolutionProperties) = preSolution
		HideSolutionNode = FALSE
	EndGlobalSection
	GlobalSection(NestedProjects) = preSolution
		{B4E8F727-41D4-4ADD-8865-F03241D4D64D} = {1F244F85-ED5B-4A60-8372-7FB29642ED67}
		{8BF673D7-C3BA-47DF-B330-047DEFC73418} = {1F244F85-ED5B-4A60-8372-7FB29642ED67}
		{DBCBD69E-FE64-44E6-B2D8-A49A530E6FB7} = {1F244F85-ED5B-4A60-8372-7FB29642ED67}
		{CA5A6DE2-803F-4A37-A4BD-5952D63BEEF9} = {B4E8F727-41D4-4ADD-8865-F03241D4D64D}
		{7C19B009-356E-436F-B8B8-695F702B1F39} = {D5A7EC5A-A34E-4776-AD0B-062D9883DC85}
		{33ECDA2B-F55E-4186-BAA9-2DEED689044F} = {D5A7EC5A-A34E-4776-AD0B-062D9883DC85}
		{1B3B8483-4008-4DF0-B412-B368EF83A38D} = {D5A7EC5A-A34E-4776-AD0B-062D9883DC85}
		{E9653E74-C737-4FF9-959F-430E8D2B63D1} = {7C19B009-356E-436F-B8B8-695F702B1F39}
		{65A2A3A5-83DB-485A-87F4-DD9C068719A9} = {7C19B009-356E-436F-B8B8-695F702B1F39}
		{AEB5E2AE-4ADE-45EA-BB17-3AA73EAFD38D} = {8BF673D7-C3BA-47DF-B330-047DEFC73418}
		{D2603EB8-807A-4679-88EB-8A37A90B0CFA} = {33ECDA2B-F55E-4186-BAA9-2DEED689044F}
		{AA180FA9-7AB0-40D3-B5C4-BEA4A76B0630} = {DBCBD69E-FE64-44E6-B2D8-A49A530E6FB7}
		{C89C5FFF-D2C5-449B-AE0C-C75162BEFEFD} = {1B3B8483-4008-4DF0-B412-B368EF83A38D}
		{1291CCE6-7272-4204-B3B3-B46E4E2583A5} = {1B3B8483-4008-4DF0-B412-B368EF83A38D}
	EndGlobalSection
EndGlobal
