
Microsoft Visual Studio Solution File, Format Version 12.00
# Visual Studio 2012
Project("{FAE04EC0-301F-11D3-BF4B-00C04F79EFBC}") = "PixPresenter.Win8", "StoreApp\PixPresenter.Win8.csproj", "{B52542C5-9FB3-49B3-ACF8-22A9BC977173}"
EndProject
Project("{FAE04EC0-301F-11D3-BF4B-00C04F79EFBC}") = "PixPresenter.Portable", "PortableLib\PixPresenter.Portable.csproj", "{F778C740-472E-4A14-BA76-3C802CEF02E2}"
EndProject
Project("{FAE04EC0-301F-11D3-BF4B-00C04F79EFBC}") = "PixPresenter.WP8", "PhoneApp\PixPresenter.WP8.csproj", "{1C6379C1-9D5E-4254-8F4C-BE7EA24057D1}"
EndProject
Project("{8BC9CEB8-8B4A-11D0-8D11-00A0C91BC942}") = "FastFilters.WP8", "FastFilters\FastFilters.vcxproj", "{F30C512C-9A35-4A5D-8432-8841286229A5}"
EndProject
Project("{8BC9CEB8-8B4A-11D0-8D11-00A0C91BC942}") = "FastFilters.Win8", "FastFiltersWin8\FastFiltersWin8.vcxproj", "{52778EA4-9990-4BF5-8CBA-BBFA761A42D1}"
EndProject
Global
	GlobalSection(SolutionConfigurationPlatforms) = preSolution
		Debug Phone Device|Any CPU = Debug Phone Device|Any CPU
		Debug Phone Device|ARM = Debug Phone Device|ARM
		Debug Phone Device|Mixed Platforms = Debug Phone Device|Mixed Platforms
		Debug Phone Device|Win32 = Debug Phone Device|Win32
		Debug Phone Device|x64 = Debug Phone Device|x64
		Debug Phone Device|x86 = Debug Phone Device|x86
		Debug Phone Emulator|Any CPU = Debug Phone Emulator|Any CPU
		Debug Phone Emulator|ARM = Debug Phone Emulator|ARM
		Debug Phone Emulator|Mixed Platforms = Debug Phone Emulator|Mixed Platforms
		Debug Phone Emulator|Win32 = Debug Phone Emulator|Win32
		Debug Phone Emulator|x64 = Debug Phone Emulator|x64
		Debug Phone Emulator|x86 = Debug Phone Emulator|x86
		Debug StoreApp|Any CPU = Debug StoreApp|Any CPU
		Debug StoreApp|ARM = Debug StoreApp|ARM
		Debug StoreApp|Mixed Platforms = Debug StoreApp|Mixed Platforms
		Debug StoreApp|Win32 = Debug StoreApp|Win32
		Debug StoreApp|x64 = Debug StoreApp|x64
		Debug StoreApp|x86 = Debug StoreApp|x86
		Debug|Any CPU = Debug|Any CPU
		Debug|ARM = Debug|ARM
		Debug|Mixed Platforms = Debug|Mixed Platforms
		Debug|Win32 = Debug|Win32
		Debug|x64 = Debug|x64
		Debug|x86 = Debug|x86
		Release|Any CPU = Release|Any CPU
		Release|ARM = Release|ARM
		Release|Mixed Platforms = Release|Mixed Platforms
		Release|Win32 = Release|Win32
		Release|x64 = Release|x64
		Release|x86 = Release|x86
	EndGlobalSection
	GlobalSection(ProjectConfigurationPlatforms) = postSolution
		{B52542C5-9FB3-49B3-ACF8-22A9BC977173}.Debug Phone Device|Any CPU.ActiveCfg = Debug Phone Device|Any CPU
		{B52542C5-9FB3-49B3-ACF8-22A9BC977173}.Debug Phone Device|ARM.ActiveCfg = Debug Phone Device|ARM
		{B52542C5-9FB3-49B3-ACF8-22A9BC977173}.Debug Phone Device|Mixed Platforms.ActiveCfg = Debug Phone Device|Any CPU
		{B52542C5-9FB3-49B3-ACF8-22A9BC977173}.Debug Phone Device|Mixed Platforms.Deploy.0 = Debug Phone Device|Any CPU
		{B52542C5-9FB3-49B3-ACF8-22A9BC977173}.Debug Phone Device|Win32.ActiveCfg = Debug Phone Device|x86
		{B52542C5-9FB3-49B3-ACF8-22A9BC977173}.Debug Phone Device|Win32.Build.0 = Debug Phone Device|x86
		{B52542C5-9FB3-49B3-ACF8-22A9BC977173}.Debug Phone Device|Win32.Deploy.0 = Debug Phone Device|x86
		{B52542C5-9FB3-49B3-ACF8-22A9BC977173}.Debug Phone Device|x64.ActiveCfg = Debug Phone Device|x64
		{B52542C5-9FB3-49B3-ACF8-22A9BC977173}.Debug Phone Device|x64.Deploy.0 = Debug Phone Device|x64
		{B52542C5-9FB3-49B3-ACF8-22A9BC977173}.Debug Phone Device|x86.ActiveCfg = Debug Phone Device|x86
		{B52542C5-9FB3-49B3-ACF8-22A9BC977173}.Debug Phone Device|x86.Deploy.0 = Debug Phone Device|x86
		{B52542C5-9FB3-49B3-ACF8-22A9BC977173}.Debug Phone Emulator|Any CPU.ActiveCfg = Debug PhoneApp|Any CPU
		{B52542C5-9FB3-49B3-ACF8-22A9BC977173}.Debug Phone Emulator|Any CPU.Build.0 = Debug PhoneApp|Any CPU
		{B52542C5-9FB3-49B3-ACF8-22A9BC977173}.Debug Phone Emulator|Any CPU.Deploy.0 = Debug PhoneApp|Any CPU
		{B52542C5-9FB3-49B3-ACF8-22A9BC977173}.Debug Phone Emulator|ARM.ActiveCfg = Debug PhoneApp|ARM
		{B52542C5-9FB3-49B3-ACF8-22A9BC977173}.Debug Phone Emulator|ARM.Build.0 = Debug PhoneApp|ARM
		{B52542C5-9FB3-49B3-ACF8-22A9BC977173}.Debug Phone Emulator|ARM.Deploy.0 = Debug PhoneApp|ARM
		{B52542C5-9FB3-49B3-ACF8-22A9BC977173}.Debug Phone Emulator|Mixed Platforms.ActiveCfg = Debug PhoneApp|x86
		{B52542C5-9FB3-49B3-ACF8-22A9BC977173}.Debug Phone Emulator|Win32.ActiveCfg = Debug PhoneApp|x86
		{B52542C5-9FB3-49B3-ACF8-22A9BC977173}.Debug Phone Emulator|Win32.Build.0 = Debug PhoneApp|x86
		{B52542C5-9FB3-49B3-ACF8-22A9BC977173}.Debug Phone Emulator|Win32.Deploy.0 = Debug PhoneApp|x86
		{B52542C5-9FB3-49B3-ACF8-22A9BC977173}.Debug Phone Emulator|x64.ActiveCfg = Debug PhoneApp|x64
		{B52542C5-9FB3-49B3-ACF8-22A9BC977173}.Debug Phone Emulator|x64.Build.0 = Debug PhoneApp|x64
		{B52542C5-9FB3-49B3-ACF8-22A9BC977173}.Debug Phone Emulator|x64.Deploy.0 = Debug PhoneApp|x64
		{B52542C5-9FB3-49B3-ACF8-22A9BC977173}.Debug Phone Emulator|x86.ActiveCfg = Debug PhoneApp|x86
		{B52542C5-9FB3-49B3-ACF8-22A9BC977173}.Debug StoreApp|Any CPU.ActiveCfg = Debug StoreApp|Any CPU
		{B52542C5-9FB3-49B3-ACF8-22A9BC977173}.Debug StoreApp|Any CPU.Build.0 = Debug StoreApp|Any CPU
		{B52542C5-9FB3-49B3-ACF8-22A9BC977173}.Debug StoreApp|Any CPU.Deploy.0 = Debug StoreApp|Any CPU
		{B52542C5-9FB3-49B3-ACF8-22A9BC977173}.Debug StoreApp|ARM.ActiveCfg = Debug StoreApp|ARM
		{B52542C5-9FB3-49B3-ACF8-22A9BC977173}.Debug StoreApp|ARM.Build.0 = Debug StoreApp|ARM
		{B52542C5-9FB3-49B3-ACF8-22A9BC977173}.Debug StoreApp|ARM.Deploy.0 = Debug StoreApp|ARM
		{B52542C5-9FB3-49B3-ACF8-22A9BC977173}.Debug StoreApp|Mixed Platforms.ActiveCfg = Debug StoreApp|Any CPU
		{B52542C5-9FB3-49B3-ACF8-22A9BC977173}.Debug StoreApp|Mixed Platforms.Build.0 = Debug StoreApp|Any CPU
		{B52542C5-9FB3-49B3-ACF8-22A9BC977173}.Debug StoreApp|Mixed Platforms.Deploy.0 = Debug StoreApp|Any CPU
		{B52542C5-9FB3-49B3-ACF8-22A9BC977173}.Debug StoreApp|Win32.ActiveCfg = Debug StoreApp|x86
		{B52542C5-9FB3-49B3-ACF8-22A9BC977173}.Debug StoreApp|Win32.Build.0 = Debug StoreApp|x86
		{B52542C5-9FB3-49B3-ACF8-22A9BC977173}.Debug StoreApp|Win32.Deploy.0 = Debug StoreApp|x86
		{B52542C5-9FB3-49B3-ACF8-22A9BC977173}.Debug StoreApp|x64.ActiveCfg = Debug StoreApp|x64
		{B52542C5-9FB3-49B3-ACF8-22A9BC977173}.Debug StoreApp|x64.Build.0 = Debug StoreApp|x64
		{B52542C5-9FB3-49B3-ACF8-22A9BC977173}.Debug StoreApp|x64.Deploy.0 = Debug StoreApp|x64
		{B52542C5-9FB3-49B3-ACF8-22A9BC977173}.Debug StoreApp|x86.ActiveCfg = Debug StoreApp|x86
		{B52542C5-9FB3-49B3-ACF8-22A9BC977173}.Debug StoreApp|x86.Build.0 = Debug StoreApp|x86
		{B52542C5-9FB3-49B3-ACF8-22A9BC977173}.Debug StoreApp|x86.Deploy.0 = Debug StoreApp|x86
		{B52542C5-9FB3-49B3-ACF8-22A9BC977173}.Debug|Any CPU.ActiveCfg = Debug|Any CPU
		{B52542C5-9FB3-49B3-ACF8-22A9BC977173}.Debug|Any CPU.Build.0 = Debug|Any CPU
		{B52542C5-9FB3-49B3-ACF8-22A9BC977173}.Debug|Any CPU.Deploy.0 = Debug|Any CPU
		{B52542C5-9FB3-49B3-ACF8-22A9BC977173}.Debug|ARM.ActiveCfg = Debug|ARM
		{B52542C5-9FB3-49B3-ACF8-22A9BC977173}.Debug|Mixed Platforms.ActiveCfg = Debug|x86
		{B52542C5-9FB3-49B3-ACF8-22A9BC977173}.Debug|Mixed Platforms.Build.0 = Debug|x86
		{B52542C5-9FB3-49B3-ACF8-22A9BC977173}.Debug|Mixed Platforms.Deploy.0 = Debug|x86
		{B52542C5-9FB3-49B3-ACF8-22A9BC977173}.Debug|Win32.ActiveCfg = Debug|x86
		{B52542C5-9FB3-49B3-ACF8-22A9BC977173}.Debug|Win32.Build.0 = Debug|x86
		{B52542C5-9FB3-49B3-ACF8-22A9BC977173}.Debug|Win32.Deploy.0 = Debug|x86
		{B52542C5-9FB3-49B3-ACF8-22A9BC977173}.Debug|x64.ActiveCfg = Debug|x64
		{B52542C5-9FB3-49B3-ACF8-22A9BC977173}.Debug|x64.Build.0 = Debug|x64
		{B52542C5-9FB3-49B3-ACF8-22A9BC977173}.Debug|x64.Deploy.0 = Debug|x64
		{B52542C5-9FB3-49B3-ACF8-22A9BC977173}.Debug|x86.ActiveCfg = Debug|x86
		{B52542C5-9FB3-49B3-ACF8-22A9BC977173}.Debug|x86.Build.0 = Debug|x86
		{B52542C5-9FB3-49B3-ACF8-22A9BC977173}.Debug|x86.Deploy.0 = Debug|x86
		{B52542C5-9FB3-49B3-ACF8-22A9BC977173}.Release|Any CPU.ActiveCfg = Release|Any CPU
		{B52542C5-9FB3-49B3-ACF8-22A9BC977173}.Release|Any CPU.Build.0 = Release|Any CPU
		{B52542C5-9FB3-49B3-ACF8-22A9BC977173}.Release|Any CPU.Deploy.0 = Release|Any CPU
		{B52542C5-9FB3-49B3-ACF8-22A9BC977173}.Release|ARM.ActiveCfg = Release|ARM
		{B52542C5-9FB3-49B3-ACF8-22A9BC977173}.Release|Mixed Platforms.ActiveCfg = Release|x86
		{B52542C5-9FB3-49B3-ACF8-22A9BC977173}.Release|Mixed Platforms.Build.0 = Release|x86
		{B52542C5-9FB3-49B3-ACF8-22A9BC977173}.Release|Mixed Platforms.Deploy.0 = Release|x86
		{B52542C5-9FB3-49B3-ACF8-22A9BC977173}.Release|Win32.ActiveCfg = Release|x86
		{B52542C5-9FB3-49B3-ACF8-22A9BC977173}.Release|Win32.Build.0 = Release|x86
		{B52542C5-9FB3-49B3-ACF8-22A9BC977173}.Release|Win32.Deploy.0 = Release|x86
		{B52542C5-9FB3-49B3-ACF8-22A9BC977173}.Release|x64.ActiveCfg = Release|x64
		{B52542C5-9FB3-49B3-ACF8-22A9BC977173}.Release|x64.Build.0 = Release|x64
		{B52542C5-9FB3-49B3-ACF8-22A9BC977173}.Release|x64.Deploy.0 = Release|x64
		{B52542C5-9FB3-49B3-ACF8-22A9BC977173}.Release|x86.ActiveCfg = Release|x86
		{B52542C5-9FB3-49B3-ACF8-22A9BC977173}.Release|x86.Build.0 = Release|x86
		{B52542C5-9FB3-49B3-ACF8-22A9BC977173}.Release|x86.Deploy.0 = Release|x86
		{F778C740-472E-4A14-BA76-3C802CEF02E2}.Debug Phone Device|Any CPU.ActiveCfg = Debug Phone Device|Any CPU
		{F778C740-472E-4A14-BA76-3C802CEF02E2}.Debug Phone Device|Any CPU.Build.0 = Debug Phone Device|Any CPU
		{F778C740-472E-4A14-BA76-3C802CEF02E2}.Debug Phone Device|ARM.ActiveCfg = Debug Phone Device|Any CPU
		{F778C740-472E-4A14-BA76-3C802CEF02E2}.Debug Phone Device|ARM.Build.0 = Debug Phone Device|Any CPU
		{F778C740-472E-4A14-BA76-3C802CEF02E2}.Debug Phone Device|Mixed Platforms.ActiveCfg = Debug Phone Device|Any CPU
		{F778C740-472E-4A14-BA76-3C802CEF02E2}.Debug Phone Device|Mixed Platforms.Build.0 = Debug Phone Device|Any CPU
		{F778C740-472E-4A14-BA76-3C802CEF02E2}.Debug Phone Device|Win32.ActiveCfg = Debug Phone Device|Any CPU
		{F778C740-472E-4A14-BA76-3C802CEF02E2}.Debug Phone Device|x64.ActiveCfg = Debug Phone Device|Any CPU
		{F778C740-472E-4A14-BA76-3C802CEF02E2}.Debug Phone Device|x86.ActiveCfg = Debug Phone Device|Any CPU
		{F778C740-472E-4A14-BA76-3C802CEF02E2}.Debug Phone Emulator|Any CPU.ActiveCfg = Debug PhoneApp|Any CPU
		{F778C740-472E-4A14-BA76-3C802CEF02E2}.Debug Phone Emulator|Any CPU.Build.0 = Debug PhoneApp|Any CPU
		{F778C740-472E-4A14-BA76-3C802CEF02E2}.Debug Phone Emulator|ARM.ActiveCfg = Debug PhoneApp|Any CPU
		{F778C740-472E-4A14-BA76-3C802CEF02E2}.Debug Phone Emulator|ARM.Build.0 = Debug PhoneApp|Any CPU
		{F778C740-472E-4A14-BA76-3C802CEF02E2}.Debug Phone Emulator|Mixed Platforms.ActiveCfg = Debug PhoneApp|Any CPU
		{F778C740-472E-4A14-BA76-3C802CEF02E2}.Debug Phone Emulator|Mixed Platforms.Build.0 = Debug PhoneApp|Any CPU
		{F778C740-472E-4A14-BA76-3C802CEF02E2}.Debug Phone Emulator|Win32.ActiveCfg = Debug PhoneApp|Any CPU
		{F778C740-472E-4A14-BA76-3C802CEF02E2}.Debug Phone Emulator|x64.ActiveCfg = Debug PhoneApp|Any CPU
		{F778C740-472E-4A14-BA76-3C802CEF02E2}.Debug Phone Emulator|x86.ActiveCfg = Debug PhoneApp|Any CPU
		{F778C740-472E-4A14-BA76-3C802CEF02E2}.Debug Phone Emulator|x86.Build.0 = Debug PhoneApp|Any CPU
		{F778C740-472E-4A14-BA76-3C802CEF02E2}.Debug StoreApp|Any CPU.ActiveCfg = Debug StoreApp|Any CPU
		{F778C740-472E-4A14-BA76-3C802CEF02E2}.Debug StoreApp|Any CPU.Build.0 = Debug StoreApp|Any CPU
		{F778C740-472E-4A14-BA76-3C802CEF02E2}.Debug StoreApp|ARM.ActiveCfg = Debug StoreApp|Any CPU
		{F778C740-472E-4A14-BA76-3C802CEF02E2}.Debug StoreApp|ARM.Build.0 = Debug StoreApp|Any CPU
		{F778C740-472E-4A14-BA76-3C802CEF02E2}.Debug StoreApp|Mixed Platforms.ActiveCfg = Debug StoreApp|Any CPU
		{F778C740-472E-4A14-BA76-3C802CEF02E2}.Debug StoreApp|Mixed Platforms.Build.0 = Debug StoreApp|Any CPU
		{F778C740-472E-4A14-BA76-3C802CEF02E2}.Debug StoreApp|Win32.ActiveCfg = Debug StoreApp|Any CPU
		{F778C740-472E-4A14-BA76-3C802CEF02E2}.Debug StoreApp|x64.ActiveCfg = Debug StoreApp|Any CPU
		{F778C740-472E-4A14-BA76-3C802CEF02E2}.Debug StoreApp|x86.ActiveCfg = Debug StoreApp|Any CPU
		{F778C740-472E-4A14-BA76-3C802CEF02E2}.Debug StoreApp|x86.Build.0 = Debug StoreApp|Any CPU
		{F778C740-472E-4A14-BA76-3C802CEF02E2}.Debug|Any CPU.ActiveCfg = Debug|Any CPU
		{F778C740-472E-4A14-BA76-3C802CEF02E2}.Debug|Any CPU.Build.0 = Debug|Any CPU
		{F778C740-472E-4A14-BA76-3C802CEF02E2}.Debug|ARM.ActiveCfg = Debug|Any CPU
		{F778C740-472E-4A14-BA76-3C802CEF02E2}.Debug|ARM.Build.0 = Debug|Any CPU
		{F778C740-472E-4A14-BA76-3C802CEF02E2}.Debug|Mixed Platforms.ActiveCfg = Debug|Any CPU
		{F778C740-472E-4A14-BA76-3C802CEF02E2}.Debug|Mixed Platforms.Build.0 = Debug|Any CPU
		{F778C740-472E-4A14-BA76-3C802CEF02E2}.Debug|Win32.ActiveCfg = Debug|Any CPU
		{F778C740-472E-4A14-BA76-3C802CEF02E2}.Debug|x64.ActiveCfg = Debug|Any CPU
		{F778C740-472E-4A14-BA76-3C802CEF02E2}.Debug|x86.ActiveCfg = Debug|Any CPU
		{F778C740-472E-4A14-BA76-3C802CEF02E2}.Release|Any CPU.ActiveCfg = Release|Any CPU
		{F778C740-472E-4A14-BA76-3C802CEF02E2}.Release|Any CPU.Build.0 = Release|Any CPU
		{F778C740-472E-4A14-BA76-3C802CEF02E2}.Release|ARM.ActiveCfg = Release|Any CPU
		{F778C740-472E-4A14-BA76-3C802CEF02E2}.Release|ARM.Build.0 = Release|Any CPU
		{F778C740-472E-4A14-BA76-3C802CEF02E2}.Release|Mixed Platforms.ActiveCfg = Release|Any CPU
		{F778C740-472E-4A14-BA76-3C802CEF02E2}.Release|Mixed Platforms.Build.0 = Release|Any CPU
		{F778C740-472E-4A14-BA76-3C802CEF02E2}.Release|Win32.ActiveCfg = Release|Any CPU
		{F778C740-472E-4A14-BA76-3C802CEF02E2}.Release|x64.ActiveCfg = Release|Any CPU
		{F778C740-472E-4A14-BA76-3C802CEF02E2}.Release|x86.ActiveCfg = Release|Any CPU
		{F778C740-472E-4A14-BA76-3C802CEF02E2}.Release|x86.Build.0 = Release|Any CPU
		{1C6379C1-9D5E-4254-8F4C-BE7EA24057D1}.Debug Phone Device|Any CPU.ActiveCfg = Debug Phone Device|Any CPU
		{1C6379C1-9D5E-4254-8F4C-BE7EA24057D1}.Debug Phone Device|Any CPU.Build.0 = Debug Phone Device|Any CPU
		{1C6379C1-9D5E-4254-8F4C-BE7EA24057D1}.Debug Phone Device|Any CPU.Deploy.0 = Debug Phone Device|Any CPU
		{1C6379C1-9D5E-4254-8F4C-BE7EA24057D1}.Debug Phone Device|ARM.ActiveCfg = Debug Phone Device|ARM
		{1C6379C1-9D5E-4254-8F4C-BE7EA24057D1}.Debug Phone Device|ARM.Build.0 = Debug Phone Device|ARM
		{1C6379C1-9D5E-4254-8F4C-BE7EA24057D1}.Debug Phone Device|ARM.Deploy.0 = Debug Phone Device|ARM
		{1C6379C1-9D5E-4254-8F4C-BE7EA24057D1}.Debug Phone Device|Mixed Platforms.ActiveCfg = Debug Phone Device|ARM
		{1C6379C1-9D5E-4254-8F4C-BE7EA24057D1}.Debug Phone Device|Mixed Platforms.Build.0 = Debug Phone Device|ARM
		{1C6379C1-9D5E-4254-8F4C-BE7EA24057D1}.Debug Phone Device|Mixed Platforms.Deploy.0 = Debug Phone Device|ARM
		{1C6379C1-9D5E-4254-8F4C-BE7EA24057D1}.Debug Phone Device|Win32.ActiveCfg = Debug Phone Device|x86
		{1C6379C1-9D5E-4254-8F4C-BE7EA24057D1}.Debug Phone Device|Win32.Build.0 = Debug Phone Device|x86
		{1C6379C1-9D5E-4254-8F4C-BE7EA24057D1}.Debug Phone Device|Win32.Deploy.0 = Debug Phone Device|x86
		{1C6379C1-9D5E-4254-8F4C-BE7EA24057D1}.Debug Phone Device|x64.ActiveCfg = Debug Phone Device|Any CPU
		{1C6379C1-9D5E-4254-8F4C-BE7EA24057D1}.Debug Phone Device|x86.ActiveCfg = Debug Phone Device|x86
		{1C6379C1-9D5E-4254-8F4C-BE7EA24057D1}.Debug Phone Device|x86.Build.0 = Debug Phone Device|x86
		{1C6379C1-9D5E-4254-8F4C-BE7EA24057D1}.Debug Phone Device|x86.Deploy.0 = Debug Phone Device|x86
		{1C6379C1-9D5E-4254-8F4C-BE7EA24057D1}.Debug Phone Emulator|Any CPU.ActiveCfg = Debug PhoneApp|ARM
		{1C6379C1-9D5E-4254-8F4C-BE7EA24057D1}.Debug Phone Emulator|Any CPU.Build.0 = Debug PhoneApp|ARM
		{1C6379C1-9D5E-4254-8F4C-BE7EA24057D1}.Debug Phone Emulator|Any CPU.Deploy.0 = Debug PhoneApp|ARM
		{1C6379C1-9D5E-4254-8F4C-BE7EA24057D1}.Debug Phone Emulator|ARM.ActiveCfg = Debug PhoneApp|ARM
		{1C6379C1-9D5E-4254-8F4C-BE7EA24057D1}.Debug Phone Emulator|ARM.Build.0 = Debug PhoneApp|ARM
		{1C6379C1-9D5E-4254-8F4C-BE7EA24057D1}.Debug Phone Emulator|ARM.Deploy.0 = Debug PhoneApp|ARM
		{1C6379C1-9D5E-4254-8F4C-BE7EA24057D1}.Debug Phone Emulator|Mixed Platforms.ActiveCfg = Debug PhoneApp|x86
		{1C6379C1-9D5E-4254-8F4C-BE7EA24057D1}.Debug Phone Emulator|Mixed Platforms.Build.0 = Debug PhoneApp|x86
		{1C6379C1-9D5E-4254-8F4C-BE7EA24057D1}.Debug Phone Emulator|Mixed Platforms.Deploy.0 = Debug PhoneApp|x86
		{1C6379C1-9D5E-4254-8F4C-BE7EA24057D1}.Debug Phone Emulator|Win32.ActiveCfg = Debug PhoneApp|x86
		{1C6379C1-9D5E-4254-8F4C-BE7EA24057D1}.Debug Phone Emulator|Win32.Build.0 = Debug PhoneApp|x86
		{1C6379C1-9D5E-4254-8F4C-BE7EA24057D1}.Debug Phone Emulator|Win32.Deploy.0 = Debug PhoneApp|x86
		{1C6379C1-9D5E-4254-8F4C-BE7EA24057D1}.Debug Phone Emulator|x64.ActiveCfg = Debug PhoneApp|Any CPU
		{1C6379C1-9D5E-4254-8F4C-BE7EA24057D1}.Debug Phone Emulator|x86.ActiveCfg = Debug PhoneApp|x86
		{1C6379C1-9D5E-4254-8F4C-BE7EA24057D1}.Debug Phone Emulator|x86.Build.0 = Debug PhoneApp|x86
		{1C6379C1-9D5E-4254-8F4C-BE7EA24057D1}.Debug Phone Emulator|x86.Deploy.0 = Debug PhoneApp|x86
		{1C6379C1-9D5E-4254-8F4C-BE7EA24057D1}.Debug StoreApp|Any CPU.ActiveCfg = Debug StoreApp|Any CPU
		{1C6379C1-9D5E-4254-8F4C-BE7EA24057D1}.Debug StoreApp|ARM.ActiveCfg = Debug StoreApp|ARM
		{1C6379C1-9D5E-4254-8F4C-BE7EA24057D1}.Debug StoreApp|Mixed Platforms.ActiveCfg = Debug StoreApp|x86
		{1C6379C1-9D5E-4254-8F4C-BE7EA24057D1}.Debug StoreApp|Win32.ActiveCfg = Debug StoreApp|x86
		{1C6379C1-9D5E-4254-8F4C-BE7EA24057D1}.Debug StoreApp|Win32.Build.0 = Debug StoreApp|x86
		{1C6379C1-9D5E-4254-8F4C-BE7EA24057D1}.Debug StoreApp|Win32.Deploy.0 = Debug StoreApp|x86
		{1C6379C1-9D5E-4254-8F4C-BE7EA24057D1}.Debug StoreApp|x64.ActiveCfg = Debug StoreApp|Any CPU
		{1C6379C1-9D5E-4254-8F4C-BE7EA24057D1}.Debug StoreApp|x86.ActiveCfg = Debug StoreApp|x86
		{1C6379C1-9D5E-4254-8F4C-BE7EA24057D1}.Debug|Any CPU.ActiveCfg = Debug|Any CPU
		{1C6379C1-9D5E-4254-8F4C-BE7EA24057D1}.Debug|Any CPU.Build.0 = Debug|Any CPU
		{1C6379C1-9D5E-4254-8F4C-BE7EA24057D1}.Debug|Any CPU.Deploy.0 = Debug|Any CPU
		{1C6379C1-9D5E-4254-8F4C-BE7EA24057D1}.Debug|ARM.ActiveCfg = Debug|ARM
		{1C6379C1-9D5E-4254-8F4C-BE7EA24057D1}.Debug|ARM.Build.0 = Debug|ARM
		{1C6379C1-9D5E-4254-8F4C-BE7EA24057D1}.Debug|ARM.Deploy.0 = Debug|ARM
		{1C6379C1-9D5E-4254-8F4C-BE7EA24057D1}.Debug|Mixed Platforms.ActiveCfg = Debug|x86
		{1C6379C1-9D5E-4254-8F4C-BE7EA24057D1}.Debug|Mixed Platforms.Build.0 = Debug|x86
		{1C6379C1-9D5E-4254-8F4C-BE7EA24057D1}.Debug|Mixed Platforms.Deploy.0 = Debug|x86
		{1C6379C1-9D5E-4254-8F4C-BE7EA24057D1}.Debug|Win32.ActiveCfg = Debug|x86
		{1C6379C1-9D5E-4254-8F4C-BE7EA24057D1}.Debug|Win32.Build.0 = Debug|x86
		{1C6379C1-9D5E-4254-8F4C-BE7EA24057D1}.Debug|Win32.Deploy.0 = Debug|x86
		{1C6379C1-9D5E-4254-8F4C-BE7EA24057D1}.Debug|x64.ActiveCfg = Debug|Any CPU
		{1C6379C1-9D5E-4254-8F4C-BE7EA24057D1}.Debug|x86.ActiveCfg = Debug|x86
		{1C6379C1-9D5E-4254-8F4C-BE7EA24057D1}.Debug|x86.Build.0 = Debug|x86
		{1C6379C1-9D5E-4254-8F4C-BE7EA24057D1}.Debug|x86.Deploy.0 = Debug|x86
		{1C6379C1-9D5E-4254-8F4C-BE7EA24057D1}.Release|Any CPU.ActiveCfg = Release|Any CPU
		{1C6379C1-9D5E-4254-8F4C-BE7EA24057D1}.Release|Any CPU.Build.0 = Release|Any CPU
		{1C6379C1-9D5E-4254-8F4C-BE7EA24057D1}.Release|Any CPU.Deploy.0 = Release|Any CPU
		{1C6379C1-9D5E-4254-8F4C-BE7EA24057D1}.Release|ARM.ActiveCfg = Release|ARM
		{1C6379C1-9D5E-4254-8F4C-BE7EA24057D1}.Release|ARM.Build.0 = Release|ARM
		{1C6379C1-9D5E-4254-8F4C-BE7EA24057D1}.Release|ARM.Deploy.0 = Release|ARM
		{1C6379C1-9D5E-4254-8F4C-BE7EA24057D1}.Release|Mixed Platforms.ActiveCfg = Release|x86
		{1C6379C1-9D5E-4254-8F4C-BE7EA24057D1}.Release|Mixed Platforms.Build.0 = Release|x86
		{1C6379C1-9D5E-4254-8F4C-BE7EA24057D1}.Release|Mixed Platforms.Deploy.0 = Release|x86
		{1C6379C1-9D5E-4254-8F4C-BE7EA24057D1}.Release|Win32.ActiveCfg = Release|x86
		{1C6379C1-9D5E-4254-8F4C-BE7EA24057D1}.Release|Win32.Build.0 = Release|x86
		{1C6379C1-9D5E-4254-8F4C-BE7EA24057D1}.Release|Win32.Deploy.0 = Release|x86
		{1C6379C1-9D5E-4254-8F4C-BE7EA24057D1}.Release|x64.ActiveCfg = Release|Any CPU
		{1C6379C1-9D5E-4254-8F4C-BE7EA24057D1}.Release|x86.ActiveCfg = Release|x86
		{F30C512C-9A35-4A5D-8432-8841286229A5}.Debug Phone Device|Any CPU.ActiveCfg = Debug Phone Device|Win32
		{F30C512C-9A35-4A5D-8432-8841286229A5}.Debug Phone Device|Any CPU.Build.0 = Debug Phone Device|Win32
		{F30C512C-9A35-4A5D-8432-8841286229A5}.Debug Phone Device|ARM.ActiveCfg = Debug Phone Device|ARM
		{F30C512C-9A35-4A5D-8432-8841286229A5}.Debug Phone Device|ARM.Build.0 = Debug Phone Device|ARM
		{F30C512C-9A35-4A5D-8432-8841286229A5}.Debug Phone Device|Mixed Platforms.ActiveCfg = Debug Phone Device|Win32
		{F30C512C-9A35-4A5D-8432-8841286229A5}.Debug Phone Device|Mixed Platforms.Build.0 = Debug Phone Device|Win32
		{F30C512C-9A35-4A5D-8432-8841286229A5}.Debug Phone Device|Win32.ActiveCfg = Debug Phone Device|Win32
		{F30C512C-9A35-4A5D-8432-8841286229A5}.Debug Phone Device|Win32.Build.0 = Debug Phone Device|Win32
		{F30C512C-9A35-4A5D-8432-8841286229A5}.Debug Phone Device|x64.ActiveCfg = Debug Phone Device|Win32
		{F30C512C-9A35-4A5D-8432-8841286229A5}.Debug Phone Device|x86.ActiveCfg = Debug Phone Device|Win32
		{F30C512C-9A35-4A5D-8432-8841286229A5}.Debug Phone Device|x86.Build.0 = Debug Phone Device|Win32
		{F30C512C-9A35-4A5D-8432-8841286229A5}.Debug Phone Emulator|Any CPU.ActiveCfg = Debug PhoneApp|ARM
		{F30C512C-9A35-4A5D-8432-8841286229A5}.Debug Phone Emulator|Any CPU.Build.0 = Debug PhoneApp|ARM
		{F30C512C-9A35-4A5D-8432-8841286229A5}.Debug Phone Emulator|ARM.ActiveCfg = Debug PhoneApp|Win32
		{F30C512C-9A35-4A5D-8432-8841286229A5}.Debug Phone Emulator|ARM.Build.0 = Debug PhoneApp|Win32
		{F30C512C-9A35-4A5D-8432-8841286229A5}.Debug Phone Emulator|Mixed Platforms.ActiveCfg = Debug PhoneApp|Win32
		{F30C512C-9A35-4A5D-8432-8841286229A5}.Debug Phone Emulator|Mixed Platforms.Build.0 = Debug PhoneApp|Win32
		{F30C512C-9A35-4A5D-8432-8841286229A5}.Debug Phone Emulator|Win32.ActiveCfg = Debug PhoneApp|Win32
		{F30C512C-9A35-4A5D-8432-8841286229A5}.Debug Phone Emulator|Win32.Build.0 = Debug PhoneApp|Win32
		{F30C512C-9A35-4A5D-8432-8841286229A5}.Debug Phone Emulator|x64.ActiveCfg = Debug PhoneApp|Win32
		{F30C512C-9A35-4A5D-8432-8841286229A5}.Debug Phone Emulator|x86.ActiveCfg = Debug PhoneApp|Win32
		{F30C512C-9A35-4A5D-8432-8841286229A5}.Debug Phone Emulator|x86.Build.0 = Debug PhoneApp|Win32
		{F30C512C-9A35-4A5D-8432-8841286229A5}.Debug StoreApp|Any CPU.ActiveCfg = Debug StoreApp|Win32
		{F30C512C-9A35-4A5D-8432-8841286229A5}.Debug StoreApp|ARM.ActiveCfg = Debug StoreApp|ARM
		{F30C512C-9A35-4A5D-8432-8841286229A5}.Debug StoreApp|Mixed Platforms.ActiveCfg = Debug StoreApp|Win32
		{F30C512C-9A35-4A5D-8432-8841286229A5}.Debug StoreApp|Win32.ActiveCfg = Debug StoreApp|Win32
		{F30C512C-9A35-4A5D-8432-8841286229A5}.Debug StoreApp|Win32.Build.0 = Debug StoreApp|Win32
		{F30C512C-9A35-4A5D-8432-8841286229A5}.Debug StoreApp|x64.ActiveCfg = Debug StoreApp|Win32
		{F30C512C-9A35-4A5D-8432-8841286229A5}.Debug StoreApp|x86.ActiveCfg = Debug StoreApp|Win32
		{F30C512C-9A35-4A5D-8432-8841286229A5}.Debug|Any CPU.ActiveCfg = Debug|Win32
		{F30C512C-9A35-4A5D-8432-8841286229A5}.Debug|Any CPU.Build.0 = Debug|Win32
		{F30C512C-9A35-4A5D-8432-8841286229A5}.Debug|ARM.ActiveCfg = Debug|ARM
		{F30C512C-9A35-4A5D-8432-8841286229A5}.Debug|ARM.Build.0 = Debug|ARM
		{F30C512C-9A35-4A5D-8432-8841286229A5}.Debug|Mixed Platforms.ActiveCfg = Debug|Win32
		{F30C512C-9A35-4A5D-8432-8841286229A5}.Debug|Mixed Platforms.Build.0 = Debug|Win32
		{F30C512C-9A35-4A5D-8432-8841286229A5}.Debug|Win32.ActiveCfg = Debug|Win32
		{F30C512C-9A35-4A5D-8432-8841286229A5}.Debug|Win32.Build.0 = Debug|Win32
		{F30C512C-9A35-4A5D-8432-8841286229A5}.Debug|x64.ActiveCfg = Debug|Win32
		{F30C512C-9A35-4A5D-8432-8841286229A5}.Debug|x86.ActiveCfg = Debug|Win32
		{F30C512C-9A35-4A5D-8432-8841286229A5}.Debug|x86.Build.0 = Debug|Win32
		{F30C512C-9A35-4A5D-8432-8841286229A5}.Release|Any CPU.ActiveCfg = Release|Win32
		{F30C512C-9A35-4A5D-8432-8841286229A5}.Release|ARM.ActiveCfg = Release|ARM
		{F30C512C-9A35-4A5D-8432-8841286229A5}.Release|ARM.Build.0 = Release|ARM
		{F30C512C-9A35-4A5D-8432-8841286229A5}.Release|Mixed Platforms.ActiveCfg = Release|Win32
		{F30C512C-9A35-4A5D-8432-8841286229A5}.Release|Mixed Platforms.Build.0 = Release|Win32
		{F30C512C-9A35-4A5D-8432-8841286229A5}.Release|Win32.ActiveCfg = Release|Win32
		{F30C512C-9A35-4A5D-8432-8841286229A5}.Release|Win32.Build.0 = Release|Win32
		{F30C512C-9A35-4A5D-8432-8841286229A5}.Release|x64.ActiveCfg = Release|Win32
		{F30C512C-9A35-4A5D-8432-8841286229A5}.Release|x86.ActiveCfg = Release|Win32
		{52778EA4-9990-4BF5-8CBA-BBFA761A42D1}.Debug Phone Device|Any CPU.ActiveCfg = Debug Phone Device|Win32
		{52778EA4-9990-4BF5-8CBA-BBFA761A42D1}.Debug Phone Device|ARM.ActiveCfg = Debug Phone Device|ARM
		{52778EA4-9990-4BF5-8CBA-BBFA761A42D1}.Debug Phone Device|Mixed Platforms.ActiveCfg = Debug Phone Device|Win32
		{52778EA4-9990-4BF5-8CBA-BBFA761A42D1}.Debug Phone Device|Win32.ActiveCfg = Debug Phone Device|Win32
		{52778EA4-9990-4BF5-8CBA-BBFA761A42D1}.Debug Phone Device|Win32.Build.0 = Debug Phone Device|Win32
		{52778EA4-9990-4BF5-8CBA-BBFA761A42D1}.Debug Phone Device|x64.ActiveCfg = Debug Phone Device|x64
		{52778EA4-9990-4BF5-8CBA-BBFA761A42D1}.Debug Phone Device|x64.Build.0 = Debug Phone Device|x64
		{52778EA4-9990-4BF5-8CBA-BBFA761A42D1}.Debug Phone Device|x86.ActiveCfg = Debug Phone Device|Win32
		{52778EA4-9990-4BF5-8CBA-BBFA761A42D1}.Debug Phone Device|x86.Build.0 = Debug Phone Device|Win32
		{52778EA4-9990-4BF5-8CBA-BBFA761A42D1}.Debug Phone Emulator|Any CPU.ActiveCfg = Debug PhoneApp|Win32
		{52778EA4-9990-4BF5-8CBA-BBFA761A42D1}.Debug Phone Emulator|ARM.ActiveCfg = Debug PhoneApp|Win32
		{52778EA4-9990-4BF5-8CBA-BBFA761A42D1}.Debug Phone Emulator|ARM.Build.0 = Debug PhoneApp|Win32
		{52778EA4-9990-4BF5-8CBA-BBFA761A42D1}.Debug Phone Emulator|Mixed Platforms.ActiveCfg = Debug PhoneApp|Win32
		{52778EA4-9990-4BF5-8CBA-BBFA761A42D1}.Debug Phone Emulator|Win32.ActiveCfg = Debug PhoneApp|Win32
		{52778EA4-9990-4BF5-8CBA-BBFA761A42D1}.Debug Phone Emulator|x64.ActiveCfg = Debug PhoneApp|x64
		{52778EA4-9990-4BF5-8CBA-BBFA761A42D1}.Debug Phone Emulator|x64.Build.0 = Debug PhoneApp|x64
		{52778EA4-9990-4BF5-8CBA-BBFA761A42D1}.Debug Phone Emulator|x86.ActiveCfg = Debug PhoneApp|Win32
		{52778EA4-9990-4BF5-8CBA-BBFA761A42D1}.Debug StoreApp|Any CPU.ActiveCfg = Debug StoreApp|Win32
		{52778EA4-9990-4BF5-8CBA-BBFA761A42D1}.Debug StoreApp|Any CPU.Build.0 = Debug StoreApp|Win32
		{52778EA4-9990-4BF5-8CBA-BBFA761A42D1}.Debug StoreApp|ARM.ActiveCfg = Debug StoreApp|ARM
		{52778EA4-9990-4BF5-8CBA-BBFA761A42D1}.Debug StoreApp|ARM.Build.0 = Debug StoreApp|ARM
		{52778EA4-9990-4BF5-8CBA-BBFA761A42D1}.Debug StoreApp|Mixed Platforms.ActiveCfg = Debug StoreApp|Win32
		{52778EA4-9990-4BF5-8CBA-BBFA761A42D1}.Debug StoreApp|Mixed Platforms.Build.0 = Debug StoreApp|Win32
		{52778EA4-9990-4BF5-8CBA-BBFA761A42D1}.Debug StoreApp|Win32.ActiveCfg = Debug StoreApp|Win32
		{52778EA4-9990-4BF5-8CBA-BBFA761A42D1}.Debug StoreApp|Win32.Build.0 = Debug StoreApp|Win32
		{52778EA4-9990-4BF5-8CBA-BBFA761A42D1}.Debug StoreApp|x64.ActiveCfg = Debug StoreApp|x64
		{52778EA4-9990-4BF5-8CBA-BBFA761A42D1}.Debug StoreApp|x64.Build.0 = Debug StoreApp|x64
		{52778EA4-9990-4BF5-8CBA-BBFA761A42D1}.Debug StoreApp|x86.ActiveCfg = Debug StoreApp|Win32
		{52778EA4-9990-4BF5-8CBA-BBFA761A42D1}.Debug StoreApp|x86.Build.0 = Debug StoreApp|Win32
		{52778EA4-9990-4BF5-8CBA-BBFA761A42D1}.Debug|Any CPU.ActiveCfg = Debug|Win32
		{52778EA4-9990-4BF5-8CBA-BBFA761A42D1}.Debug|Any CPU.Build.0 = Debug|Win32
		{52778EA4-9990-4BF5-8CBA-BBFA761A42D1}.Debug|ARM.ActiveCfg = Debug|ARM
		{52778EA4-9990-4BF5-8CBA-BBFA761A42D1}.Debug|Mixed Platforms.ActiveCfg = Debug|Win32
		{52778EA4-9990-4BF5-8CBA-BBFA761A42D1}.Debug|Mixed Platforms.Build.0 = Debug|Win32
		{52778EA4-9990-4BF5-8CBA-BBFA761A42D1}.Debug|Win32.ActiveCfg = Debug|Win32
		{52778EA4-9990-4BF5-8CBA-BBFA761A42D1}.Debug|Win32.Build.0 = Debug|Win32
		{52778EA4-9990-4BF5-8CBA-BBFA761A42D1}.Debug|x64.ActiveCfg = Debug|x64
		{52778EA4-9990-4BF5-8CBA-BBFA761A42D1}.Debug|x64.Build.0 = Debug|x64
		{52778EA4-9990-4BF5-8CBA-BBFA761A42D1}.Debug|x86.ActiveCfg = Debug|Win32
		{52778EA4-9990-4BF5-8CBA-BBFA761A42D1}.Debug|x86.Build.0 = Debug|Win32
		{52778EA4-9990-4BF5-8CBA-BBFA761A42D1}.Release|Any CPU.ActiveCfg = Release|Win32
		{52778EA4-9990-4BF5-8CBA-BBFA761A42D1}.Release|ARM.ActiveCfg = Release|ARM
		{52778EA4-9990-4BF5-8CBA-BBFA761A42D1}.Release|Mixed Platforms.ActiveCfg = Release|Win32
		{52778EA4-9990-4BF5-8CBA-BBFA761A42D1}.Release|Mixed Platforms.Build.0 = Release|Win32
		{52778EA4-9990-4BF5-8CBA-BBFA761A42D1}.Release|Win32.ActiveCfg = Release|Win32
		{52778EA4-9990-4BF5-8CBA-BBFA761A42D1}.Release|Win32.Build.0 = Release|Win32
		{52778EA4-9990-4BF5-8CBA-BBFA761A42D1}.Release|x64.ActiveCfg = Release|x64
		{52778EA4-9990-4BF5-8CBA-BBFA761A42D1}.Release|x64.Build.0 = Release|x64
		{52778EA4-9990-4BF5-8CBA-BBFA761A42D1}.Release|x86.ActiveCfg = Release|Win32
		{52778EA4-9990-4BF5-8CBA-BBFA761A42D1}.Release|x86.Build.0 = Release|Win32
	EndGlobalSection
	GlobalSection(SolutionProperties) = preSolution
		HideSolutionNode = FALSE
	EndGlobalSection
EndGlobal
