
Microsoft Visual Studio Solution File, Format Version 11.00
# Visual Studio 2010 Express for Windows Phone
Project("{FAE04EC0-301F-11D3-BF4B-00C04F79EFBC}") = "sdkBackgroundAudioPlayerCS", "sdkBackgroundAudioPlayerCS\sdkBackgroundAudioPlayerCS.csproj", "{D251D24E-7B18-483A-8697-EC7C84F0329E}"
EndProject
Project("{FAE04EC0-301F-11D3-BF4B-00C04F79EFBC}") = "MyAudioPlaybackAgent", "MyAudioPlaybackAgent\MyAudioPlaybackAgent.csproj", "{2271E657-539C-43AF-9BBB-D8E2B93E62DB}"
EndProject
Global
	GlobalSection(SolutionConfigurationPlatforms) = preSolution
		Debug|Any CPU = Debug|Any CPU
		Release|Any CPU = Release|Any CPU
	EndGlobalSection
	GlobalSection(ProjectConfigurationPlatforms) = postSolution
		{D251D24E-7B18-483A-8697-EC7C84F0329E}.Debug|Any CPU.ActiveCfg = Debug|Any CPU
		{D251D24E-7B18-483A-8697-EC7C84F0329E}.Debug|Any CPU.Build.0 = Debug|Any CPU
		{D251D24E-7B18-483A-8697-EC7C84F0329E}.Debug|Any CPU.Deploy.0 = Debug|Any CPU
		{D251D24E-7B18-483A-8697-EC7C84F0329E}.Release|Any CPU.ActiveCfg = Release|Any CPU
		{D251D24E-7B18-483A-8697-EC7C84F0329E}.Release|Any CPU.Build.0 = Release|Any CPU
		{D251D24E-7B18-483A-8697-EC7C84F0329E}.Release|Any CPU.Deploy.0 = Release|Any CPU
		{2271E657-539C-43AF-9BBB-D8E2B93E62DB}.Debug|Any CPU.ActiveCfg = Debug|Any CPU
		{2271E657-539C-43AF-9BBB-D8E2B93E62DB}.Debug|Any CPU.Build.0 = Debug|Any CPU
		{2271E657-539C-43AF-9BBB-D8E2B93E62DB}.Release|Any CPU.ActiveCfg = Release|Any CPU
		{2271E657-539C-43AF-9BBB-D8E2B93E62DB}.Release|Any CPU.Build.0 = Release|Any CPU
	EndGlobalSection
	GlobalSection(SolutionProperties) = preSolution
		HideSolutionNode = FALSE
	EndGlobalSection
EndGlobal
