
Microsoft Visual Studio Solution File, Format Version 12.00
# Visual Studio Express 2012 for Windows Phone
Project("{FAE04EC0-301F-11D3-BF4B-00C04F79EFBC}") = "CSWP8ProgressIndicator", "CSWP8ProgressIndicator\CSWP8ProgressIndicator.csproj", "{B701AA39-7AF1-42FB-96A9-564C258AEC70}"
EndProject
Global
	GlobalSection(SolutionConfigurationPlatforms) = preSolution
		Debug|Any CPU = Debug|Any CPU
		Debug|ARM = Debug|ARM
		Debug|x86 = Debug|x86
		Release|Any CPU = Release|Any CPU
		Release|ARM = Release|ARM
		Release|x86 = Release|x86
	EndGlobalSection
	GlobalSection(ProjectConfigurationPlatforms) = postSolution
		{B701AA39-7AF1-42FB-96A9-564C258AEC70}.Debug|Any CPU.ActiveCfg = Debug|Any CPU
		{B701AA39-7AF1-42FB-96A9-564C258AEC70}.Debug|Any CPU.Build.0 = Debug|Any CPU
		{B701AA39-7AF1-42FB-96A9-564C258AEC70}.Debug|Any CPU.Deploy.0 = Debug|Any CPU
		{B701AA39-7AF1-42FB-96A9-564C258AEC70}.Debug|ARM.ActiveCfg = Debug|ARM
		{B701AA39-7AF1-42FB-96A9-564C258AEC70}.Debug|ARM.Build.0 = Debug|ARM
		{B701AA39-7AF1-42FB-96A9-564C258AEC70}.Debug|ARM.Deploy.0 = Debug|ARM
		{B701AA39-7AF1-42FB-96A9-564C258AEC70}.Debug|x86.ActiveCfg = Debug|x86
		{B701AA39-7AF1-42FB-96A9-564C258AEC70}.Debug|x86.Build.0 = Debug|x86
		{B701AA39-7AF1-42FB-96A9-564C258AEC70}.Debug|x86.Deploy.0 = Debug|x86
		{B701AA39-7AF1-42FB-96A9-564C258AEC70}.Release|Any CPU.ActiveCfg = Release|Any CPU
		{B701AA39-7AF1-42FB-96A9-564C258AEC70}.Release|Any CPU.Build.0 = Release|Any CPU
		{B701AA39-7AF1-42FB-96A9-564C258AEC70}.Release|Any CPU.Deploy.0 = Release|Any CPU
		{B701AA39-7AF1-42FB-96A9-564C258AEC70}.Release|ARM.ActiveCfg = Release|ARM
		{B701AA39-7AF1-42FB-96A9-564C258AEC70}.Release|ARM.Build.0 = Release|ARM
		{B701AA39-7AF1-42FB-96A9-564C258AEC70}.Release|ARM.Deploy.0 = Release|ARM
		{B701AA39-7AF1-42FB-96A9-564C258AEC70}.Release|x86.ActiveCfg = Release|x86
		{B701AA39-7AF1-42FB-96A9-564C258AEC70}.Release|x86.Build.0 = Release|x86
		{B701AA39-7AF1-42FB-96A9-564C258AEC70}.Release|x86.Deploy.0 = Release|x86
	EndGlobalSection
	GlobalSection(SolutionProperties) = preSolution
		HideSolutionNode = FALSE
	EndGlobalSection
EndGlobal
