
Microsoft Visual Studio Solution File, Format Version 12.00
# Visual Studio 2012
Project("{FAE04EC0-301F-11D3-BF4B-00C04F79EFBC}") = "StarterKitPhone", "StarterKitPhone\StarterKitPhone\StarterKitPhone.csproj", "{33C79F81-F93C-4E37-8E73-BEC6789F1A3A}"
EndProject
Project("{8BC9CEB8-8B4A-11D0-8D11-00A0C91BC942}") = "StarterKitPhoneComponent", "StarterKitPhone\StarterKitPhoneComponent\StarterKitPhoneComponent.vcxproj", "{006158C5-2ACF-4CAE-8E79-C886F4F38479}"
EndProject
Project("{2150E333-8FDC-42A3-9474-1A3956D46DE8}") = "Shared", "Shared", "{5BE017D1-F556-4D80-BCDF-E1A7469E38DF}"
	ProjectSection(SolutionItems) = preProject
		Shared\BasicTimer.h = Shared\BasicTimer.h
		Shared\DDSTextureLoader.cpp = Shared\DDSTextureLoader.cpp
		Shared\DDSTextureLoader.h = Shared\DDSTextureLoader.h
		Shared\Direct3DBase.cpp = Shared\Direct3DBase.cpp
		Shared\Direct3DBase.h = Shared\Direct3DBase.h
		Shared\DirectXHelper.h = Shared\DirectXHelper.h
		Shared\Game.cpp = Shared\Game.cpp
		Shared\Game.h = Shared\Game.h
		Shared\GameBase.cpp = Shared\GameBase.cpp
		Shared\GameBase.h = Shared\GameBase.h
		Shared\VSD3DStarter.h = Shared\VSD3DStarter.h
	EndProjectSection
EndProject
Project("{2150E333-8FDC-42A3-9474-1A3956D46DE8}") = "Animation", "Animation", "{1D48CBAE-628D-4B5A-A1EA-57A96E258615}"
	ProjectSection(SolutionItems) = preProject
		Shared\Animation\Animation.h = Shared\Animation\Animation.h
		Shared\Animation\SkinningVertexShader.hlsl = Shared\Animation\SkinningVertexShader.hlsl
	EndProjectSection
EndProject
Project("{2150E333-8FDC-42A3-9474-1A3956D46DE8}") = "Assets", "Assets", "{72B65E4F-CE72-46DF-8CD3-D1B4CFD5B466}"
	ProjectSection(SolutionItems) = preProject
		Shared\Assets\CubeUVImage.png = Shared\Assets\CubeUVImage.png
		Shared\Assets\gamelevel.fbx = Shared\Assets\gamelevel.fbx
		Shared\Assets\GlowEffect.dgsl = Shared\Assets\GlowEffect.dgsl
		Shared\Assets\GlowEffect.hlsl = Shared\Assets\GlowEffect.hlsl
		Shared\Assets\teapot.fbx = Shared\Assets\teapot.fbx
	EndProjectSection
EndProject
Global
	GlobalSection(SolutionConfigurationPlatforms) = preSolution
		Debug|ARM = Debug|ARM
		Debug|Win32 = Debug|Win32
		Release|ARM = Release|ARM
		Release|Win32 = Release|Win32
	EndGlobalSection
	GlobalSection(ProjectConfigurationPlatforms) = postSolution
		{33C79F81-F93C-4E37-8E73-BEC6789F1A3A}.Debug|ARM.ActiveCfg = Debug|ARM
		{33C79F81-F93C-4E37-8E73-BEC6789F1A3A}.Debug|ARM.Build.0 = Debug|ARM
		{33C79F81-F93C-4E37-8E73-BEC6789F1A3A}.Debug|ARM.Deploy.0 = Debug|ARM
		{33C79F81-F93C-4E37-8E73-BEC6789F1A3A}.Debug|Win32.ActiveCfg = Debug|x86
		{33C79F81-F93C-4E37-8E73-BEC6789F1A3A}.Debug|Win32.Build.0 = Debug|x86
		{33C79F81-F93C-4E37-8E73-BEC6789F1A3A}.Debug|Win32.Deploy.0 = Debug|x86
		{33C79F81-F93C-4E37-8E73-BEC6789F1A3A}.Release|ARM.ActiveCfg = Release|ARM
		{33C79F81-F93C-4E37-8E73-BEC6789F1A3A}.Release|ARM.Build.0 = Release|ARM
		{33C79F81-F93C-4E37-8E73-BEC6789F1A3A}.Release|ARM.Deploy.0 = Release|ARM
		{33C79F81-F93C-4E37-8E73-BEC6789F1A3A}.Release|Win32.ActiveCfg = Release|x86
		{33C79F81-F93C-4E37-8E73-BEC6789F1A3A}.Release|Win32.Build.0 = Release|x86
		{33C79F81-F93C-4E37-8E73-BEC6789F1A3A}.Release|Win32.Deploy.0 = Release|x86
		{006158C5-2ACF-4CAE-8E79-C886F4F38479}.Debug|ARM.ActiveCfg = Debug|ARM
		{006158C5-2ACF-4CAE-8E79-C886F4F38479}.Debug|ARM.Build.0 = Debug|ARM
		{006158C5-2ACF-4CAE-8E79-C886F4F38479}.Debug|Win32.ActiveCfg = Debug|Win32
		{006158C5-2ACF-4CAE-8E79-C886F4F38479}.Debug|Win32.Build.0 = Debug|Win32
		{006158C5-2ACF-4CAE-8E79-C886F4F38479}.Release|ARM.ActiveCfg = Release|ARM
		{006158C5-2ACF-4CAE-8E79-C886F4F38479}.Release|ARM.Build.0 = Release|ARM
		{006158C5-2ACF-4CAE-8E79-C886F4F38479}.Release|Win32.ActiveCfg = Release|Win32
		{006158C5-2ACF-4CAE-8E79-C886F4F38479}.Release|Win32.Build.0 = Release|Win32
	EndGlobalSection
	GlobalSection(SolutionProperties) = preSolution
		HideSolutionNode = FALSE
	EndGlobalSection
	GlobalSection(NestedProjects) = preSolution
		{1D48CBAE-628D-4B5A-A1EA-57A96E258615} = {5BE017D1-F556-4D80-BCDF-E1A7469E38DF}
		{72B65E4F-CE72-46DF-8CD3-D1B4CFD5B466} = {5BE017D1-F556-4D80-BCDF-E1A7469E38DF}
	EndGlobalSection
EndGlobal
