
Microsoft Visual Studio Solution File, Format Version 12.00
# Visual Studio 2013
VisualStudioVersion = 12.0.21005.1
MinimumVisualStudioVersion = 10.0.40219.1
Project("{FAE04EC0-301F-11D3-BF4B-00C04F79EFBC}") = "EventBuddy.WindowsPhone", "WindowsPhone8\EventBuddy.WindowsPhone.csproj", "{E59576CC-45CF-4302-9782-5F6F88F0ADBC}"
EndProject
Project("{FAE04EC0-301F-11D3-BF4B-00C04F79EFBC}") = "EventBuddy", "WindowsStoreApp\EventBuddy.csproj", "{E6F7FE91-1B8C-4C7E-887C-0B4C266BEAD6}"
EndProject
Project("{2150E333-8FDC-42A3-9474-1A3956D46DE8}") = ".nuget", ".nuget", "{F96C0AA4-56F5-4608-9164-FF102321E279}"
	ProjectSection(SolutionItems) = preProject
		.nuget\NuGet.Config = .nuget\NuGet.Config
		.nuget\NuGet.exe = .nuget\NuGet.exe
		.nuget\NuGet.targets = .nuget\NuGet.targets
	EndProjectSection
EndProject
Global
	GlobalSection(SolutionConfigurationPlatforms) = preSolution
		Debug|Any CPU = Debug|Any CPU
		Debug|ARM = Debug|ARM
		Debug|x64 = Debug|x64
		Debug|x86 = Debug|x86
		Release|Any CPU = Release|Any CPU
		Release|ARM = Release|ARM
		Release|x64 = Release|x64
		Release|x86 = Release|x86
	EndGlobalSection
	GlobalSection(ProjectConfigurationPlatforms) = postSolution
		{E59576CC-45CF-4302-9782-5F6F88F0ADBC}.Debug|Any CPU.ActiveCfg = Debug|Any CPU
		{E59576CC-45CF-4302-9782-5F6F88F0ADBC}.Debug|Any CPU.Build.0 = Debug|Any CPU
		{E59576CC-45CF-4302-9782-5F6F88F0ADBC}.Debug|Any CPU.Deploy.0 = Debug|Any CPU
		{E59576CC-45CF-4302-9782-5F6F88F0ADBC}.Debug|ARM.ActiveCfg = Debug|ARM
		{E59576CC-45CF-4302-9782-5F6F88F0ADBC}.Debug|ARM.Build.0 = Debug|ARM
		{E59576CC-45CF-4302-9782-5F6F88F0ADBC}.Debug|ARM.Deploy.0 = Debug|ARM
		{E59576CC-45CF-4302-9782-5F6F88F0ADBC}.Debug|x64.ActiveCfg = Debug|Any CPU
		{E59576CC-45CF-4302-9782-5F6F88F0ADBC}.Debug|x86.ActiveCfg = Debug|x86
		{E59576CC-45CF-4302-9782-5F6F88F0ADBC}.Debug|x86.Build.0 = Debug|x86
		{E59576CC-45CF-4302-9782-5F6F88F0ADBC}.Debug|x86.Deploy.0 = Debug|x86
		{E59576CC-45CF-4302-9782-5F6F88F0ADBC}.Release|Any CPU.ActiveCfg = Release|Any CPU
		{E59576CC-45CF-4302-9782-5F6F88F0ADBC}.Release|Any CPU.Build.0 = Release|Any CPU
		{E59576CC-45CF-4302-9782-5F6F88F0ADBC}.Release|Any CPU.Deploy.0 = Release|Any CPU
		{E59576CC-45CF-4302-9782-5F6F88F0ADBC}.Release|ARM.ActiveCfg = Release|ARM
		{E59576CC-45CF-4302-9782-5F6F88F0ADBC}.Release|ARM.Build.0 = Release|ARM
		{E59576CC-45CF-4302-9782-5F6F88F0ADBC}.Release|ARM.Deploy.0 = Release|ARM
		{E59576CC-45CF-4302-9782-5F6F88F0ADBC}.Release|x64.ActiveCfg = Release|Any CPU
		{E59576CC-45CF-4302-9782-5F6F88F0ADBC}.Release|x86.ActiveCfg = Release|x86
		{E59576CC-45CF-4302-9782-5F6F88F0ADBC}.Release|x86.Build.0 = Release|x86
		{E59576CC-45CF-4302-9782-5F6F88F0ADBC}.Release|x86.Deploy.0 = Release|x86
		{E6F7FE91-1B8C-4C7E-887C-0B4C266BEAD6}.Debug|Any CPU.ActiveCfg = Debug|Any CPU
		{E6F7FE91-1B8C-4C7E-887C-0B4C266BEAD6}.Debug|Any CPU.Build.0 = Debug|Any CPU
		{E6F7FE91-1B8C-4C7E-887C-0B4C266BEAD6}.Debug|Any CPU.Deploy.0 = Debug|Any CPU
		{E6F7FE91-1B8C-4C7E-887C-0B4C266BEAD6}.Debug|ARM.ActiveCfg = Debug|ARM
		{E6F7FE91-1B8C-4C7E-887C-0B4C266BEAD6}.Debug|ARM.Build.0 = Debug|ARM
		{E6F7FE91-1B8C-4C7E-887C-0B4C266BEAD6}.Debug|ARM.Deploy.0 = Debug|ARM
		{E6F7FE91-1B8C-4C7E-887C-0B4C266BEAD6}.Debug|x64.ActiveCfg = Debug|x64
		{E6F7FE91-1B8C-4C7E-887C-0B4C266BEAD6}.Debug|x64.Build.0 = Debug|x64
		{E6F7FE91-1B8C-4C7E-887C-0B4C266BEAD6}.Debug|x64.Deploy.0 = Debug|x64
		{E6F7FE91-1B8C-4C7E-887C-0B4C266BEAD6}.Debug|x86.ActiveCfg = Debug|x86
		{E6F7FE91-1B8C-4C7E-887C-0B4C266BEAD6}.Debug|x86.Build.0 = Debug|x86
		{E6F7FE91-1B8C-4C7E-887C-0B4C266BEAD6}.Debug|x86.Deploy.0 = Debug|x86
		{E6F7FE91-1B8C-4C7E-887C-0B4C266BEAD6}.Release|Any CPU.ActiveCfg = Release|Any CPU
		{E6F7FE91-1B8C-4C7E-887C-0B4C266BEAD6}.Release|Any CPU.Build.0 = Release|Any CPU
		{E6F7FE91-1B8C-4C7E-887C-0B4C266BEAD6}.Release|Any CPU.Deploy.0 = Release|Any CPU
		{E6F7FE91-1B8C-4C7E-887C-0B4C266BEAD6}.Release|ARM.ActiveCfg = Release|ARM
		{E6F7FE91-1B8C-4C7E-887C-0B4C266BEAD6}.Release|ARM.Build.0 = Release|ARM
		{E6F7FE91-1B8C-4C7E-887C-0B4C266BEAD6}.Release|ARM.Deploy.0 = Release|ARM
		{E6F7FE91-1B8C-4C7E-887C-0B4C266BEAD6}.Release|x64.ActiveCfg = Release|x64
		{E6F7FE91-1B8C-4C7E-887C-0B4C266BEAD6}.Release|x64.Build.0 = Release|x64
		{E6F7FE91-1B8C-4C7E-887C-0B4C266BEAD6}.Release|x64.Deploy.0 = Release|x64
		{E6F7FE91-1B8C-4C7E-887C-0B4C266BEAD6}.Release|x86.ActiveCfg = Release|x86
		{E6F7FE91-1B8C-4C7E-887C-0B4C266BEAD6}.Release|x86.Build.0 = Release|x86
		{E6F7FE91-1B8C-4C7E-887C-0B4C266BEAD6}.Release|x86.Deploy.0 = Release|x86
	EndGlobalSection
	GlobalSection(SolutionProperties) = preSolution
		HideSolutionNode = FALSE
	EndGlobalSection
EndGlobal
