
Microsoft Visual Studio Solution File, Format Version 12.00
# Visual Studio 2012
Project("{FAE04EC0-301F-11D3-BF4B-00C04F79EFBC}") = "CSWP8ScheduledTaskAgent", "CSWP8ScheduledTaskAgent\CSWP8ScheduledTaskAgent\CSWP8ScheduledTaskAgent.csproj", "{A7ED1322-783A-4250-A5CB-29B8E7C6C62F}"
EndProject
Project("{FAE04EC0-301F-11D3-BF4B-00C04F79EFBC}") = "ScheduledDemoTaskAgent", "CSWP8ScheduledTaskAgent\ScheduledDemoTaskAgent\ScheduledDemoTaskAgent.csproj", "{54780614-3E92-4B09-9F01-821B2AC6564E}"
EndProject
Global
	
	GlobalSection(SolutionConfigurationPlatforms) = preSolution
		Debug|Any CPU = Debug|Any CPU
		Debug|ARM = Debug|ARM
		Debug|x86 = Debug|x86
		Release|Any CPU = Release|Any CPU
		Release|ARM = Release|ARM
		Release|x86 = Release|x86
	EndGlobalSection
	GlobalSection(ProjectConfigurationPlatforms) = postSolution
		{A7ED1322-783A-4250-A5CB-29B8E7C6C62F}.Debug|Any CPU.ActiveCfg = Debug|Any CPU
		{A7ED1322-783A-4250-A5CB-29B8E7C6C62F}.Debug|Any CPU.Build.0 = Debug|Any CPU
		{A7ED1322-783A-4250-A5CB-29B8E7C6C62F}.Debug|Any CPU.Deploy.0 = Debug|Any CPU
		{A7ED1322-783A-4250-A5CB-29B8E7C6C62F}.Debug|ARM.ActiveCfg = Debug|ARM
		{A7ED1322-783A-4250-A5CB-29B8E7C6C62F}.Debug|ARM.Build.0 = Debug|ARM
		{A7ED1322-783A-4250-A5CB-29B8E7C6C62F}.Debug|ARM.Deploy.0 = Debug|ARM
		{A7ED1322-783A-4250-A5CB-29B8E7C6C62F}.Debug|x86.ActiveCfg = Debug|x86
		{A7ED1322-783A-4250-A5CB-29B8E7C6C62F}.Debug|x86.Build.0 = Debug|x86
		{A7ED1322-783A-4250-A5CB-29B8E7C6C62F}.Debug|x86.Deploy.0 = Debug|x86
		{A7ED1322-783A-4250-A5CB-29B8E7C6C62F}.Release|Any CPU.ActiveCfg = Release|Any CPU
		{A7ED1322-783A-4250-A5CB-29B8E7C6C62F}.Release|Any CPU.Build.0 = Release|Any CPU
		{A7ED1322-783A-4250-A5CB-29B8E7C6C62F}.Release|Any CPU.Deploy.0 = Release|Any CPU
		{A7ED1322-783A-4250-A5CB-29B8E7C6C62F}.Release|ARM.ActiveCfg = Release|ARM
		{A7ED1322-783A-4250-A5CB-29B8E7C6C62F}.Release|ARM.Build.0 = Release|ARM
		{A7ED1322-783A-4250-A5CB-29B8E7C6C62F}.Release|ARM.Deploy.0 = Release|ARM
		{A7ED1322-783A-4250-A5CB-29B8E7C6C62F}.Release|x86.ActiveCfg = Release|x86
		{A7ED1322-783A-4250-A5CB-29B8E7C6C62F}.Release|x86.Build.0 = Release|x86
		{A7ED1322-783A-4250-A5CB-29B8E7C6C62F}.Release|x86.Deploy.0 = Release|x86
		{54780614-3E92-4B09-9F01-821B2AC6564E}.Debug|Any CPU.ActiveCfg = Debug|Any CPU
		{54780614-3E92-4B09-9F01-821B2AC6564E}.Debug|Any CPU.Build.0 = Debug|Any CPU
		{54780614-3E92-4B09-9F01-821B2AC6564E}.Debug|ARM.ActiveCfg = Debug|ARM
		{54780614-3E92-4B09-9F01-821B2AC6564E}.Debug|ARM.Build.0 = Debug|ARM
		{54780614-3E92-4B09-9F01-821B2AC6564E}.Debug|x86.ActiveCfg = Debug|x86
		{54780614-3E92-4B09-9F01-821B2AC6564E}.Debug|x86.Build.0 = Debug|x86
		{54780614-3E92-4B09-9F01-821B2AC6564E}.Release|Any CPU.ActiveCfg = Release|Any CPU
		{54780614-3E92-4B09-9F01-821B2AC6564E}.Release|Any CPU.Build.0 = Release|Any CPU
		{54780614-3E92-4B09-9F01-821B2AC6564E}.Release|ARM.ActiveCfg = Release|ARM
		{54780614-3E92-4B09-9F01-821B2AC6564E}.Release|ARM.Build.0 = Release|ARM
		{54780614-3E92-4B09-9F01-821B2AC6564E}.Release|x86.ActiveCfg = Release|x86
		{54780614-3E92-4B09-9F01-821B2AC6564E}.Release|x86.Build.0 = Release|x86
	EndGlobalSection
	GlobalSection(SolutionProperties) = preSolution
		HideSolutionNode = FALSE
	EndGlobalSection
EndGlobal
