
Microsoft Visual Studio Solution File, Format Version 12.00
# Visual Studio 2012
Project("{FAE04EC0-301F-11D3-BF4B-00C04F79EFBC}") = "BingMaps_WP8_HTML5", "BingMaps_WP8_HTML5\BingMaps_WP8_HTML5.csproj", "{39052EB7-B4C8-4F21-A0A8-F9AD0F3093EA}"
EndProject
Project("{FAE04EC0-301F-11D3-BF4B-00C04F79EFBC}") = "BingMaps_Mobile_HTML5", "BingMaps_Mobile_HTML5\BingMaps_Mobile_HTML5.csproj", "{BF77B3D0-5510-4426-9478-C578576C3622}"
EndProject
Project("{262852C6-CD72-467D-83FE-5EEB1973A190}") = "BingMaps_W8_HTML5", "BingMaps_W8_HTML5\BingMaps_W8_HTML5.jsproj", "{A80427C3-DA44-4216-9DFE-5F97D14FE053}"
EndProject
Global
	GlobalSection(SolutionConfigurationPlatforms) = preSolution
		Debug|Any CPU = Debug|Any CPU
		Debug|ARM = Debug|ARM
		Debug|x64 = Debug|x64
		Debug|x86 = Debug|x86
		Release|Any CPU = Release|Any CPU
		Release|ARM = Release|ARM
		Release|x64 = Release|x64
		Release|x86 = Release|x86
	EndGlobalSection
	GlobalSection(ProjectConfigurationPlatforms) = postSolution
		{39052EB7-B4C8-4F21-A0A8-F9AD0F3093EA}.Debug|Any CPU.ActiveCfg = Debug|Any CPU
		{39052EB7-B4C8-4F21-A0A8-F9AD0F3093EA}.Debug|Any CPU.Build.0 = Debug|Any CPU
		{39052EB7-B4C8-4F21-A0A8-F9AD0F3093EA}.Debug|Any CPU.Deploy.0 = Debug|Any CPU
		{39052EB7-B4C8-4F21-A0A8-F9AD0F3093EA}.Debug|ARM.ActiveCfg = Debug|ARM
		{39052EB7-B4C8-4F21-A0A8-F9AD0F3093EA}.Debug|ARM.Build.0 = Debug|ARM
		{39052EB7-B4C8-4F21-A0A8-F9AD0F3093EA}.Debug|ARM.Deploy.0 = Debug|ARM
		{39052EB7-B4C8-4F21-A0A8-F9AD0F3093EA}.Debug|x64.ActiveCfg = Debug|Any CPU
		{39052EB7-B4C8-4F21-A0A8-F9AD0F3093EA}.Debug|x86.ActiveCfg = Debug|x86
		{39052EB7-B4C8-4F21-A0A8-F9AD0F3093EA}.Debug|x86.Build.0 = Debug|x86
		{39052EB7-B4C8-4F21-A0A8-F9AD0F3093EA}.Debug|x86.Deploy.0 = Debug|x86
		{39052EB7-B4C8-4F21-A0A8-F9AD0F3093EA}.Release|Any CPU.ActiveCfg = Release|Any CPU
		{39052EB7-B4C8-4F21-A0A8-F9AD0F3093EA}.Release|Any CPU.Build.0 = Release|Any CPU
		{39052EB7-B4C8-4F21-A0A8-F9AD0F3093EA}.Release|Any CPU.Deploy.0 = Release|Any CPU
		{39052EB7-B4C8-4F21-A0A8-F9AD0F3093EA}.Release|ARM.ActiveCfg = Release|ARM
		{39052EB7-B4C8-4F21-A0A8-F9AD0F3093EA}.Release|ARM.Build.0 = Release|ARM
		{39052EB7-B4C8-4F21-A0A8-F9AD0F3093EA}.Release|ARM.Deploy.0 = Release|ARM
		{39052EB7-B4C8-4F21-A0A8-F9AD0F3093EA}.Release|x64.ActiveCfg = Release|Any CPU
		{39052EB7-B4C8-4F21-A0A8-F9AD0F3093EA}.Release|x86.ActiveCfg = Release|x86
		{39052EB7-B4C8-4F21-A0A8-F9AD0F3093EA}.Release|x86.Build.0 = Release|x86
		{39052EB7-B4C8-4F21-A0A8-F9AD0F3093EA}.Release|x86.Deploy.0 = Release|x86
		{BF77B3D0-5510-4426-9478-C578576C3622}.Debug|Any CPU.ActiveCfg = Debug|Any CPU
		{BF77B3D0-5510-4426-9478-C578576C3622}.Debug|Any CPU.Build.0 = Debug|Any CPU
		{BF77B3D0-5510-4426-9478-C578576C3622}.Debug|ARM.ActiveCfg = Debug|Any CPU
		{BF77B3D0-5510-4426-9478-C578576C3622}.Debug|x64.ActiveCfg = Debug|Any CPU
		{BF77B3D0-5510-4426-9478-C578576C3622}.Debug|x86.ActiveCfg = Debug|Any CPU
		{BF77B3D0-5510-4426-9478-C578576C3622}.Release|Any CPU.ActiveCfg = Release|Any CPU
		{BF77B3D0-5510-4426-9478-C578576C3622}.Release|Any CPU.Build.0 = Release|Any CPU
		{BF77B3D0-5510-4426-9478-C578576C3622}.Release|ARM.ActiveCfg = Release|Any CPU
		{BF77B3D0-5510-4426-9478-C578576C3622}.Release|x64.ActiveCfg = Release|Any CPU
		{BF77B3D0-5510-4426-9478-C578576C3622}.Release|x86.ActiveCfg = Release|Any CPU
		{A80427C3-DA44-4216-9DFE-5F97D14FE053}.Debug|Any CPU.ActiveCfg = Debug|Any CPU
		{A80427C3-DA44-4216-9DFE-5F97D14FE053}.Debug|Any CPU.Build.0 = Debug|Any CPU
		{A80427C3-DA44-4216-9DFE-5F97D14FE053}.Debug|Any CPU.Deploy.0 = Debug|Any CPU
		{A80427C3-DA44-4216-9DFE-5F97D14FE053}.Debug|ARM.ActiveCfg = Debug|ARM
		{A80427C3-DA44-4216-9DFE-5F97D14FE053}.Debug|ARM.Build.0 = Debug|ARM
		{A80427C3-DA44-4216-9DFE-5F97D14FE053}.Debug|ARM.Deploy.0 = Debug|ARM
		{A80427C3-DA44-4216-9DFE-5F97D14FE053}.Debug|x64.ActiveCfg = Debug|x64
		{A80427C3-DA44-4216-9DFE-5F97D14FE053}.Debug|x64.Build.0 = Debug|x64
		{A80427C3-DA44-4216-9DFE-5F97D14FE053}.Debug|x64.Deploy.0 = Debug|x64
		{A80427C3-DA44-4216-9DFE-5F97D14FE053}.Debug|x86.ActiveCfg = Debug|x86
		{A80427C3-DA44-4216-9DFE-5F97D14FE053}.Debug|x86.Build.0 = Debug|x86
		{A80427C3-DA44-4216-9DFE-5F97D14FE053}.Debug|x86.Deploy.0 = Debug|x86
		{A80427C3-DA44-4216-9DFE-5F97D14FE053}.Release|Any CPU.ActiveCfg = Release|Any CPU
		{A80427C3-DA44-4216-9DFE-5F97D14FE053}.Release|Any CPU.Build.0 = Release|Any CPU
		{A80427C3-DA44-4216-9DFE-5F97D14FE053}.Release|Any CPU.Deploy.0 = Release|Any CPU
		{A80427C3-DA44-4216-9DFE-5F97D14FE053}.Release|ARM.ActiveCfg = Release|ARM
		{A80427C3-DA44-4216-9DFE-5F97D14FE053}.Release|ARM.Build.0 = Release|ARM
		{A80427C3-DA44-4216-9DFE-5F97D14FE053}.Release|ARM.Deploy.0 = Release|ARM
		{A80427C3-DA44-4216-9DFE-5F97D14FE053}.Release|x64.ActiveCfg = Release|x64
		{A80427C3-DA44-4216-9DFE-5F97D14FE053}.Release|x64.Build.0 = Release|x64
		{A80427C3-DA44-4216-9DFE-5F97D14FE053}.Release|x64.Deploy.0 = Release|x64
		{A80427C3-DA44-4216-9DFE-5F97D14FE053}.Release|x86.ActiveCfg = Release|x86
		{A80427C3-DA44-4216-9DFE-5F97D14FE053}.Release|x86.Build.0 = Release|x86
		{A80427C3-DA44-4216-9DFE-5F97D14FE053}.Release|x86.Deploy.0 = Release|x86
	EndGlobalSection
	GlobalSection(SolutionProperties) = preSolution
		HideSolutionNode = FALSE
	EndGlobalSection
EndGlobal
