
Microsoft Visual Studio Solution File, Format Version 12.00
# Visual Studio Express 2012 for Windows Phone
Project("{FAE04EC0-301F-11D3-BF4B-00C04F79EFBC}") = "sdkWalletPaymentInstrumentsWP8CS", "sdkWalletPaymentInstrumentsWP8CS\sdkWalletPaymentInstrumentsWP8CS\sdkWalletPaymentInstrumentsWP8CS.csproj", "{C33FD68F-E49B-4E9E-BE6F-4F4E7E3DE9DA}"
EndProject
Project("{FAE04EC0-301F-11D3-BF4B-00C04F79EFBC}") = "MockWebService", "sdkWalletPaymentInstrumentsWP8CS\MockWebService\MockWebService.csproj", "{92D21A91-AEC0-4D7C-86A6-8E9AF647B492}"
EndProject
Project("{FAE04EC0-301F-11D3-BF4B-00C04F79EFBC}") = "sdkWalletPaymentInstrumentsWP8CSWalletAgent", "sdkWalletPaymentInstrumentsWP8CS\sdkWalletPaymentInstrumentsWP8CSWalletAgent\sdkWalletPaymentInstrumentsWP8CSWalletAgent.csproj", "{BD24D0A2-7C9A-4EEF-81CA-2F94B0831273}"
EndProject
Global
	GlobalSection(SolutionConfigurationPlatforms) = preSolution
		Debug|ARM = Debug|ARM
		Debug|Any CPU = Debug|Any CPU
		Debug|x86 = Debug|x86
		Release|ARM = Release|ARM
		Release|Any CPU = Release|Any CPU
		Release|x86 = Release|x86
	EndGlobalSection
	GlobalSection(ProjectConfigurationPlatforms) = postSolution
		{92D21A91-AEC0-4D7C-86A6-8E9AF647B492}.Debug|ARM.ActiveCfg = Debug|ARM
		{92D21A91-AEC0-4D7C-86A6-8E9AF647B492}.Debug|ARM.Build.0 = Debug|ARM
		{92D21A91-AEC0-4D7C-86A6-8E9AF647B492}.Debug|Any CPU.ActiveCfg = Debug|Any CPU
		{92D21A91-AEC0-4D7C-86A6-8E9AF647B492}.Debug|Any CPU.Build.0 = Debug|Any CPU
		{92D21A91-AEC0-4D7C-86A6-8E9AF647B492}.Debug|x86.ActiveCfg = Debug|x86
		{92D21A91-AEC0-4D7C-86A6-8E9AF647B492}.Debug|x86.Build.0 = Debug|x86
		{92D21A91-AEC0-4D7C-86A6-8E9AF647B492}.Release|ARM.ActiveCfg = Release|ARM
		{92D21A91-AEC0-4D7C-86A6-8E9AF647B492}.Release|ARM.Build.0 = Release|ARM
		{92D21A91-AEC0-4D7C-86A6-8E9AF647B492}.Release|Any CPU.ActiveCfg = Release|Any CPU
		{92D21A91-AEC0-4D7C-86A6-8E9AF647B492}.Release|Any CPU.Build.0 = Release|Any CPU
		{92D21A91-AEC0-4D7C-86A6-8E9AF647B492}.Release|x86.ActiveCfg = Release|x86
		{92D21A91-AEC0-4D7C-86A6-8E9AF647B492}.Release|x86.Build.0 = Release|x86
		{BD24D0A2-7C9A-4EEF-81CA-2F94B0831273}.Debug|ARM.ActiveCfg = Debug|ARM
		{BD24D0A2-7C9A-4EEF-81CA-2F94B0831273}.Debug|ARM.Build.0 = Debug|ARM
		{BD24D0A2-7C9A-4EEF-81CA-2F94B0831273}.Debug|Any CPU.ActiveCfg = Debug|Any CPU
		{BD24D0A2-7C9A-4EEF-81CA-2F94B0831273}.Debug|Any CPU.Build.0 = Debug|Any CPU
		{BD24D0A2-7C9A-4EEF-81CA-2F94B0831273}.Debug|x86.ActiveCfg = Debug|x86
		{BD24D0A2-7C9A-4EEF-81CA-2F94B0831273}.Debug|x86.Build.0 = Debug|x86
		{BD24D0A2-7C9A-4EEF-81CA-2F94B0831273}.Release|ARM.ActiveCfg = Release|ARM
		{BD24D0A2-7C9A-4EEF-81CA-2F94B0831273}.Release|ARM.Build.0 = Release|ARM
		{BD24D0A2-7C9A-4EEF-81CA-2F94B0831273}.Release|Any CPU.ActiveCfg = Release|Any CPU
		{BD24D0A2-7C9A-4EEF-81CA-2F94B0831273}.Release|Any CPU.Build.0 = Release|Any CPU
		{BD24D0A2-7C9A-4EEF-81CA-2F94B0831273}.Release|x86.ActiveCfg = Release|x86
		{BD24D0A2-7C9A-4EEF-81CA-2F94B0831273}.Release|x86.Build.0 = Release|x86
		{C33FD68F-E49B-4E9E-BE6F-4F4E7E3DE9DA}.Debug|ARM.ActiveCfg = Debug|ARM
		{C33FD68F-E49B-4E9E-BE6F-4F4E7E3DE9DA}.Debug|ARM.Build.0 = Debug|ARM
		{C33FD68F-E49B-4E9E-BE6F-4F4E7E3DE9DA}.Debug|ARM.Deploy.0 = Debug|ARM
		{C33FD68F-E49B-4E9E-BE6F-4F4E7E3DE9DA}.Debug|Any CPU.ActiveCfg = Debug|Any CPU
		{C33FD68F-E49B-4E9E-BE6F-4F4E7E3DE9DA}.Debug|Any CPU.Build.0 = Debug|Any CPU
		{C33FD68F-E49B-4E9E-BE6F-4F4E7E3DE9DA}.Debug|Any CPU.Deploy.0 = Debug|Any CPU
		{C33FD68F-E49B-4E9E-BE6F-4F4E7E3DE9DA}.Debug|x86.ActiveCfg = Debug|x86
		{C33FD68F-E49B-4E9E-BE6F-4F4E7E3DE9DA}.Debug|x86.Build.0 = Debug|x86
		{C33FD68F-E49B-4E9E-BE6F-4F4E7E3DE9DA}.Debug|x86.Deploy.0 = Debug|x86
		{C33FD68F-E49B-4E9E-BE6F-4F4E7E3DE9DA}.Release|ARM.ActiveCfg = Release|ARM
		{C33FD68F-E49B-4E9E-BE6F-4F4E7E3DE9DA}.Release|ARM.Build.0 = Release|ARM
		{C33FD68F-E49B-4E9E-BE6F-4F4E7E3DE9DA}.Release|ARM.Deploy.0 = Release|ARM
		{C33FD68F-E49B-4E9E-BE6F-4F4E7E3DE9DA}.Release|Any CPU.ActiveCfg = Release|Any CPU
		{C33FD68F-E49B-4E9E-BE6F-4F4E7E3DE9DA}.Release|Any CPU.Build.0 = Release|Any CPU
		{C33FD68F-E49B-4E9E-BE6F-4F4E7E3DE9DA}.Release|Any CPU.Deploy.0 = Release|Any CPU
		{C33FD68F-E49B-4E9E-BE6F-4F4E7E3DE9DA}.Release|x86.ActiveCfg = Release|x86
		{C33FD68F-E49B-4E9E-BE6F-4F4E7E3DE9DA}.Release|x86.Build.0 = Release|x86
		{C33FD68F-E49B-4E9E-BE6F-4F4E7E3DE9DA}.Release|x86.Deploy.0 = Release|x86
	EndGlobalSection
	GlobalSection(SolutionProperties) = preSolution
		HideSolutionNode = FALSE
	EndGlobalSection
EndGlobal
