
Microsoft Visual Studio Solution File, Format Version 11.00
# Visual Studio 2010
Project("{FAE04EC0-301F-11D3-BF4B-00C04F79EFBC}") = "ShakeGestureLibraryCS", "ShakeGestureLibraryCS\ShakeGestureLibraryCS.csproj", "{AC996AD4-1851-429B-BCEE-71ABA5753D1D}"
EndProject
Project("{FAE04EC0-301F-11D3-BF4B-00C04F79EFBC}") = "ShakeGesturesCS", "ShakeGestures\ShakeGesturesCS.csproj", "{5FC44183-2B47-4EEA-B653-D1A6ABEA3B24}"
EndProject
Global
	GlobalSection(SolutionConfigurationPlatforms) = preSolution
		Debug|Any CPU = Debug|Any CPU
		Release|Any CPU = Release|Any CPU
	EndGlobalSection
	GlobalSection(ProjectConfigurationPlatforms) = postSolution
		{AC996AD4-1851-429B-BCEE-71ABA5753D1D}.Debug|Any CPU.ActiveCfg = Debug|Any CPU
		{AC996AD4-1851-429B-BCEE-71ABA5753D1D}.Debug|Any CPU.Build.0 = Debug|Any CPU
		{AC996AD4-1851-429B-BCEE-71ABA5753D1D}.Debug|Any CPU.Deploy.0 = Debug|Any CPU
		{AC996AD4-1851-429B-BCEE-71ABA5753D1D}.Release|Any CPU.ActiveCfg = Release|Any CPU
		{AC996AD4-1851-429B-BCEE-71ABA5753D1D}.Release|Any CPU.Build.0 = Release|Any CPU
		{AC996AD4-1851-429B-BCEE-71ABA5753D1D}.Release|Any CPU.Deploy.0 = Release|Any CPU
		{5FC44183-2B47-4EEA-B653-D1A6ABEA3B24}.Debug|Any CPU.ActiveCfg = Debug|Any CPU
		{5FC44183-2B47-4EEA-B653-D1A6ABEA3B24}.Debug|Any CPU.Build.0 = Debug|Any CPU
		{5FC44183-2B47-4EEA-B653-D1A6ABEA3B24}.Release|Any CPU.ActiveCfg = Release|Any CPU
		{5FC44183-2B47-4EEA-B653-D1A6ABEA3B24}.Release|Any CPU.Build.0 = Release|Any CPU
	EndGlobalSection
	GlobalSection(SolutionProperties) = preSolution
		HideSolutionNode = FALSE
	EndGlobalSection
EndGlobal
