
Microsoft Visual Studio Solution File, Format Version 11.00
# Visual Studio 2010
Project("{FAE04EC0-301F-11D3-BF4B-00C04F79EFBC}") = "AlienGame", "AlienGame\AlienGame\AlienGame.csproj", "{688AC262-985C-4B98-BD5A-D1F4824ABD11}"
EndProject
Project("{FAE04EC0-301F-11D3-BF4B-00C04F79EFBC}") = "AlienGameLib", "AlienGame\AlienGameLib\AlienGameLib.csproj", "{5A55EF82-F762-4BF8-BB71-52CA22C8B3EC}"
EndProject
Project("{96E2B04D-8817-42C6-938A-82C39BA4D311}") = "AlienGameLibContent", "AlienGame\AlienGameLibContent\AlienGameLibContent.contentproj", "{A259E6DA-9D02-4E4F-A746-3D7D1CD4BAE7}"
EndProject
Global
	GlobalSection(SolutionConfigurationPlatforms) = preSolution
		Debug|Any CPU = Debug|Any CPU
		Debug|Mixed Platforms = Debug|Mixed Platforms
		Debug|Windows Phone = Debug|Windows Phone
		Release|Any CPU = Release|Any CPU
		Release|Mixed Platforms = Release|Mixed Platforms
		Release|Windows Phone = Release|Windows Phone
	EndGlobalSection
	GlobalSection(ProjectConfigurationPlatforms) = postSolution
		{688AC262-985C-4B98-BD5A-D1F4824ABD11}.Debug|Any CPU.ActiveCfg = Debug|Any CPU
		{688AC262-985C-4B98-BD5A-D1F4824ABD11}.Debug|Any CPU.Build.0 = Debug|Any CPU
		{688AC262-985C-4B98-BD5A-D1F4824ABD11}.Debug|Any CPU.Deploy.0 = Debug|Any CPU
		{688AC262-985C-4B98-BD5A-D1F4824ABD11}.Debug|Mixed Platforms.ActiveCfg = Debug|Any CPU
		{688AC262-985C-4B98-BD5A-D1F4824ABD11}.Debug|Mixed Platforms.Build.0 = Debug|Any CPU
		{688AC262-985C-4B98-BD5A-D1F4824ABD11}.Debug|Mixed Platforms.Deploy.0 = Debug|Any CPU
		{688AC262-985C-4B98-BD5A-D1F4824ABD11}.Debug|Windows Phone.ActiveCfg = Debug|Any CPU
		{688AC262-985C-4B98-BD5A-D1F4824ABD11}.Release|Any CPU.ActiveCfg = Release|Any CPU
		{688AC262-985C-4B98-BD5A-D1F4824ABD11}.Release|Any CPU.Build.0 = Release|Any CPU
		{688AC262-985C-4B98-BD5A-D1F4824ABD11}.Release|Any CPU.Deploy.0 = Release|Any CPU
		{688AC262-985C-4B98-BD5A-D1F4824ABD11}.Release|Mixed Platforms.ActiveCfg = Release|Any CPU
		{688AC262-985C-4B98-BD5A-D1F4824ABD11}.Release|Mixed Platforms.Build.0 = Release|Any CPU
		{688AC262-985C-4B98-BD5A-D1F4824ABD11}.Release|Mixed Platforms.Deploy.0 = Release|Any CPU
		{688AC262-985C-4B98-BD5A-D1F4824ABD11}.Release|Windows Phone.ActiveCfg = Release|Any CPU
		{5A55EF82-F762-4BF8-BB71-52CA22C8B3EC}.Debug|Any CPU.ActiveCfg = Debug|Windows Phone
		{5A55EF82-F762-4BF8-BB71-52CA22C8B3EC}.Debug|Mixed Platforms.ActiveCfg = Debug|Windows Phone
		{5A55EF82-F762-4BF8-BB71-52CA22C8B3EC}.Debug|Mixed Platforms.Build.0 = Debug|Windows Phone
		{5A55EF82-F762-4BF8-BB71-52CA22C8B3EC}.Debug|Windows Phone.ActiveCfg = Debug|Windows Phone
		{5A55EF82-F762-4BF8-BB71-52CA22C8B3EC}.Debug|Windows Phone.Build.0 = Debug|Windows Phone
		{5A55EF82-F762-4BF8-BB71-52CA22C8B3EC}.Release|Any CPU.ActiveCfg = Release|Windows Phone
		{5A55EF82-F762-4BF8-BB71-52CA22C8B3EC}.Release|Mixed Platforms.ActiveCfg = Release|Windows Phone
		{5A55EF82-F762-4BF8-BB71-52CA22C8B3EC}.Release|Mixed Platforms.Build.0 = Release|Windows Phone
		{5A55EF82-F762-4BF8-BB71-52CA22C8B3EC}.Release|Windows Phone.ActiveCfg = Release|Windows Phone
		{5A55EF82-F762-4BF8-BB71-52CA22C8B3EC}.Release|Windows Phone.Build.0 = Release|Windows Phone
		{A259E6DA-9D02-4E4F-A746-3D7D1CD4BAE7}.Debug|Any CPU.ActiveCfg = Debug|Windows Phone
		{A259E6DA-9D02-4E4F-A746-3D7D1CD4BAE7}.Debug|Mixed Platforms.ActiveCfg = Debug|Windows Phone
		{A259E6DA-9D02-4E4F-A746-3D7D1CD4BAE7}.Debug|Windows Phone.ActiveCfg = Debug|Windows Phone
		{A259E6DA-9D02-4E4F-A746-3D7D1CD4BAE7}.Release|Any CPU.ActiveCfg = Release|Windows Phone
		{A259E6DA-9D02-4E4F-A746-3D7D1CD4BAE7}.Release|Mixed Platforms.ActiveCfg = Release|Windows Phone
		{A259E6DA-9D02-4E4F-A746-3D7D1CD4BAE7}.Release|Windows Phone.ActiveCfg = Release|Windows Phone
	EndGlobalSection
	GlobalSection(SolutionProperties) = preSolution
		HideSolutionNode = FALSE
	EndGlobalSection
EndGlobal
