
Microsoft Visual Studio Solution File, Format Version 11.00
# Visual Studio 2010
Project("{FAE04EC0-301F-11D3-BF4B-00C04F79EFBC}") = "ContosoMobile", "ContosoMobileWindowsPhone\ContosoMobile.csproj", "{931B0CC0-6FEB-4EBF-93C8-8A4BC6BAC9AE}"
EndProject
Global
	GlobalSection(SolutionConfigurationPlatforms) = preSolution
		Debug|Any CPU = Debug|Any CPU
	EndGlobalSection
	GlobalSection(ProjectConfigurationPlatforms) = postSolution
		{931B0CC0-6FEB-4EBF-93C8-8A4BC6BAC9AE}.Debug|Any CPU.ActiveCfg = Debug|Any CPU
		{931B0CC0-6FEB-4EBF-93C8-8A4BC6BAC9AE}.Debug|Any CPU.Build.0 = Debug|Any CPU
		{931B0CC0-6FEB-4EBF-93C8-8A4BC6BAC9AE}.Debug|Any CPU.Deploy.0 = Debug|Any CPU
	EndGlobalSection
	GlobalSection(SolutionProperties) = preSolution
		HideSolutionNode = FALSE
	EndGlobalSection
EndGlobal
