
Microsoft Visual Studio Solution File, Format Version 12.00
# Visual Studio 2012
Project("{8A4D642E-824A-4D58-BD56-648CC30C8F17}") = "Time Off", "Time Off\Time Off.ls3proj", "{2F36F861-D4C7-4872-94B5-0CA4B5937EF9}"
EndProject
Global
	GlobalSection(SolutionConfigurationPlatforms) = preSolution
		Debug|Any CPU = Debug|Any CPU
		Release|Any CPU = Release|Any CPU
	EndGlobalSection
	GlobalSection(ProjectDependencies) = postSolution
		{55F2E282-DF18-44FE-872C-7A7784347129}.0 = {554E9E0A-D5F6-4E65-9E89-F83A1C43109F}
	EndGlobalSection
	GlobalSection(ProjectConfigurationPlatforms) = postSolution
		{2F36F861-D4C7-4872-94B5-0CA4B5937EF9}.Debug|Any CPU.ActiveCfg = Debug|Any CPU
		{2F36F861-D4C7-4872-94B5-0CA4B5937EF9}.Debug|Any CPU.Build.0 = Debug|Any CPU
		{2F36F861-D4C7-4872-94B5-0CA4B5937EF9}.Release|Any CPU.ActiveCfg = Release|Any CPU
		{2F36F861-D4C7-4872-94B5-0CA4B5937EF9}.Release|Any CPU.Build.0 = Release|Any CPU
		{554E9E0A-D5F6-4E65-9E89-F83A1C43109F}.Debug|Any CPU.ActiveCfg = Debug|Any CPU
		{554E9E0A-D5F6-4E65-9E89-F83A1C43109F}.Debug|Any CPU.Build.0 = Debug|Any CPU
		{554E9E0A-D5F6-4E65-9E89-F83A1C43109F}.Release|Any CPU.ActiveCfg = Release|Any CPU
		{554E9E0A-D5F6-4E65-9E89-F83A1C43109F}.Release|Any CPU.Build.0 = Release|Any CPU
		{55F2E282-DF18-44FE-872C-7A7784347129}.Debug|Any CPU.ActiveCfg = Debug|Any CPU
		{55F2E282-DF18-44FE-872C-7A7784347129}.Debug|Any CPU.Build.0 = Debug|Any CPU
		{55F2E282-DF18-44FE-872C-7A7784347129}.Release|Any CPU.ActiveCfg = Release|Any CPU
		{55F2E282-DF18-44FE-872C-7A7784347129}.Release|Any CPU.Build.0 = Release|Any CPU
	EndGlobalSection
	GlobalSection(SolutionProperties) = preSolution
		HideSolutionNode = FALSE
	EndGlobalSection
EndGlobal
