
Microsoft Visual Studio Solution File, Format Version 12.00
# Visual Studio 2013
VisualStudioVersion = 12.0.21005.1
MinimumVisualStudioVersion = 10.0.40219.1
Project("{2150E333-8FDC-42A3-9474-1A3956D46DE8}") = "Solution Items", "Solution Items", "{8D9F02ED-AE7E-4A8D-809D-07DD31FDC714}"
	ProjectSection(SolutionItems) = preProject
		CodeCoverage.runsettings = CodeCoverage.runsettings
		CommonAssemblyInfo.cs = CommonAssemblyInfo.cs
		CustomCodeAnalysisDictionary.xml = CustomCodeAnalysisDictionary.xml
	EndProjectSection
EndProject
Project("{FAE04EC0-301F-11D3-BF4B-00C04F79EFBC}") = "MyCompany.Visitors.Client", "MyCompany.Visitors.Client\MyCompany.Visitors.Client.csproj", "{DEF833F3-4D83-494A-848F-A700B3AD933C}"
	ProjectSection(ProjectDependencies) = postProject
		{A2D2B1B4-A65A-40A1-81B7-2DADA59BB28E} = {A2D2B1B4-A65A-40A1-81B7-2DADA59BB28E}
	EndProjectSection
EndProject
Project("{FAE04EC0-301F-11D3-BF4B-00C04F79EFBC}") = "MyCompany.Visitors.Client.WP", "MyCompany.Visitors.Client.WP\MyCompany.Visitors.Client.WP.csproj", "{B48D1C2E-8A39-4008-AEAF-120AEADC4817}"
EndProject
Project("{FAE04EC0-301F-11D3-BF4B-00C04F79EFBC}") = "MyCompany.Visitors.Data", "MyCompany.Visitors.Data\MyCompany.Visitors.Data.csproj", "{0D9AC8C7-B5A6-4DEF-8478-17412E5F2359}"
EndProject
Project("{FAE04EC0-301F-11D3-BF4B-00C04F79EFBC}") = "MyCompany.Visitors.Data.Tests", "MyCompany.Visitors.Data.Tests\MyCompany.Visitors.Data.Tests.csproj", "{D39FC8F8-E9E3-4888-8323-87F75B04CDC4}"
EndProject
Project("{FAE04EC0-301F-11D3-BF4B-00C04F79EFBC}") = "MyCompany.Visitors.Model", "MyCompany.Visitors.Model\MyCompany.Visitors.Model.csproj", "{05A33938-B402-4A82-8446-3A81CB0F5AA1}"
EndProject
Project("{FAE04EC0-301F-11D3-BF4B-00C04F79EFBC}") = "MyCompany.Visitors.Web", "MyCompany.Visitors.Web\MyCompany.Visitors.Web.csproj", "{A2D2B1B4-A65A-40A1-81B7-2DADA59BB28E}"
EndProject
Project("{FAE04EC0-301F-11D3-BF4B-00C04F79EFBC}") = "MyCompany.Visitors.Web.Tests", "MyCompany.Visitors.Web.Tests\MyCompany.Visitors.Web.Tests.csproj", "{DDB865D4-B878-42ED-AA79-777E659C13E1}"
EndProject
Project("{FAE04EC0-301F-11D3-BF4B-00C04F79EFBC}") = "MyCompany.Visitors.Client.WindowsStore", "MyCompany.Visitors.Client.WindowsStore\MyCompany.Visitors.Client.WindowsStore.csproj", "{EAE3304D-D1B3-4D59-ABE3-38C5F296C18A}"
EndProject
Project("{FAE04EC0-301F-11D3-BF4B-00C04F79EFBC}") = "MyCompany.Visitors.Client.Tests", "MyCompany.Visitors.Client.Tests\MyCompany.Visitors.Client.Tests.csproj", "{A3C6B47C-91FA-4311-AD34-BEB2E5969F84}"
EndProject
Project("{2150E333-8FDC-42A3-9474-1A3956D46DE8}") = "ExternalLibs", "ExternalLibs", "{266FE780-C19A-42D1-8886-A7FDB7912C7E}"
	ProjectSection(SolutionItems) = preProject
		ExternalLibs\MyCompany.Common.CrossCutting.dll = ExternalLibs\MyCompany.Common.CrossCutting.dll
		ExternalLibs\MyCompany.Common.EventBus.dll = ExternalLibs\MyCompany.Common.EventBus.dll
		ExternalLibs\MyCompany.Common.Notification.dll = ExternalLibs\MyCompany.Common.Notification.dll
		ExternalLibs\MyCompany.Common.Security.dll = ExternalLibs\MyCompany.Common.Security.dll
		ExternalLibs\Readme.txt = ExternalLibs\Readme.txt
		ExternalLibs\XamlCropControl.WinRT.dll = ExternalLibs\XamlCropControl.WinRT.dll
	EndProjectSection
EndProject
Project("{FAE04EC0-301F-11D3-BF4B-00C04F79EFBC}") = "MyCompany.Visitors.AzureEventBusPlugin", "MyCompany.Visitors.EventBus\MyCompany.Visitors.AzureEventBusPlugin.csproj", "{B80CC13B-717D-4414-A3EA-E08F0F44F401}"
EndProject
Project("{2150E333-8FDC-42A3-9474-1A3956D46DE8}") = "01. Clients", "01. Clients", "{1B4AD67D-79B3-42DF-B18A-7E16B973D749}"
EndProject
Project("{2150E333-8FDC-42A3-9474-1A3956D46DE8}") = "02. Server", "02. Server", "{36513410-E092-46C2-832C-CEA48F255153}"
EndProject
Project("{FAE04EC0-301F-11D3-BF4B-00C04F79EFBC}") = "MyCompany.Visitors.Web.Scaffolding", "MyCompany.Visitors.Web.Scaffolding\MyCompany.Visitors.Web.Scaffolding.csproj", "{16F47EAF-EEDE-4346-91A1-E18AB947AC83}"
EndProject
Global
	GlobalSection(SolutionConfigurationPlatforms) = preSolution
		Debug|Any CPU = Debug|Any CPU
		Debug|ARM = Debug|ARM
		Debug|x64 = Debug|x64
		Debug|x86 = Debug|x86
		DebugCD|Any CPU = DebugCD|Any CPU
		DebugCD|ARM = DebugCD|ARM
		DebugCD|x64 = DebugCD|x64
		DebugCD|x86 = DebugCD|x86
		Release_LocalDeployment|Any CPU = Release_LocalDeployment|Any CPU
		Release_LocalDeployment|ARM = Release_LocalDeployment|ARM
		Release_LocalDeployment|x64 = Release_LocalDeployment|x64
		Release_LocalDeployment|x86 = Release_LocalDeployment|x86
		Release|Any CPU = Release|Any CPU
		Release|ARM = Release|ARM
		Release|x64 = Release|x64
		Release|x86 = Release|x86
	EndGlobalSection
	GlobalSection(ProjectConfigurationPlatforms) = postSolution
		{DEF833F3-4D83-494A-848F-A700B3AD933C}.Debug|Any CPU.ActiveCfg = Debug|Any CPU
		{DEF833F3-4D83-494A-848F-A700B3AD933C}.Debug|Any CPU.Build.0 = Debug|Any CPU
		{DEF833F3-4D83-494A-848F-A700B3AD933C}.Debug|ARM.ActiveCfg = Debug|Any CPU
		{DEF833F3-4D83-494A-848F-A700B3AD933C}.Debug|x64.ActiveCfg = Debug|Any CPU
		{DEF833F3-4D83-494A-848F-A700B3AD933C}.Debug|x86.ActiveCfg = Debug|Any CPU
		{DEF833F3-4D83-494A-848F-A700B3AD933C}.DebugCD|Any CPU.ActiveCfg = DebugCD|Any CPU
		{DEF833F3-4D83-494A-848F-A700B3AD933C}.DebugCD|Any CPU.Build.0 = DebugCD|Any CPU
		{DEF833F3-4D83-494A-848F-A700B3AD933C}.DebugCD|ARM.ActiveCfg = DebugCD|Any CPU
		{DEF833F3-4D83-494A-848F-A700B3AD933C}.DebugCD|x64.ActiveCfg = DebugCD|Any CPU
		{DEF833F3-4D83-494A-848F-A700B3AD933C}.DebugCD|x86.ActiveCfg = DebugCD|Any CPU
		{DEF833F3-4D83-494A-848F-A700B3AD933C}.Release_LocalDeployment|Any CPU.ActiveCfg = Release_LocalDeployment|Any CPU
		{DEF833F3-4D83-494A-848F-A700B3AD933C}.Release_LocalDeployment|Any CPU.Build.0 = Release_LocalDeployment|Any CPU
		{DEF833F3-4D83-494A-848F-A700B3AD933C}.Release_LocalDeployment|ARM.ActiveCfg = Release_LocalDeployment|Any CPU
		{DEF833F3-4D83-494A-848F-A700B3AD933C}.Release_LocalDeployment|x64.ActiveCfg = Release_LocalDeployment|Any CPU
		{DEF833F3-4D83-494A-848F-A700B3AD933C}.Release_LocalDeployment|x86.ActiveCfg = Release_LocalDeployment|Any CPU
		{DEF833F3-4D83-494A-848F-A700B3AD933C}.Release|Any CPU.ActiveCfg = Release|Any CPU
		{DEF833F3-4D83-494A-848F-A700B3AD933C}.Release|Any CPU.Build.0 = Release|Any CPU
		{DEF833F3-4D83-494A-848F-A700B3AD933C}.Release|ARM.ActiveCfg = Release|Any CPU
		{DEF833F3-4D83-494A-848F-A700B3AD933C}.Release|x64.ActiveCfg = Release|Any CPU
		{DEF833F3-4D83-494A-848F-A700B3AD933C}.Release|x86.ActiveCfg = Release|Any CPU
		{B48D1C2E-8A39-4008-AEAF-120AEADC4817}.Debug|Any CPU.ActiveCfg = Debug|Any CPU
		{B48D1C2E-8A39-4008-AEAF-120AEADC4817}.Debug|Any CPU.Build.0 = Debug|Any CPU
		{B48D1C2E-8A39-4008-AEAF-120AEADC4817}.Debug|Any CPU.Deploy.0 = Debug|Any CPU
		{B48D1C2E-8A39-4008-AEAF-120AEADC4817}.Debug|ARM.ActiveCfg = Debug|ARM
		{B48D1C2E-8A39-4008-AEAF-120AEADC4817}.Debug|ARM.Build.0 = Debug|ARM
		{B48D1C2E-8A39-4008-AEAF-120AEADC4817}.Debug|ARM.Deploy.0 = Debug|ARM
		{B48D1C2E-8A39-4008-AEAF-120AEADC4817}.Debug|x64.ActiveCfg = Debug|Any CPU
		{B48D1C2E-8A39-4008-AEAF-120AEADC4817}.Debug|x86.ActiveCfg = Debug|x86
		{B48D1C2E-8A39-4008-AEAF-120AEADC4817}.Debug|x86.Build.0 = Debug|x86
		{B48D1C2E-8A39-4008-AEAF-120AEADC4817}.Debug|x86.Deploy.0 = Debug|x86
		{B48D1C2E-8A39-4008-AEAF-120AEADC4817}.DebugCD|Any CPU.ActiveCfg = DebugCD|Any CPU
		{B48D1C2E-8A39-4008-AEAF-120AEADC4817}.DebugCD|Any CPU.Build.0 = DebugCD|Any CPU
		{B48D1C2E-8A39-4008-AEAF-120AEADC4817}.DebugCD|ARM.ActiveCfg = DebugCD|ARM
		{B48D1C2E-8A39-4008-AEAF-120AEADC4817}.DebugCD|ARM.Build.0 = DebugCD|ARM
		{B48D1C2E-8A39-4008-AEAF-120AEADC4817}.DebugCD|ARM.Deploy.0 = DebugCD|ARM
		{B48D1C2E-8A39-4008-AEAF-120AEADC4817}.DebugCD|x64.ActiveCfg = DebugCD|Any CPU
		{B48D1C2E-8A39-4008-AEAF-120AEADC4817}.DebugCD|x86.ActiveCfg = DebugCD|x86
		{B48D1C2E-8A39-4008-AEAF-120AEADC4817}.DebugCD|x86.Build.0 = DebugCD|x86
		{B48D1C2E-8A39-4008-AEAF-120AEADC4817}.DebugCD|x86.Deploy.0 = DebugCD|x86
		{B48D1C2E-8A39-4008-AEAF-120AEADC4817}.Release_LocalDeployment|Any CPU.ActiveCfg = Release_LocalDeployment|Any CPU
		{B48D1C2E-8A39-4008-AEAF-120AEADC4817}.Release_LocalDeployment|Any CPU.Build.0 = Release_LocalDeployment|Any CPU
		{B48D1C2E-8A39-4008-AEAF-120AEADC4817}.Release_LocalDeployment|Any CPU.Deploy.0 = Release_LocalDeployment|Any CPU
		{B48D1C2E-8A39-4008-AEAF-120AEADC4817}.Release_LocalDeployment|ARM.ActiveCfg = Release_LocalDeployment|ARM
		{B48D1C2E-8A39-4008-AEAF-120AEADC4817}.Release_LocalDeployment|ARM.Build.0 = Release_LocalDeployment|ARM
		{B48D1C2E-8A39-4008-AEAF-120AEADC4817}.Release_LocalDeployment|ARM.Deploy.0 = Release_LocalDeployment|ARM
		{B48D1C2E-8A39-4008-AEAF-120AEADC4817}.Release_LocalDeployment|x64.ActiveCfg = Release_LocalDeployment|Any CPU
		{B48D1C2E-8A39-4008-AEAF-120AEADC4817}.Release_LocalDeployment|x86.ActiveCfg = Release_LocalDeployment|x86
		{B48D1C2E-8A39-4008-AEAF-120AEADC4817}.Release_LocalDeployment|x86.Build.0 = Release_LocalDeployment|x86
		{B48D1C2E-8A39-4008-AEAF-120AEADC4817}.Release_LocalDeployment|x86.Deploy.0 = Release_LocalDeployment|x86
		{B48D1C2E-8A39-4008-AEAF-120AEADC4817}.Release|Any CPU.ActiveCfg = Release|Any CPU
		{B48D1C2E-8A39-4008-AEAF-120AEADC4817}.Release|Any CPU.Build.0 = Release|Any CPU
		{B48D1C2E-8A39-4008-AEAF-120AEADC4817}.Release|Any CPU.Deploy.0 = Release|Any CPU
		{B48D1C2E-8A39-4008-AEAF-120AEADC4817}.Release|ARM.ActiveCfg = Release|ARM
		{B48D1C2E-8A39-4008-AEAF-120AEADC4817}.Release|ARM.Build.0 = Release|ARM
		{B48D1C2E-8A39-4008-AEAF-120AEADC4817}.Release|ARM.Deploy.0 = Release|ARM
		{B48D1C2E-8A39-4008-AEAF-120AEADC4817}.Release|x64.ActiveCfg = Release|Any CPU
		{B48D1C2E-8A39-4008-AEAF-120AEADC4817}.Release|x86.ActiveCfg = Release|x86
		{B48D1C2E-8A39-4008-AEAF-120AEADC4817}.Release|x86.Build.0 = Release|x86
		{B48D1C2E-8A39-4008-AEAF-120AEADC4817}.Release|x86.Deploy.0 = Release|x86
		{0D9AC8C7-B5A6-4DEF-8478-17412E5F2359}.Debug|Any CPU.ActiveCfg = Debug|Any CPU
		{0D9AC8C7-B5A6-4DEF-8478-17412E5F2359}.Debug|Any CPU.Build.0 = Debug|Any CPU
		{0D9AC8C7-B5A6-4DEF-8478-17412E5F2359}.Debug|ARM.ActiveCfg = Debug|Any CPU
		{0D9AC8C7-B5A6-4DEF-8478-17412E5F2359}.Debug|x64.ActiveCfg = Debug|Any CPU
		{0D9AC8C7-B5A6-4DEF-8478-17412E5F2359}.Debug|x86.ActiveCfg = Debug|Any CPU
		{0D9AC8C7-B5A6-4DEF-8478-17412E5F2359}.DebugCD|Any CPU.ActiveCfg = DebugCD|Any CPU
		{0D9AC8C7-B5A6-4DEF-8478-17412E5F2359}.DebugCD|Any CPU.Build.0 = DebugCD|Any CPU
		{0D9AC8C7-B5A6-4DEF-8478-17412E5F2359}.DebugCD|ARM.ActiveCfg = DebugCD|Any CPU
		{0D9AC8C7-B5A6-4DEF-8478-17412E5F2359}.DebugCD|x64.ActiveCfg = DebugCD|Any CPU
		{0D9AC8C7-B5A6-4DEF-8478-17412E5F2359}.DebugCD|x86.ActiveCfg = DebugCD|Any CPU
		{0D9AC8C7-B5A6-4DEF-8478-17412E5F2359}.Release_LocalDeployment|Any CPU.ActiveCfg = Release_LocalDeployment|Any CPU
		{0D9AC8C7-B5A6-4DEF-8478-17412E5F2359}.Release_LocalDeployment|Any CPU.Build.0 = Release_LocalDeployment|Any CPU
		{0D9AC8C7-B5A6-4DEF-8478-17412E5F2359}.Release_LocalDeployment|ARM.ActiveCfg = Release_LocalDeployment|Any CPU
		{0D9AC8C7-B5A6-4DEF-8478-17412E5F2359}.Release_LocalDeployment|x64.ActiveCfg = Release_LocalDeployment|Any CPU
		{0D9AC8C7-B5A6-4DEF-8478-17412E5F2359}.Release_LocalDeployment|x86.ActiveCfg = Release_LocalDeployment|Any CPU
		{0D9AC8C7-B5A6-4DEF-8478-17412E5F2359}.Release|Any CPU.ActiveCfg = Release|Any CPU
		{0D9AC8C7-B5A6-4DEF-8478-17412E5F2359}.Release|Any CPU.Build.0 = Release|Any CPU
		{0D9AC8C7-B5A6-4DEF-8478-17412E5F2359}.Release|ARM.ActiveCfg = Release|Any CPU
		{0D9AC8C7-B5A6-4DEF-8478-17412E5F2359}.Release|x64.ActiveCfg = Release|Any CPU
		{0D9AC8C7-B5A6-4DEF-8478-17412E5F2359}.Release|x86.ActiveCfg = Release|Any CPU
		{D39FC8F8-E9E3-4888-8323-87F75B04CDC4}.Debug|Any CPU.ActiveCfg = Debug|Any CPU
		{D39FC8F8-E9E3-4888-8323-87F75B04CDC4}.Debug|Any CPU.Build.0 = Debug|Any CPU
		{D39FC8F8-E9E3-4888-8323-87F75B04CDC4}.Debug|ARM.ActiveCfg = Debug|Any CPU
		{D39FC8F8-E9E3-4888-8323-87F75B04CDC4}.Debug|x64.ActiveCfg = Debug|Any CPU
		{D39FC8F8-E9E3-4888-8323-87F75B04CDC4}.Debug|x86.ActiveCfg = Debug|Any CPU
		{D39FC8F8-E9E3-4888-8323-87F75B04CDC4}.DebugCD|Any CPU.ActiveCfg = DebugCD|Any CPU
		{D39FC8F8-E9E3-4888-8323-87F75B04CDC4}.DebugCD|Any CPU.Build.0 = DebugCD|Any CPU
		{D39FC8F8-E9E3-4888-8323-87F75B04CDC4}.DebugCD|ARM.ActiveCfg = DebugCD|Any CPU
		{D39FC8F8-E9E3-4888-8323-87F75B04CDC4}.DebugCD|x64.ActiveCfg = DebugCD|Any CPU
		{D39FC8F8-E9E3-4888-8323-87F75B04CDC4}.DebugCD|x86.ActiveCfg = DebugCD|Any CPU
		{D39FC8F8-E9E3-4888-8323-87F75B04CDC4}.Release_LocalDeployment|Any CPU.ActiveCfg = Release_LocalDeployment|Any CPU
		{D39FC8F8-E9E3-4888-8323-87F75B04CDC4}.Release_LocalDeployment|Any CPU.Build.0 = Release_LocalDeployment|Any CPU
		{D39FC8F8-E9E3-4888-8323-87F75B04CDC4}.Release_LocalDeployment|ARM.ActiveCfg = Release_LocalDeployment|Any CPU
		{D39FC8F8-E9E3-4888-8323-87F75B04CDC4}.Release_LocalDeployment|x64.ActiveCfg = Release_LocalDeployment|Any CPU
		{D39FC8F8-E9E3-4888-8323-87F75B04CDC4}.Release_LocalDeployment|x86.ActiveCfg = Release_LocalDeployment|Any CPU
		{D39FC8F8-E9E3-4888-8323-87F75B04CDC4}.Release|Any CPU.ActiveCfg = Release|Any CPU
		{D39FC8F8-E9E3-4888-8323-87F75B04CDC4}.Release|Any CPU.Build.0 = Release|Any CPU
		{D39FC8F8-E9E3-4888-8323-87F75B04CDC4}.Release|ARM.ActiveCfg = Release|Any CPU
		{D39FC8F8-E9E3-4888-8323-87F75B04CDC4}.Release|x64.ActiveCfg = Release|Any CPU
		{D39FC8F8-E9E3-4888-8323-87F75B04CDC4}.Release|x86.ActiveCfg = Release|Any CPU
		{05A33938-B402-4A82-8446-3A81CB0F5AA1}.Debug|Any CPU.ActiveCfg = Debug|Any CPU
		{05A33938-B402-4A82-8446-3A81CB0F5AA1}.Debug|Any CPU.Build.0 = Debug|Any CPU
		{05A33938-B402-4A82-8446-3A81CB0F5AA1}.Debug|ARM.ActiveCfg = Debug|Any CPU
		{05A33938-B402-4A82-8446-3A81CB0F5AA1}.Debug|x64.ActiveCfg = Debug|Any CPU
		{05A33938-B402-4A82-8446-3A81CB0F5AA1}.Debug|x86.ActiveCfg = Debug|Any CPU
		{05A33938-B402-4A82-8446-3A81CB0F5AA1}.DebugCD|Any CPU.ActiveCfg = DebugCD|Any CPU
		{05A33938-B402-4A82-8446-3A81CB0F5AA1}.DebugCD|Any CPU.Build.0 = DebugCD|Any CPU
		{05A33938-B402-4A82-8446-3A81CB0F5AA1}.DebugCD|ARM.ActiveCfg = DebugCD|Any CPU
		{05A33938-B402-4A82-8446-3A81CB0F5AA1}.DebugCD|x64.ActiveCfg = DebugCD|Any CPU
		{05A33938-B402-4A82-8446-3A81CB0F5AA1}.DebugCD|x86.ActiveCfg = DebugCD|Any CPU
		{05A33938-B402-4A82-8446-3A81CB0F5AA1}.Release_LocalDeployment|Any CPU.ActiveCfg = Release_LocalDeployment|Any CPU
		{05A33938-B402-4A82-8446-3A81CB0F5AA1}.Release_LocalDeployment|Any CPU.Build.0 = Release_LocalDeployment|Any CPU
		{05A33938-B402-4A82-8446-3A81CB0F5AA1}.Release_LocalDeployment|ARM.ActiveCfg = Release_LocalDeployment|Any CPU
		{05A33938-B402-4A82-8446-3A81CB0F5AA1}.Release_LocalDeployment|x64.ActiveCfg = Release_LocalDeployment|Any CPU
		{05A33938-B402-4A82-8446-3A81CB0F5AA1}.Release_LocalDeployment|x86.ActiveCfg = Release_LocalDeployment|Any CPU
		{05A33938-B402-4A82-8446-3A81CB0F5AA1}.Release|Any CPU.ActiveCfg = Release|Any CPU
		{05A33938-B402-4A82-8446-3A81CB0F5AA1}.Release|Any CPU.Build.0 = Release|Any CPU
		{05A33938-B402-4A82-8446-3A81CB0F5AA1}.Release|ARM.ActiveCfg = Release|Any CPU
		{05A33938-B402-4A82-8446-3A81CB0F5AA1}.Release|x64.ActiveCfg = Release|Any CPU
		{05A33938-B402-4A82-8446-3A81CB0F5AA1}.Release|x86.ActiveCfg = Release|Any CPU
		{A2D2B1B4-A65A-40A1-81B7-2DADA59BB28E}.Debug|Any CPU.ActiveCfg = Debug|Any CPU
		{A2D2B1B4-A65A-40A1-81B7-2DADA59BB28E}.Debug|Any CPU.Build.0 = Debug|Any CPU
		{A2D2B1B4-A65A-40A1-81B7-2DADA59BB28E}.Debug|ARM.ActiveCfg = Debug|Any CPU
		{A2D2B1B4-A65A-40A1-81B7-2DADA59BB28E}.Debug|x64.ActiveCfg = Debug|Any CPU
		{A2D2B1B4-A65A-40A1-81B7-2DADA59BB28E}.Debug|x86.ActiveCfg = Debug|Any CPU
		{A2D2B1B4-A65A-40A1-81B7-2DADA59BB28E}.DebugCD|Any CPU.ActiveCfg = DebugCD|Any CPU
		{A2D2B1B4-A65A-40A1-81B7-2DADA59BB28E}.DebugCD|Any CPU.Build.0 = DebugCD|Any CPU
		{A2D2B1B4-A65A-40A1-81B7-2DADA59BB28E}.DebugCD|ARM.ActiveCfg = DebugCD|Any CPU
		{A2D2B1B4-A65A-40A1-81B7-2DADA59BB28E}.DebugCD|x64.ActiveCfg = DebugCD|Any CPU
		{A2D2B1B4-A65A-40A1-81B7-2DADA59BB28E}.DebugCD|x86.ActiveCfg = DebugCD|Any CPU
		{A2D2B1B4-A65A-40A1-81B7-2DADA59BB28E}.Release_LocalDeployment|Any CPU.ActiveCfg = Release_LocalDeployment|Any CPU
		{A2D2B1B4-A65A-40A1-81B7-2DADA59BB28E}.Release_LocalDeployment|Any CPU.Build.0 = Release_LocalDeployment|Any CPU
		{A2D2B1B4-A65A-40A1-81B7-2DADA59BB28E}.Release_LocalDeployment|ARM.ActiveCfg = Release_LocalDeployment|Any CPU
		{A2D2B1B4-A65A-40A1-81B7-2DADA59BB28E}.Release_LocalDeployment|x64.ActiveCfg = Release_LocalDeployment|Any CPU
		{A2D2B1B4-A65A-40A1-81B7-2DADA59BB28E}.Release_LocalDeployment|x86.ActiveCfg = Release_LocalDeployment|Any CPU
		{A2D2B1B4-A65A-40A1-81B7-2DADA59BB28E}.Release|Any CPU.ActiveCfg = Release|Any CPU
		{A2D2B1B4-A65A-40A1-81B7-2DADA59BB28E}.Release|Any CPU.Build.0 = Release|Any CPU
		{A2D2B1B4-A65A-40A1-81B7-2DADA59BB28E}.Release|ARM.ActiveCfg = Release|Any CPU
		{A2D2B1B4-A65A-40A1-81B7-2DADA59BB28E}.Release|x64.ActiveCfg = Release|Any CPU
		{A2D2B1B4-A65A-40A1-81B7-2DADA59BB28E}.Release|x86.ActiveCfg = Release|Any CPU
		{DDB865D4-B878-42ED-AA79-777E659C13E1}.Debug|Any CPU.ActiveCfg = Debug|Any CPU
		{DDB865D4-B878-42ED-AA79-777E659C13E1}.Debug|Any CPU.Build.0 = Debug|Any CPU
		{DDB865D4-B878-42ED-AA79-777E659C13E1}.Debug|ARM.ActiveCfg = Debug|Any CPU
		{DDB865D4-B878-42ED-AA79-777E659C13E1}.Debug|x64.ActiveCfg = Debug|Any CPU
		{DDB865D4-B878-42ED-AA79-777E659C13E1}.Debug|x86.ActiveCfg = Debug|Any CPU
		{DDB865D4-B878-42ED-AA79-777E659C13E1}.DebugCD|Any CPU.ActiveCfg = DebugCD|Any CPU
		{DDB865D4-B878-42ED-AA79-777E659C13E1}.DebugCD|Any CPU.Build.0 = DebugCD|Any CPU
		{DDB865D4-B878-42ED-AA79-777E659C13E1}.DebugCD|ARM.ActiveCfg = DebugCD|Any CPU
		{DDB865D4-B878-42ED-AA79-777E659C13E1}.DebugCD|x64.ActiveCfg = DebugCD|Any CPU
		{DDB865D4-B878-42ED-AA79-777E659C13E1}.DebugCD|x86.ActiveCfg = DebugCD|Any CPU
		{DDB865D4-B878-42ED-AA79-777E659C13E1}.Release_LocalDeployment|Any CPU.ActiveCfg = Release_LocalDeployment|Any CPU
		{DDB865D4-B878-42ED-AA79-777E659C13E1}.Release_LocalDeployment|Any CPU.Build.0 = Release_LocalDeployment|Any CPU
		{DDB865D4-B878-42ED-AA79-777E659C13E1}.Release_LocalDeployment|ARM.ActiveCfg = Release_LocalDeployment|Any CPU
		{DDB865D4-B878-42ED-AA79-777E659C13E1}.Release_LocalDeployment|x64.ActiveCfg = Release_LocalDeployment|Any CPU
		{DDB865D4-B878-42ED-AA79-777E659C13E1}.Release_LocalDeployment|x86.ActiveCfg = Release_LocalDeployment|Any CPU
		{DDB865D4-B878-42ED-AA79-777E659C13E1}.Release|Any CPU.ActiveCfg = Release|Any CPU
		{DDB865D4-B878-42ED-AA79-777E659C13E1}.Release|Any CPU.Build.0 = Release|Any CPU
		{DDB865D4-B878-42ED-AA79-777E659C13E1}.Release|ARM.ActiveCfg = Release|Any CPU
		{DDB865D4-B878-42ED-AA79-777E659C13E1}.Release|x64.ActiveCfg = Release|Any CPU
		{DDB865D4-B878-42ED-AA79-777E659C13E1}.Release|x86.ActiveCfg = Release|Any CPU
		{EAE3304D-D1B3-4D59-ABE3-38C5F296C18A}.Debug|Any CPU.ActiveCfg = Debug|Any CPU
		{EAE3304D-D1B3-4D59-ABE3-38C5F296C18A}.Debug|Any CPU.Build.0 = Debug|Any CPU
		{EAE3304D-D1B3-4D59-ABE3-38C5F296C18A}.Debug|Any CPU.Deploy.0 = Debug|Any CPU
		{EAE3304D-D1B3-4D59-ABE3-38C5F296C18A}.Debug|ARM.ActiveCfg = Debug|ARM
		{EAE3304D-D1B3-4D59-ABE3-38C5F296C18A}.Debug|ARM.Build.0 = Debug|ARM
		{EAE3304D-D1B3-4D59-ABE3-38C5F296C18A}.Debug|ARM.Deploy.0 = Debug|ARM
		{EAE3304D-D1B3-4D59-ABE3-38C5F296C18A}.Debug|x64.ActiveCfg = Debug|x64
		{EAE3304D-D1B3-4D59-ABE3-38C5F296C18A}.Debug|x64.Build.0 = Debug|x64
		{EAE3304D-D1B3-4D59-ABE3-38C5F296C18A}.Debug|x64.Deploy.0 = Debug|x64
		{EAE3304D-D1B3-4D59-ABE3-38C5F296C18A}.Debug|x86.ActiveCfg = Debug|x86
		{EAE3304D-D1B3-4D59-ABE3-38C5F296C18A}.Debug|x86.Build.0 = Debug|x86
		{EAE3304D-D1B3-4D59-ABE3-38C5F296C18A}.Debug|x86.Deploy.0 = Debug|x86
		{EAE3304D-D1B3-4D59-ABE3-38C5F296C18A}.DebugCD|Any CPU.ActiveCfg = DebugCD|Any CPU
		{EAE3304D-D1B3-4D59-ABE3-38C5F296C18A}.DebugCD|ARM.ActiveCfg = DebugCD|ARM
		{EAE3304D-D1B3-4D59-ABE3-38C5F296C18A}.DebugCD|ARM.Build.0 = DebugCD|ARM
		{EAE3304D-D1B3-4D59-ABE3-38C5F296C18A}.DebugCD|ARM.Deploy.0 = DebugCD|ARM
		{EAE3304D-D1B3-4D59-ABE3-38C5F296C18A}.DebugCD|x64.ActiveCfg = DebugCD|x64
		{EAE3304D-D1B3-4D59-ABE3-38C5F296C18A}.DebugCD|x64.Build.0 = DebugCD|x64
		{EAE3304D-D1B3-4D59-ABE3-38C5F296C18A}.DebugCD|x64.Deploy.0 = DebugCD|x64
		{EAE3304D-D1B3-4D59-ABE3-38C5F296C18A}.DebugCD|x86.ActiveCfg = DebugCD|x86
		{EAE3304D-D1B3-4D59-ABE3-38C5F296C18A}.DebugCD|x86.Build.0 = DebugCD|x86
		{EAE3304D-D1B3-4D59-ABE3-38C5F296C18A}.DebugCD|x86.Deploy.0 = DebugCD|x86
		{EAE3304D-D1B3-4D59-ABE3-38C5F296C18A}.Release_LocalDeployment|Any CPU.ActiveCfg = Release_LocalDeployment|Any CPU
		{EAE3304D-D1B3-4D59-ABE3-38C5F296C18A}.Release_LocalDeployment|Any CPU.Deploy.0 = Release_LocalDeployment|Any CPU
		{EAE3304D-D1B3-4D59-ABE3-38C5F296C18A}.Release_LocalDeployment|ARM.ActiveCfg = Release_LocalDeployment|ARM
		{EAE3304D-D1B3-4D59-ABE3-38C5F296C18A}.Release_LocalDeployment|ARM.Deploy.0 = Release_LocalDeployment|ARM
		{EAE3304D-D1B3-4D59-ABE3-38C5F296C18A}.Release_LocalDeployment|x64.ActiveCfg = Release_LocalDeployment|x64
		{EAE3304D-D1B3-4D59-ABE3-38C5F296C18A}.Release_LocalDeployment|x64.Deploy.0 = Release_LocalDeployment|x64
		{EAE3304D-D1B3-4D59-ABE3-38C5F296C18A}.Release_LocalDeployment|x86.ActiveCfg = Release_LocalDeployment|x86
		{EAE3304D-D1B3-4D59-ABE3-38C5F296C18A}.Release_LocalDeployment|x86.Deploy.0 = Release_LocalDeployment|x86
		{EAE3304D-D1B3-4D59-ABE3-38C5F296C18A}.Release|Any CPU.ActiveCfg = Release|Any CPU
		{EAE3304D-D1B3-4D59-ABE3-38C5F296C18A}.Release|ARM.ActiveCfg = Release|ARM
		{EAE3304D-D1B3-4D59-ABE3-38C5F296C18A}.Release|ARM.Build.0 = Release|ARM
		{EAE3304D-D1B3-4D59-ABE3-38C5F296C18A}.Release|ARM.Deploy.0 = Release|ARM
		{EAE3304D-D1B3-4D59-ABE3-38C5F296C18A}.Release|x64.ActiveCfg = Release|x64
		{EAE3304D-D1B3-4D59-ABE3-38C5F296C18A}.Release|x64.Build.0 = Release|x64
		{EAE3304D-D1B3-4D59-ABE3-38C5F296C18A}.Release|x64.Deploy.0 = Release|x64
		{EAE3304D-D1B3-4D59-ABE3-38C5F296C18A}.Release|x86.ActiveCfg = Release|x86
		{EAE3304D-D1B3-4D59-ABE3-38C5F296C18A}.Release|x86.Build.0 = Release|x86
		{EAE3304D-D1B3-4D59-ABE3-38C5F296C18A}.Release|x86.Deploy.0 = Release|x86
		{A3C6B47C-91FA-4311-AD34-BEB2E5969F84}.Debug|Any CPU.ActiveCfg = Debug|Any CPU
		{A3C6B47C-91FA-4311-AD34-BEB2E5969F84}.Debug|Any CPU.Build.0 = Debug|Any CPU
		{A3C6B47C-91FA-4311-AD34-BEB2E5969F84}.Debug|ARM.ActiveCfg = Debug|Any CPU
		{A3C6B47C-91FA-4311-AD34-BEB2E5969F84}.Debug|x64.ActiveCfg = Debug|Any CPU
		{A3C6B47C-91FA-4311-AD34-BEB2E5969F84}.Debug|x86.ActiveCfg = Debug|Any CPU
		{A3C6B47C-91FA-4311-AD34-BEB2E5969F84}.DebugCD|Any CPU.ActiveCfg = Debug|Any CPU
		{A3C6B47C-91FA-4311-AD34-BEB2E5969F84}.DebugCD|Any CPU.Build.0 = Debug|Any CPU
		{A3C6B47C-91FA-4311-AD34-BEB2E5969F84}.DebugCD|ARM.ActiveCfg = Debug|Any CPU
		{A3C6B47C-91FA-4311-AD34-BEB2E5969F84}.DebugCD|x64.ActiveCfg = Debug|Any CPU
		{A3C6B47C-91FA-4311-AD34-BEB2E5969F84}.DebugCD|x86.ActiveCfg = Debug|Any CPU
		{A3C6B47C-91FA-4311-AD34-BEB2E5969F84}.Release_LocalDeployment|Any CPU.ActiveCfg = Release_LocalDeployment|Any CPU
		{A3C6B47C-91FA-4311-AD34-BEB2E5969F84}.Release_LocalDeployment|Any CPU.Build.0 = Release_LocalDeployment|Any CPU
		{A3C6B47C-91FA-4311-AD34-BEB2E5969F84}.Release_LocalDeployment|ARM.ActiveCfg = Release_LocalDeployment|Any CPU
		{A3C6B47C-91FA-4311-AD34-BEB2E5969F84}.Release_LocalDeployment|x64.ActiveCfg = Release_LocalDeployment|Any CPU
		{A3C6B47C-91FA-4311-AD34-BEB2E5969F84}.Release_LocalDeployment|x86.ActiveCfg = Release_LocalDeployment|Any CPU
		{A3C6B47C-91FA-4311-AD34-BEB2E5969F84}.Release|Any CPU.ActiveCfg = Release|Any CPU
		{A3C6B47C-91FA-4311-AD34-BEB2E5969F84}.Release|Any CPU.Build.0 = Release|Any CPU
		{A3C6B47C-91FA-4311-AD34-BEB2E5969F84}.Release|ARM.ActiveCfg = Release|Any CPU
		{A3C6B47C-91FA-4311-AD34-BEB2E5969F84}.Release|x64.ActiveCfg = Release|Any CPU
		{A3C6B47C-91FA-4311-AD34-BEB2E5969F84}.Release|x86.ActiveCfg = Release|Any CPU
		{B80CC13B-717D-4414-A3EA-E08F0F44F401}.Debug|Any CPU.ActiveCfg = Debug|Any CPU
		{B80CC13B-717D-4414-A3EA-E08F0F44F401}.Debug|Any CPU.Build.0 = Debug|Any CPU
		{B80CC13B-717D-4414-A3EA-E08F0F44F401}.Debug|ARM.ActiveCfg = Debug|Any CPU
		{B80CC13B-717D-4414-A3EA-E08F0F44F401}.Debug|x64.ActiveCfg = Debug|Any CPU
		{B80CC13B-717D-4414-A3EA-E08F0F44F401}.Debug|x86.ActiveCfg = Debug|Any CPU
		{B80CC13B-717D-4414-A3EA-E08F0F44F401}.DebugCD|Any CPU.ActiveCfg = Debug|Any CPU
		{B80CC13B-717D-4414-A3EA-E08F0F44F401}.DebugCD|Any CPU.Build.0 = Debug|Any CPU
		{B80CC13B-717D-4414-A3EA-E08F0F44F401}.DebugCD|ARM.ActiveCfg = Debug|Any CPU
		{B80CC13B-717D-4414-A3EA-E08F0F44F401}.DebugCD|x64.ActiveCfg = Debug|Any CPU
		{B80CC13B-717D-4414-A3EA-E08F0F44F401}.DebugCD|x86.ActiveCfg = Debug|Any CPU
		{B80CC13B-717D-4414-A3EA-E08F0F44F401}.Release_LocalDeployment|Any CPU.ActiveCfg = Release_LocalDeployment|Any CPU
		{B80CC13B-717D-4414-A3EA-E08F0F44F401}.Release_LocalDeployment|Any CPU.Build.0 = Release_LocalDeployment|Any CPU
		{B80CC13B-717D-4414-A3EA-E08F0F44F401}.Release_LocalDeployment|ARM.ActiveCfg = Release_LocalDeployment|Any CPU
		{B80CC13B-717D-4414-A3EA-E08F0F44F401}.Release_LocalDeployment|x64.ActiveCfg = Release_LocalDeployment|Any CPU
		{B80CC13B-717D-4414-A3EA-E08F0F44F401}.Release_LocalDeployment|x86.ActiveCfg = Release_LocalDeployment|Any CPU
		{B80CC13B-717D-4414-A3EA-E08F0F44F401}.Release|Any CPU.ActiveCfg = Release|Any CPU
		{B80CC13B-717D-4414-A3EA-E08F0F44F401}.Release|Any CPU.Build.0 = Release|Any CPU
		{B80CC13B-717D-4414-A3EA-E08F0F44F401}.Release|ARM.ActiveCfg = Release|Any CPU
		{B80CC13B-717D-4414-A3EA-E08F0F44F401}.Release|x64.ActiveCfg = Release|Any CPU
		{B80CC13B-717D-4414-A3EA-E08F0F44F401}.Release|x86.ActiveCfg = Release|Any CPU
		{16F47EAF-EEDE-4346-91A1-E18AB947AC83}.Debug|Any CPU.ActiveCfg = Debug|Any CPU
		{16F47EAF-EEDE-4346-91A1-E18AB947AC83}.Debug|Any CPU.Build.0 = Debug|Any CPU
		{16F47EAF-EEDE-4346-91A1-E18AB947AC83}.Debug|ARM.ActiveCfg = Debug|Any CPU
		{16F47EAF-EEDE-4346-91A1-E18AB947AC83}.Debug|x64.ActiveCfg = Debug|Any CPU
		{16F47EAF-EEDE-4346-91A1-E18AB947AC83}.Debug|x86.ActiveCfg = Debug|Any CPU
		{16F47EAF-EEDE-4346-91A1-E18AB947AC83}.DebugCD|Any CPU.ActiveCfg = Debug|Any CPU
		{16F47EAF-EEDE-4346-91A1-E18AB947AC83}.DebugCD|Any CPU.Build.0 = Debug|Any CPU
		{16F47EAF-EEDE-4346-91A1-E18AB947AC83}.DebugCD|ARM.ActiveCfg = Debug|Any CPU
		{16F47EAF-EEDE-4346-91A1-E18AB947AC83}.DebugCD|x64.ActiveCfg = Debug|Any CPU
		{16F47EAF-EEDE-4346-91A1-E18AB947AC83}.DebugCD|x86.ActiveCfg = Debug|Any CPU
		{16F47EAF-EEDE-4346-91A1-E18AB947AC83}.Release_LocalDeployment|Any CPU.ActiveCfg = Release_LocalDeployment|Any CPU
		{16F47EAF-EEDE-4346-91A1-E18AB947AC83}.Release_LocalDeployment|Any CPU.Build.0 = Release_LocalDeployment|Any CPU
		{16F47EAF-EEDE-4346-91A1-E18AB947AC83}.Release_LocalDeployment|ARM.ActiveCfg = Release_LocalDeployment|Any CPU
		{16F47EAF-EEDE-4346-91A1-E18AB947AC83}.Release_LocalDeployment|x64.ActiveCfg = Release_LocalDeployment|Any CPU
		{16F47EAF-EEDE-4346-91A1-E18AB947AC83}.Release_LocalDeployment|x86.ActiveCfg = Release_LocalDeployment|Any CPU
		{16F47EAF-EEDE-4346-91A1-E18AB947AC83}.Release|Any CPU.ActiveCfg = Release|Any CPU
		{16F47EAF-EEDE-4346-91A1-E18AB947AC83}.Release|Any CPU.Build.0 = Release|Any CPU
		{16F47EAF-EEDE-4346-91A1-E18AB947AC83}.Release|ARM.ActiveCfg = Release|Any CPU
		{16F47EAF-EEDE-4346-91A1-E18AB947AC83}.Release|x64.ActiveCfg = Release|Any CPU
		{16F47EAF-EEDE-4346-91A1-E18AB947AC83}.Release|x86.ActiveCfg = Release|Any CPU
	EndGlobalSection
	GlobalSection(SolutionProperties) = preSolution
		HideSolutionNode = FALSE
	EndGlobalSection
	GlobalSection(NestedProjects) = preSolution
		{B48D1C2E-8A39-4008-AEAF-120AEADC4817} = {1B4AD67D-79B3-42DF-B18A-7E16B973D749}
		{EAE3304D-D1B3-4D59-ABE3-38C5F296C18A} = {1B4AD67D-79B3-42DF-B18A-7E16B973D749}
		{A3C6B47C-91FA-4311-AD34-BEB2E5969F84} = {1B4AD67D-79B3-42DF-B18A-7E16B973D749}
		{DEF833F3-4D83-494A-848F-A700B3AD933C} = {1B4AD67D-79B3-42DF-B18A-7E16B973D749}
		{D39FC8F8-E9E3-4888-8323-87F75B04CDC4} = {36513410-E092-46C2-832C-CEA48F255153}
		{05A33938-B402-4A82-8446-3A81CB0F5AA1} = {36513410-E092-46C2-832C-CEA48F255153}
		{A2D2B1B4-A65A-40A1-81B7-2DADA59BB28E} = {36513410-E092-46C2-832C-CEA48F255153}
		{DDB865D4-B878-42ED-AA79-777E659C13E1} = {36513410-E092-46C2-832C-CEA48F255153}
		{B80CC13B-717D-4414-A3EA-E08F0F44F401} = {36513410-E092-46C2-832C-CEA48F255153}
		{0D9AC8C7-B5A6-4DEF-8478-17412E5F2359} = {36513410-E092-46C2-832C-CEA48F255153}
		{16F47EAF-EEDE-4346-91A1-E18AB947AC83} = {36513410-E092-46C2-832C-CEA48F255153}
	EndGlobalSection
	GlobalSection(ExtensibilityGlobals) = postSolution
		EnterpriseLibraryConfigurationToolBinariesPath = packages\Unity.2.1.505.2\lib\NET35
	EndGlobalSection
EndGlobal
