
Microsoft Visual Studio Solution File, Format Version 12.00
# Visual Studio 2013
VisualStudioVersion = 12.0.20617.1 PREVIEW
MinimumVisualStudioVersion = 10.0.40219.1
Project("{8D9C8A9D-5DED-4B64-BF65-B598BA549D93}") = "LightSwitchData-CS", "LightSwitchData-CS\LightSwitchData-CS.lsxproj", "{14578E0C-ED1A-47D2-87C5-A0F5B0555EE1}"
EndProject
Project("{FAE04EC0-301F-11D3-BF4B-00C04F79EFBC}") = "LightSwitchData-CS.Server", "LightSwitchData-CS\LightSwitchData-CS.Server\LightSwitchData-CS.Server.csproj", "{28B9AC03-AA17-42C1-ACDA-682B5C7107FE}"
	ProjectSection(ProjectDependencies) = postProject
		{1948FF27-E95E-4568-B19C-05FD79B1B9BE} = {1948FF27-E95E-4568-B19C-05FD79B1B9BE}
	EndProjectSection
EndProject
Project("{262852C6-CD72-467D-83FE-5EEB1973A190}") = "LightSwitchData-CS.HTMLClient", "LightSwitchData-CS\LightSwitchData-CS.HTMLClient\LightSwitchData-CS.HTMLClient.jsproj", "{1948FF27-E95E-4568-B19C-05FD79B1B9BE}"
EndProject
Project("{00D1A9C2-B5F0-4AF3-8072-F6C62B433612}") = "ZipDatabase", "ZipDatabase\ZipDatabase.sqlproj", "{06F0354E-E6CC-4598-A330-BCA7EE3AE2DD}"
	ProjectSection(ProjectDependencies) = postProject
		{14578E0C-ED1A-47D2-87C5-A0F5B0555EE1} = {14578E0C-ED1A-47D2-87C5-A0F5B0555EE1}
	EndProjectSection
EndProject
Global
	GlobalSection(SolutionConfigurationPlatforms) = preSolution
		Debug|Any CPU = Debug|Any CPU
		Release|Any CPU = Release|Any CPU
	EndGlobalSection
	GlobalSection(ProjectConfigurationPlatforms) = postSolution
		{14578E0C-ED1A-47D2-87C5-A0F5B0555EE1}.Debug|Any CPU.ActiveCfg = Debug|Any CPU
		{14578E0C-ED1A-47D2-87C5-A0F5B0555EE1}.Debug|Any CPU.Build.0 = Debug|Any CPU
		{14578E0C-ED1A-47D2-87C5-A0F5B0555EE1}.Release|Any CPU.ActiveCfg = Release|Any CPU
		{14578E0C-ED1A-47D2-87C5-A0F5B0555EE1}.Release|Any CPU.Build.0 = Release|Any CPU
		{28B9AC03-AA17-42C1-ACDA-682B5C7107FE}.Debug|Any CPU.ActiveCfg = Debug|Any CPU
		{28B9AC03-AA17-42C1-ACDA-682B5C7107FE}.Debug|Any CPU.Build.0 = Debug|Any CPU
		{28B9AC03-AA17-42C1-ACDA-682B5C7107FE}.Release|Any CPU.ActiveCfg = Release|Any CPU
		{28B9AC03-AA17-42C1-ACDA-682B5C7107FE}.Release|Any CPU.Build.0 = Release|Any CPU
		{1948FF27-E95E-4568-B19C-05FD79B1B9BE}.Debug|Any CPU.ActiveCfg = Debug|Any CPU
		{1948FF27-E95E-4568-B19C-05FD79B1B9BE}.Debug|Any CPU.Build.0 = Debug|Any CPU
		{1948FF27-E95E-4568-B19C-05FD79B1B9BE}.Release|Any CPU.ActiveCfg = Release|Any CPU
		{1948FF27-E95E-4568-B19C-05FD79B1B9BE}.Release|Any CPU.Build.0 = Release|Any CPU
		{06F0354E-E6CC-4598-A330-BCA7EE3AE2DD}.Debug|Any CPU.ActiveCfg = Debug|Any CPU
		{06F0354E-E6CC-4598-A330-BCA7EE3AE2DD}.Debug|Any CPU.Build.0 = Debug|Any CPU
		{06F0354E-E6CC-4598-A330-BCA7EE3AE2DD}.Debug|Any CPU.Deploy.0 = Debug|Any CPU
		{06F0354E-E6CC-4598-A330-BCA7EE3AE2DD}.Release|Any CPU.ActiveCfg = Release|Any CPU
		{06F0354E-E6CC-4598-A330-BCA7EE3AE2DD}.Release|Any CPU.Build.0 = Release|Any CPU
		{06F0354E-E6CC-4598-A330-BCA7EE3AE2DD}.Release|Any CPU.Deploy.0 = Release|Any CPU
	EndGlobalSection
	GlobalSection(SolutionProperties) = preSolution
		HideSolutionNode = FALSE
	EndGlobalSection
EndGlobal
