
Microsoft Visual Studio Solution File, Format Version 12.00
# Visual Studio 2012
Project("{FAE04EC0-301F-11D3-BF4B-00C04F79EFBC}") = "BingMapsAR", "BingMapsAR\BingMapsAR.csproj", "{A1AEDF43-C41C-486A-AFBD-D0A1F76B7E17}"
EndProject
Project("{FAE04EC0-301F-11D3-BF4B-00C04F79EFBC}") = "GART.Win8", "GeoARToolkit\Lib\Win8\GART.Win8\GART.Win8.csproj", "{AEB5E2AE-4ADE-45EA-BB17-3AA73EAFD38D}"
EndProject
Project("{FAE04EC0-301F-11D3-BF4B-00C04F79EFBC}") = "BingMapsAR.WP8", "BingMapsAR.WP8\BingMapsAR.WP8.csproj", "{11785A02-73D9-49C9-A453-F01220B20B6F}"
EndProject
Project("{2150E333-8FDC-42A3-9474-1A3956D46DE8}") = "Windows Store", "Windows Store", "{9E20706D-4BED-4618-AA28-FA37306D9EBF}"
EndProject
Project("{2150E333-8FDC-42A3-9474-1A3956D46DE8}") = "Windows Phone", "Windows Phone", "{A0B4F5C8-B8FD-46BA-AA09-3EFA4AE5690D}"
EndProject
Project("{2150E333-8FDC-42A3-9474-1A3956D46DE8}") = "Libraries", "Libraries", "{7B54E45E-56C2-472F-97AE-73E633713708}"
EndProject
Project("{FAE04EC0-301F-11D3-BF4B-00C04F79EFBC}") = "GART.WP7", "GeoARToolkit\Lib\WP7\GART\GART.WP7.csproj", "{CA5A6DE2-803F-4A37-A4BD-5952D63BEEF9}"
EndProject
Project("{FAE04EC0-301F-11D3-BF4B-00C04F79EFBC}") = "GART.WP8", "GeoARToolkit\Lib\WP8\GART\GART.WP8.csproj", "{AA180FA9-7AB0-40D3-B5C4-BEA4A76B0630}"
EndProject
Global
	GlobalSection(SolutionConfigurationPlatforms) = preSolution
		Debug|Any CPU = Debug|Any CPU
		Debug|ARM = Debug|ARM
		Debug|Mixed Platforms = Debug|Mixed Platforms
		Debug|x64 = Debug|x64
		Debug|x86 = Debug|x86
		Release|Any CPU = Release|Any CPU
		Release|ARM = Release|ARM
		Release|Mixed Platforms = Release|Mixed Platforms
		Release|x64 = Release|x64
		Release|x86 = Release|x86
	EndGlobalSection
	GlobalSection(ProjectConfigurationPlatforms) = postSolution
		{A1AEDF43-C41C-486A-AFBD-D0A1F76B7E17}.Debug|Any CPU.ActiveCfg = Debug|x86
		{A1AEDF43-C41C-486A-AFBD-D0A1F76B7E17}.Debug|Any CPU.Build.0 = Debug|x86
		{A1AEDF43-C41C-486A-AFBD-D0A1F76B7E17}.Debug|ARM.ActiveCfg = Debug|ARM
		{A1AEDF43-C41C-486A-AFBD-D0A1F76B7E17}.Debug|ARM.Build.0 = Debug|ARM
		{A1AEDF43-C41C-486A-AFBD-D0A1F76B7E17}.Debug|ARM.Deploy.0 = Debug|ARM
		{A1AEDF43-C41C-486A-AFBD-D0A1F76B7E17}.Debug|Mixed Platforms.ActiveCfg = Debug|x86
		{A1AEDF43-C41C-486A-AFBD-D0A1F76B7E17}.Debug|Mixed Platforms.Build.0 = Debug|x86
		{A1AEDF43-C41C-486A-AFBD-D0A1F76B7E17}.Debug|Mixed Platforms.Deploy.0 = Debug|x86
		{A1AEDF43-C41C-486A-AFBD-D0A1F76B7E17}.Debug|x64.ActiveCfg = Debug|x64
		{A1AEDF43-C41C-486A-AFBD-D0A1F76B7E17}.Debug|x64.Build.0 = Debug|x64
		{A1AEDF43-C41C-486A-AFBD-D0A1F76B7E17}.Debug|x64.Deploy.0 = Debug|x64
		{A1AEDF43-C41C-486A-AFBD-D0A1F76B7E17}.Debug|x86.ActiveCfg = Debug|x86
		{A1AEDF43-C41C-486A-AFBD-D0A1F76B7E17}.Debug|x86.Build.0 = Debug|x86
		{A1AEDF43-C41C-486A-AFBD-D0A1F76B7E17}.Debug|x86.Deploy.0 = Debug|x86
		{A1AEDF43-C41C-486A-AFBD-D0A1F76B7E17}.Release|Any CPU.ActiveCfg = Release|Any CPU
		{A1AEDF43-C41C-486A-AFBD-D0A1F76B7E17}.Release|Any CPU.Build.0 = Release|Any CPU
		{A1AEDF43-C41C-486A-AFBD-D0A1F76B7E17}.Release|Any CPU.Deploy.0 = Release|Any CPU
		{A1AEDF43-C41C-486A-AFBD-D0A1F76B7E17}.Release|ARM.ActiveCfg = Release|ARM
		{A1AEDF43-C41C-486A-AFBD-D0A1F76B7E17}.Release|ARM.Build.0 = Release|ARM
		{A1AEDF43-C41C-486A-AFBD-D0A1F76B7E17}.Release|ARM.Deploy.0 = Release|ARM
		{A1AEDF43-C41C-486A-AFBD-D0A1F76B7E17}.Release|Mixed Platforms.ActiveCfg = Release|x86
		{A1AEDF43-C41C-486A-AFBD-D0A1F76B7E17}.Release|Mixed Platforms.Build.0 = Release|x86
		{A1AEDF43-C41C-486A-AFBD-D0A1F76B7E17}.Release|Mixed Platforms.Deploy.0 = Release|x86
		{A1AEDF43-C41C-486A-AFBD-D0A1F76B7E17}.Release|x64.ActiveCfg = Release|x64
		{A1AEDF43-C41C-486A-AFBD-D0A1F76B7E17}.Release|x64.Build.0 = Release|x64
		{A1AEDF43-C41C-486A-AFBD-D0A1F76B7E17}.Release|x64.Deploy.0 = Release|x64
		{A1AEDF43-C41C-486A-AFBD-D0A1F76B7E17}.Release|x86.ActiveCfg = Release|x86
		{A1AEDF43-C41C-486A-AFBD-D0A1F76B7E17}.Release|x86.Build.0 = Release|x86
		{A1AEDF43-C41C-486A-AFBD-D0A1F76B7E17}.Release|x86.Deploy.0 = Release|x86
		{AEB5E2AE-4ADE-45EA-BB17-3AA73EAFD38D}.Debug|Any CPU.ActiveCfg = Debug|x86
		{AEB5E2AE-4ADE-45EA-BB17-3AA73EAFD38D}.Debug|Any CPU.Build.0 = Debug|x86
		{AEB5E2AE-4ADE-45EA-BB17-3AA73EAFD38D}.Debug|ARM.ActiveCfg = Debug|ARM
		{AEB5E2AE-4ADE-45EA-BB17-3AA73EAFD38D}.Debug|ARM.Build.0 = Debug|ARM
		{AEB5E2AE-4ADE-45EA-BB17-3AA73EAFD38D}.Debug|Mixed Platforms.ActiveCfg = Debug|x86
		{AEB5E2AE-4ADE-45EA-BB17-3AA73EAFD38D}.Debug|Mixed Platforms.Build.0 = Debug|x86
		{AEB5E2AE-4ADE-45EA-BB17-3AA73EAFD38D}.Debug|x64.ActiveCfg = Debug|x64
		{AEB5E2AE-4ADE-45EA-BB17-3AA73EAFD38D}.Debug|x64.Build.0 = Debug|x64
		{AEB5E2AE-4ADE-45EA-BB17-3AA73EAFD38D}.Debug|x86.ActiveCfg = Debug|x86
		{AEB5E2AE-4ADE-45EA-BB17-3AA73EAFD38D}.Debug|x86.Build.0 = Debug|x86
		{AEB5E2AE-4ADE-45EA-BB17-3AA73EAFD38D}.Release|Any CPU.ActiveCfg = Release|Any CPU
		{AEB5E2AE-4ADE-45EA-BB17-3AA73EAFD38D}.Release|Any CPU.Build.0 = Release|Any CPU
		{AEB5E2AE-4ADE-45EA-BB17-3AA73EAFD38D}.Release|ARM.ActiveCfg = Release|ARM
		{AEB5E2AE-4ADE-45EA-BB17-3AA73EAFD38D}.Release|ARM.Build.0 = Release|ARM
		{AEB5E2AE-4ADE-45EA-BB17-3AA73EAFD38D}.Release|Mixed Platforms.ActiveCfg = Release|x86
		{AEB5E2AE-4ADE-45EA-BB17-3AA73EAFD38D}.Release|Mixed Platforms.Build.0 = Release|x86
		{AEB5E2AE-4ADE-45EA-BB17-3AA73EAFD38D}.Release|x64.ActiveCfg = Release|x64
		{AEB5E2AE-4ADE-45EA-BB17-3AA73EAFD38D}.Release|x64.Build.0 = Release|x64
		{AEB5E2AE-4ADE-45EA-BB17-3AA73EAFD38D}.Release|x86.ActiveCfg = Release|x86
		{AEB5E2AE-4ADE-45EA-BB17-3AA73EAFD38D}.Release|x86.Build.0 = Release|x86
		{11785A02-73D9-49C9-A453-F01220B20B6F}.Debug|Any CPU.ActiveCfg = Debug|x86
		{11785A02-73D9-49C9-A453-F01220B20B6F}.Debug|Any CPU.Build.0 = Debug|x86
		{11785A02-73D9-49C9-A453-F01220B20B6F}.Debug|Any CPU.Deploy.0 = Debug|x86
		{11785A02-73D9-49C9-A453-F01220B20B6F}.Debug|ARM.ActiveCfg = Debug|ARM
		{11785A02-73D9-49C9-A453-F01220B20B6F}.Debug|ARM.Build.0 = Debug|ARM
		{11785A02-73D9-49C9-A453-F01220B20B6F}.Debug|ARM.Deploy.0 = Debug|ARM
		{11785A02-73D9-49C9-A453-F01220B20B6F}.Debug|Mixed Platforms.ActiveCfg = Debug|Any CPU
		{11785A02-73D9-49C9-A453-F01220B20B6F}.Debug|Mixed Platforms.Build.0 = Debug|Any CPU
		{11785A02-73D9-49C9-A453-F01220B20B6F}.Debug|Mixed Platforms.Deploy.0 = Debug|Any CPU
		{11785A02-73D9-49C9-A453-F01220B20B6F}.Debug|x64.ActiveCfg = Debug|Any CPU
		{11785A02-73D9-49C9-A453-F01220B20B6F}.Debug|x86.ActiveCfg = Debug|x86
		{11785A02-73D9-49C9-A453-F01220B20B6F}.Debug|x86.Build.0 = Debug|x86
		{11785A02-73D9-49C9-A453-F01220B20B6F}.Debug|x86.Deploy.0 = Debug|x86
		{11785A02-73D9-49C9-A453-F01220B20B6F}.Release|Any CPU.ActiveCfg = Release|Any CPU
		{11785A02-73D9-49C9-A453-F01220B20B6F}.Release|Any CPU.Build.0 = Release|Any CPU
		{11785A02-73D9-49C9-A453-F01220B20B6F}.Release|Any CPU.Deploy.0 = Release|Any CPU
		{11785A02-73D9-49C9-A453-F01220B20B6F}.Release|ARM.ActiveCfg = Release|ARM
		{11785A02-73D9-49C9-A453-F01220B20B6F}.Release|ARM.Build.0 = Release|ARM
		{11785A02-73D9-49C9-A453-F01220B20B6F}.Release|ARM.Deploy.0 = Release|ARM
		{11785A02-73D9-49C9-A453-F01220B20B6F}.Release|Mixed Platforms.ActiveCfg = Release|x86
		{11785A02-73D9-49C9-A453-F01220B20B6F}.Release|Mixed Platforms.Build.0 = Release|x86
		{11785A02-73D9-49C9-A453-F01220B20B6F}.Release|Mixed Platforms.Deploy.0 = Release|x86
		{11785A02-73D9-49C9-A453-F01220B20B6F}.Release|x64.ActiveCfg = Release|Any CPU
		{11785A02-73D9-49C9-A453-F01220B20B6F}.Release|x86.ActiveCfg = Release|x86
		{11785A02-73D9-49C9-A453-F01220B20B6F}.Release|x86.Build.0 = Release|x86
		{11785A02-73D9-49C9-A453-F01220B20B6F}.Release|x86.Deploy.0 = Release|x86
		{CA5A6DE2-803F-4A37-A4BD-5952D63BEEF9}.Debug|Any CPU.ActiveCfg = Debug|Any CPU
		{CA5A6DE2-803F-4A37-A4BD-5952D63BEEF9}.Debug|Any CPU.Build.0 = Debug|Any CPU
		{CA5A6DE2-803F-4A37-A4BD-5952D63BEEF9}.Debug|ARM.ActiveCfg = Debug|Any CPU
		{CA5A6DE2-803F-4A37-A4BD-5952D63BEEF9}.Debug|Mixed Platforms.ActiveCfg = Debug|Any CPU
		{CA5A6DE2-803F-4A37-A4BD-5952D63BEEF9}.Debug|Mixed Platforms.Build.0 = Debug|Any CPU
		{CA5A6DE2-803F-4A37-A4BD-5952D63BEEF9}.Debug|x64.ActiveCfg = Debug|Any CPU
		{CA5A6DE2-803F-4A37-A4BD-5952D63BEEF9}.Debug|x86.ActiveCfg = Debug|Any CPU
		{CA5A6DE2-803F-4A37-A4BD-5952D63BEEF9}.Release|Any CPU.ActiveCfg = Release|Any CPU
		{CA5A6DE2-803F-4A37-A4BD-5952D63BEEF9}.Release|Any CPU.Build.0 = Release|Any CPU
		{CA5A6DE2-803F-4A37-A4BD-5952D63BEEF9}.Release|ARM.ActiveCfg = Release|Any CPU
		{CA5A6DE2-803F-4A37-A4BD-5952D63BEEF9}.Release|Mixed Platforms.ActiveCfg = Release|Any CPU
		{CA5A6DE2-803F-4A37-A4BD-5952D63BEEF9}.Release|Mixed Platforms.Build.0 = Release|Any CPU
		{CA5A6DE2-803F-4A37-A4BD-5952D63BEEF9}.Release|x64.ActiveCfg = Release|Any CPU
		{CA5A6DE2-803F-4A37-A4BD-5952D63BEEF9}.Release|x86.ActiveCfg = Release|Any CPU
		{AA180FA9-7AB0-40D3-B5C4-BEA4A76B0630}.Debug|Any CPU.ActiveCfg = Debug|x86
		{AA180FA9-7AB0-40D3-B5C4-BEA4A76B0630}.Debug|Any CPU.Build.0 = Debug|x86
		{AA180FA9-7AB0-40D3-B5C4-BEA4A76B0630}.Debug|ARM.ActiveCfg = Debug|ARM
		{AA180FA9-7AB0-40D3-B5C4-BEA4A76B0630}.Debug|ARM.Build.0 = Debug|ARM
		{AA180FA9-7AB0-40D3-B5C4-BEA4A76B0630}.Debug|Mixed Platforms.ActiveCfg = Debug|x86
		{AA180FA9-7AB0-40D3-B5C4-BEA4A76B0630}.Debug|Mixed Platforms.Build.0 = Debug|x86
		{AA180FA9-7AB0-40D3-B5C4-BEA4A76B0630}.Debug|x64.ActiveCfg = Debug|x86
		{AA180FA9-7AB0-40D3-B5C4-BEA4A76B0630}.Debug|x86.ActiveCfg = Debug|x86
		{AA180FA9-7AB0-40D3-B5C4-BEA4A76B0630}.Debug|x86.Build.0 = Debug|x86
		{AA180FA9-7AB0-40D3-B5C4-BEA4A76B0630}.Release|Any CPU.ActiveCfg = Release|x86
		{AA180FA9-7AB0-40D3-B5C4-BEA4A76B0630}.Release|ARM.ActiveCfg = Release|ARM
		{AA180FA9-7AB0-40D3-B5C4-BEA4A76B0630}.Release|ARM.Build.0 = Release|ARM
		{AA180FA9-7AB0-40D3-B5C4-BEA4A76B0630}.Release|Mixed Platforms.ActiveCfg = Release|x86
		{AA180FA9-7AB0-40D3-B5C4-BEA4A76B0630}.Release|Mixed Platforms.Build.0 = Release|x86
		{AA180FA9-7AB0-40D3-B5C4-BEA4A76B0630}.Release|x64.ActiveCfg = Release|x86
		{AA180FA9-7AB0-40D3-B5C4-BEA4A76B0630}.Release|x86.ActiveCfg = Release|x86
		{AA180FA9-7AB0-40D3-B5C4-BEA4A76B0630}.Release|x86.Build.0 = Release|x86
	EndGlobalSection
	GlobalSection(SolutionProperties) = preSolution
		HideSolutionNode = FALSE
	EndGlobalSection
	GlobalSection(NestedProjects) = preSolution
		{A1AEDF43-C41C-486A-AFBD-D0A1F76B7E17} = {9E20706D-4BED-4618-AA28-FA37306D9EBF}
		{AEB5E2AE-4ADE-45EA-BB17-3AA73EAFD38D} = {7B54E45E-56C2-472F-97AE-73E633713708}
		{CA5A6DE2-803F-4A37-A4BD-5952D63BEEF9} = {7B54E45E-56C2-472F-97AE-73E633713708}
		{AA180FA9-7AB0-40D3-B5C4-BEA4A76B0630} = {7B54E45E-56C2-472F-97AE-73E633713708}
		{11785A02-73D9-49C9-A453-F01220B20B6F} = {A0B4F5C8-B8FD-46BA-AA09-3EFA4AE5690D}
	EndGlobalSection
EndGlobal
